
Microsoft Visual Studio Solution File, Format Version 12.00
# Visual Studio 2013
VisualStudioVersion = 12.0.31101.0
MinimumVisualStudioVersion = 10.0.40219.1
Project("{FAE04EC0-301F-11D3-BF4B-00C04F79EFBC}") = "ScrollViewLimitSample", "ScrollViewLimitSample\ScrollViewLimitSample\ScrollViewLimitSample.csproj", "{166B31A2-2A5A-4780-89F9-6C31C8D5A30D}"
EndProject
Project("{FAE04EC0-301F-11D3-BF4B-00C04F79EFBC}") = "ScrollViewLimitSample.iOS", "ScrollViewLimitSample\ScrollViewLimitSample.iOS\ScrollViewLimitSample.iOS.csproj", "{BA634C16-5464-4524-8160-EF002984472E}"
EndProject
Project("{FAE04EC0-301F-11D3-BF4B-00C04F79EFBC}") = "ScrollViewLimitSample.Droid", "ScrollViewLimitSample\ScrollViewLimitSample.Droid\ScrollViewLimitSample.Droid.csproj", "{4C85E183-B2E8-4B23-8C9C-86019F813C7A}"
EndProject
Project("{FAE04EC0-301F-11D3-BF4B-00C04F79EFBC}") = "ScrollViewLimitSample.WinPhone", "ScrollViewLimitSample\ScrollViewLimitSample.WinPhone\ScrollViewLimitSample.WinPhone.csproj", "{769720F2-5A29-4117-81D8-B2CF3FED8D99}"
EndProject
Global
	GlobalSection(SolutionConfigurationPlatforms) = preSolution
		Ad-Hoc|Any CPU = Ad-Hoc|Any CPU
		Ad-Hoc|ARM = Ad-Hoc|ARM
		Ad-Hoc|iPhone = Ad-Hoc|iPhone
		Ad-Hoc|iPhoneSimulator = Ad-Hoc|iPhoneSimulator
		Ad-Hoc|Mixed Platforms = Ad-Hoc|Mixed Platforms
		Ad-Hoc|x86 = Ad-Hoc|x86
		AppStore|Any CPU = AppStore|Any CPU
		AppStore|ARM = AppStore|ARM
		AppStore|iPhone = AppStore|iPhone
		AppStore|iPhoneSimulator = AppStore|iPhoneSimulator
		AppStore|Mixed Platforms = AppStore|Mixed Platforms
		AppStore|x86 = AppStore|x86
		Debug|Any CPU = Debug|Any CPU
		Debug|ARM = Debug|ARM
		Debug|iPhone = Debug|iPhone
		Debug|iPhoneSimulator = Debug|iPhoneSimulator
		Debug|Mixed Platforms = Debug|Mixed Platforms
		Debug|x86 = Debug|x86
		Release|Any CPU = Release|Any CPU
		Release|ARM = Release|ARM
		Release|iPhone = Release|iPhone
		Release|iPhoneSimulator = Release|iPhoneSimulator
		Release|Mixed Platforms = Release|Mixed Platforms
		Release|x86 = Release|x86
	EndGlobalSection
	GlobalSection(ProjectConfigurationPlatforms) = postSolution
		{166B31A2-2A5A-4780-89F9-6C31C8D5A30D}.Ad-Hoc|Any CPU.ActiveCfg = Release|Any CPU
		{166B31A2-2A5A-4780-89F9-6C31C8D5A30D}.Ad-Hoc|Any CPU.Build.0 = Release|Any CPU
		{166B31A2-2A5A-4780-89F9-6C31C8D5A30D}.Ad-Hoc|ARM.ActiveCfg = Release|Any CPU
		{166B31A2-2A5A-4780-89F9-6C31C8D5A30D}.Ad-Hoc|iPhone.ActiveCfg = Release|Any CPU
		{166B31A2-2A5A-4780-89F9-6C31C8D5A30D}.Ad-Hoc|iPhoneSimulator.ActiveCfg = Release|Any CPU
		{166B31A2-2A5A-4780-89F9-6C31C8D5A30D}.Ad-Hoc|Mixed Platforms.ActiveCfg = Release|Any CPU
		{166B31A2-2A5A-4780-89F9-6C31C8D5A30D}.Ad-Hoc|Mixed Platforms.Build.0 = Release|Any CPU
		{166B31A2-2A5A-4780-89F9-6C31C8D5A30D}.Ad-Hoc|x86.ActiveCfg = Release|Any CPU
		{166B31A2-2A5A-4780-89F9-6C31C8D5A30D}.AppStore|Any CPU.ActiveCfg = Release|Any CPU
		{166B31A2-2A5A-4780-89F9-6C31C8D5A30D}.AppStore|Any CPU.Build.0 = Release|Any CPU
		{166B31A2-2A5A-4780-89F9-6C31C8D5A30D}.AppStore|ARM.ActiveCfg = Release|Any CPU
		{166B31A2-2A5A-4780-89F9-6C31C8D5A30D}.AppStore|iPhone.ActiveCfg = Release|Any CPU
		{166B31A2-2A5A-4780-89F9-6C31C8D5A30D}.AppStore|iPhoneSimulator.ActiveCfg = Release|Any CPU
		{166B31A2-2A5A-4780-89F9-6C31C8D5A30D}.AppStore|Mixed Platforms.ActiveCfg = Release|Any CPU
		{166B31A2-2A5A-4780-89F9-6C31C8D5A30D}.AppStore|Mixed Platforms.Build.0 = Release|Any CPU
		{166B31A2-2A5A-4780-89F9-6C31C8D5A30D}.AppStore|x86.ActiveCfg = Release|Any CPU
		{166B31A2-2A5A-4780-89F9-6C31C8D5A30D}.Debug|Any CPU.ActiveCfg = Debug|Any CPU
		{166B31A2-2A5A-4780-89F9-6C31C8D5A30D}.Debug|Any CPU.Build.0 = Debug|Any CPU
		{166B31A2-2A5A-4780-89F9-6C31C8D5A30D}.Debug|ARM.ActiveCfg = Debug|Any CPU
		{166B31A2-2A5A-4780-89F9-6C31C8D5A30D}.Debug|iPhone.ActiveCfg = Debug|Any CPU
		{166B31A2-2A5A-4780-89F9-6C31C8D5A30D}.Debug|iPhoneSimulator.ActiveCfg = Debug|Any CPU
		{166B31A2-2A5A-4780-89F9-6C31C8D5A30D}.Debug|Mixed Platforms.ActiveCfg = Debug|Any CPU
		{166B31A2-2A5A-4780-89F9-6C31C8D5A30D}.Debug|Mixed Platforms.Build.0 = Debug|Any CPU
		{166B31A2-2A5A-4780-89F9-6C31C8D5A30D}.Debug|x86.ActiveCfg = Debug|Any CPU
		{166B31A2-2A5A-4780-89F9-6C31C8D5A30D}.Release|Any CPU.ActiveCfg = Release|Any CPU
		{166B31A2-2A5A-4780-89F9-6C31C8D5A30D}.Release|Any CPU.Build.0 = Release|Any CPU
		{166B31A2-2A5A-4780-89F9-6C31C8D5A30D}.Release|ARM.ActiveCfg = Release|Any CPU
		{166B31A2-2A5A-4780-89F9-6C31C8D5A30D}.Release|iPhone.ActiveCfg = Release|Any CPU
		{166B31A2-2A5A-4780-89F9-6C31C8D5A30D}.Release|iPhoneSimulator.ActiveCfg = Release|Any CPU
		{166B31A2-2A5A-4780-89F9-6C31C8D5A30D}.Release|Mixed Platforms.ActiveCfg = Release|Any CPU
		{166B31A2-2A5A-4780-89F9-6C31C8D5A30D}.Release|Mixed Platforms.Build.0 = Release|Any CPU
		{166B31A2-2A5A-4780-89F9-6C31C8D5A30D}.Release|x86.ActiveCfg = Release|Any CPU
		{BA634C16-5464-4524-8160-EF002984472E}.Ad-Hoc|Any CPU.ActiveCfg = Ad-Hoc|iPhone
		{BA634C16-5464-4524-8160-EF002984472E}.Ad-Hoc|ARM.ActiveCfg = Ad-Hoc|iPhone
		{BA634C16-5464-4524-8160-EF002984472E}.Ad-Hoc|iPhone.ActiveCfg = Ad-Hoc|iPhone
		{BA634C16-5464-4524-8160-EF002984472E}.Ad-Hoc|iPhone.Build.0 = Ad-Hoc|iPhone
		{BA634C16-5464-4524-8160-EF002984472E}.Ad-Hoc|iPhoneSimulator.ActiveCfg = Ad-Hoc|iPhoneSimulator
		{BA634C16-5464-4524-8160-EF002984472E}.Ad-Hoc|iPhoneSimulator.Build.0 = Ad-Hoc|iPhoneSimulator
		{BA634C16-5464-4524-8160-EF002984472E}.Ad-Hoc|Mixed Platforms.ActiveCfg = Ad-Hoc|iPhone
		{BA634C16-5464-4524-8160-EF002984472E}.Ad-Hoc|Mixed Platforms.Build.0 = Ad-Hoc|iPhone
		{BA634C16-5464-4524-8160-EF002984472E}.Ad-Hoc|x86.ActiveCfg = Ad-Hoc|iPhone
		{BA634C16-5464-4524-8160-EF002984472E}.AppStore|Any CPU.ActiveCfg = AppStore|iPhone
		{BA634C16-5464-4524-8160-EF002984472E}.AppStore|ARM.ActiveCfg = AppStore|iPhone
		{BA634C16-5464-4524-8160-EF002984472E}.AppStore|iPhone.ActiveCfg = AppStore|iPhone
		{BA634C16-5464-4524-8160-EF002984472E}.AppStore|iPhone.Build.0 = AppStore|iPhone
		{BA634C16-5464-4524-8160-EF002984472E}.AppStore|iPhoneSimulator.ActiveCfg = AppStore|iPhoneSimulator
		{BA634C16-5464-4524-8160-EF002984472E}.AppStore|iPhoneSimulator.Build.0 = AppStore|iPhoneSimulator
		{BA634C16-5464-4524-8160-EF002984472E}.AppStore|Mixed Platforms.ActiveCfg = AppStore|iPhone
		{BA634C16-5464-4524-8160-EF002984472E}.AppStore|Mixed Platforms.Build.0 = AppStore|iPhone
		{BA634C16-5464-4524-8160-EF002984472E}.AppStore|x86.ActiveCfg = AppStore|iPhone
		{BA634C16-5464-4524-8160-EF002984472E}.Debug|Any CPU.ActiveCfg = Debug|iPhone
		{BA634C16-5464-4524-8160-EF002984472E}.Debug|ARM.ActiveCfg = Debug|iPhone
		{BA634C16-5464-4524-8160-EF002984472E}.Debug|iPhone.ActiveCfg = Debug|iPhone
		{BA634C16-5464-4524-8160-EF002984472E}.Debug|iPhone.Build.0 = Debug|iPhone
		{BA634C16-5464-4524-8160-EF002984472E}.Debug|iPhoneSimulator.ActiveCfg = Debug|iPhoneSimulator
		{BA634C16-5464-4524-8160-EF002984472E}.Debug|iPhoneSimulator.Build.0 = Debug|iPhoneSimulator
		{BA634C16-5464-4524-8160-EF002984472E}.Debug|Mixed Platforms.ActiveCfg = Debug|iPhone
		{BA634C16-5464-4524-8160-EF002984472E}.Debug|Mixed Platforms.Build.0 = Debug|iPhone
		{BA634C16-5464-4524-8160-EF002984472E}.Debug|x86.ActiveCfg = Debug|iPhone
		{BA634C16-5464-4524-8160-EF002984472E}.Release|Any CPU.ActiveCfg = Release|iPhone
		{BA634C16-5464-4524-8160-EF002984472E}.Release|ARM.ActiveCfg = Release|iPhone
		{BA634C16-5464-4524-8160-EF002984472E}.Release|iPhone.ActiveCfg = Release|iPhone
		{BA634C16-5464-4524-8160-EF002984472E}.Release|iPhone.Build.0 = Release|iPhone
		{BA634C16-5464-4524-8160-EF002984472E}.Release|iPhoneSimulator.ActiveCfg = Release|iPhoneSimulator
		{BA634C16-5464-4524-8160-EF002984472E}.Release|iPhoneSimulator.Build.0 = Release|iPhoneSimulator
		{BA634C16-5464-4524-8160-EF002984472E}.Release|Mixed Platforms.ActiveCfg = Release|iPhone
		{BA634C16-5464-4524-8160-EF002984472E}.Release|Mixed Platforms.Build.0 = Release|iPhone
		{BA634C16-5464-4524-8160-EF002984472E}.Release|x86.ActiveCfg = Release|iPhone
		{4C85E183-B2E8-4B23-8C9C-86019F813C7A}.Ad-Hoc|Any CPU.ActiveCfg = Release|Any CPU
		{4C85E183-B2E8-4B23-8C9C-86019F813C7A}.Ad-Hoc|Any CPU.Build.0 = Release|Any CPU
		{4C85E183-B2E8-4B23-8C9C-86019F813C7A}.Ad-Hoc|Any CPU.Deploy.0 = Release|Any CPU
		{4C85E183-B2E8-4B23-8C9C-86019F813C7A}.Ad-Hoc|ARM.ActiveCfg = Release|Any CPU
		{4C85E183-B2E8-4B23-8C9C-86019F813C7A}.Ad-Hoc|iPhone.ActiveCfg = Release|Any CPU
		{4C85E183-B2E8-4B23-8C9C-86019F813C7A}.Ad-Hoc|iPhoneSimulator.ActiveCfg = Release|Any CPU
		{4C85E183-B2E8-4B23-8C9C-86019F813C7A}.Ad-Hoc|Mixed Platforms.ActiveCfg = Release|Any CPU
		{4C85E183-B2E8-4B23-8C9C-86019F813C7A}.Ad-Hoc|Mixed Platforms.Build.0 = Release|Any CPU
		{4C85E183-B2E8-4B23-8C9C-86019F813C7A}.Ad-Hoc|Mixed Platforms.Deploy.0 = Release|Any CPU
		{4C85E183-B2E8-4B23-8C9C-86019F813C7A}.Ad-Hoc|x86.ActiveCfg = Release|Any CPU
		{4C85E183-B2E8-4B23-8C9C-86019F813C7A}.AppStore|Any CPU.ActiveCfg = Release|Any CPU
		{4C85E183-B2E8-4B23-8C9C-86019F813C7A}.AppStore|Any CPU.Build.0 = Release|Any CPU
		{4C85E183-B2E8-4B23-8C9C-86019F813C7A}.AppStore|Any CPU.Deploy.0 = Release|Any CPU
		{4C85E183-B2E8-4B23-8C9C-86019F813C7A}.AppStore|ARM.ActiveCfg = Release|Any CPU
		{4C85E183-B2E8-4B23-8C9C-86019F813C7A}.AppStore|iPhone.ActiveCfg = Release|Any CPU
		{4C85E183-B2E8-4B23-8C9C-86019F813C7A}.AppStore|iPhoneSimulator.ActiveCfg = Release|Any CPU
		{4C85E183-B2E8-4B23-8C9C-86019F813C7A}.AppStore|Mixed Platforms.ActiveCfg = Release|Any CPU
		{4C85E183-B2E8-4B23-8C9C-86019F813C7A}.AppStore|Mixed Platforms.Build.0 = Release|Any CPU
		{4C85E183-B2E8-4B23-8C9C-86019F813C7A}.AppStore|Mixed Platforms.Deploy.0 = Release|Any CPU
		{4C85E183-B2E8-4B23-8C9C-86019F813C7A}.AppStore|x86.ActiveCfg = Release|Any CPU
		{4C85E183-B2E8-4B23-8C9C-86019F813C7A}.Debug|Any CPU.ActiveCfg = Debug|Any CPU
		{4C85E183-B2E8-4B23-8C9C-86019F813C7A}.Debug|Any CPU.Build.0 = Debug|Any CPU
		{4C85E183-B2E8-4B23-8C9C-86019F813C7A}.Debug|Any CPU.Deploy.0 = Debug|Any CPU
		{4C85E183-B2E8-4B23-8C9C-86019F813C7A}.Debug|ARM.ActiveCfg = Debug|Any CPU
		{4C85E183-B2E8-4B23-8C9C-86019F813C7A}.Debug|iPhone.ActiveCfg = Debug|Any CPU
		{4C85E183-B2E8-4B23-8C9C-86019F813C7A}.Debug|iPhoneSimulator.ActiveCfg = Debug|Any CPU
		{4C85E183-B2E8-4B23-8C9C-86019F813C7A}.Debug|Mixed Platforms.ActiveCfg = Debug|Any CPU
		{4C85E183-B2E8-4B23-8C9C-86019F813C7A}.Debug|Mixed Platforms.Build.0 = Debug|Any CPU
		{4C85E183-B2E8-4B23-8C9C-86019F813C7A}.Debug|Mixed Platforms.Deploy.0 = Debug|Any CPU
		{4C85E183-B2E8-4B23-8C9C-86019F813C7A}.Debug|x86.ActiveCfg = Debug|Any CPU
		{4C85E183-B2E8-4B23-8C9C-86019F813C7A}.Release|Any CPU.ActiveCfg = Release|Any CPU
		{4C85E183-B2E8-4B23-8C9C-86019F813C7A}.Release|Any CPU.Build.0 = Release|Any CPU
		{4C85E183-B2E8-4B23-8C9C-86019F813C7A}.Release|Any CPU.Deploy.0 = Release|Any CPU
		{4C85E183-B2E8-4B23-8C9C-86019F813C7A}.Release|ARM.ActiveCfg = Release|Any CPU
		{4C85E183-B2E8-4B23-8C9C-86019F813C7A}.Release|iPhone.ActiveCfg = Release|Any CPU
		{4C85E183-B2E8-4B23-8C9C-86019F813C7A}.Release|iPhoneSimulator.ActiveCfg = Release|Any CPU
		{4C85E183-B2E8-4B23-8C9C-86019F813C7A}.Release|Mixed Platforms.ActiveCfg = Release|Any CPU
		{4C85E183-B2E8-4B23-8C9C-86019F813C7A}.Release|Mixed Platforms.Build.0 = Release|Any CPU
		{4C85E183-B2E8-4B23-8C9C-86019F813C7A}.Release|Mixed Platforms.Deploy.0 = Release|Any CPU
		{4C85E183-B2E8-4B23-8C9C-86019F813C7A}.Release|x86.ActiveCfg = Release|Any CPU
		{769720F2-5A29-4117-81D8-B2CF3FED8D99}.Ad-Hoc|Any CPU.ActiveCfg = Release|Any CPU
		{769720F2-5A29-4117-81D8-B2CF3FED8D99}.Ad-Hoc|Any CPU.Build.0 = Release|Any CPU
		{769720F2-5A29-4117-81D8-B2CF3FED8D99}.Ad-Hoc|Any CPU.Deploy.0 = Release|Any CPU
		{769720F2-5A29-4117-81D8-B2CF3FED8D99}.Ad-Hoc|ARM.ActiveCfg = Release|ARM
		{769720F2-5A29-4117-81D8-B2CF3FED8D99}.Ad-Hoc|ARM.Build.0 = Release|ARM
		{769720F2-5A29-4117-81D8-B2CF3FED8D99}.Ad-Hoc|ARM.Deploy.0 = Release|ARM
		{769720F2-5A29-4117-81D8-B2CF3FED8D99}.Ad-Hoc|iPhone.ActiveCfg = Release|Any CPU
		{769720F2-5A29-4117-81D8-B2CF3FED8D99}.Ad-Hoc|iPhoneSimulator.ActiveCfg = Release|Any CPU
		{769720F2-5A29-4117-81D8-B2CF3FED8D99}.Ad-Hoc|Mixed Platforms.ActiveCfg = Release|x86
		{769720F2-5A29-4117-81D8-B2CF3FED8D99}.Ad-Hoc|Mixed Platforms.Build.0 = Release|x86
		{769720F2-5A29-4117-81D8-B2CF3FED8D99}.Ad-Hoc|Mixed Platforms.Deploy.0 = Release|x86
		{769720F2-5A29-4117-81D8-B2CF3FED8D99}.Ad-Hoc|x86.ActiveCfg = Release|x86
		{769720F2-5A29-4117-81D8-B2CF3FED8D99}.Ad-Hoc|x86.Build.0 = Release|x86
		{769720F2-5A29-4117-81D8-B2CF3FED8D99}.Ad-Hoc|x86.Deploy.0 = Release|x86
		{769720F2-5A29-4117-81D8-B2CF3FED8D99}.AppStore|Any CPU.ActiveCfg = Release|Any CPU
		{769720F2-5A29-4117-81D8-B2CF3FED8D99}.AppStore|Any CPU.Build.0 = Release|Any CPU
		{769720F2-5A29-4117-81D8-B2CF3FED8D99}.AppStore|Any CPU.Deploy.0 = Release|Any CPU
		{769720F2-5A29-4117-81D8-B2CF3FED8D99}.AppStore|ARM.ActiveCfg = Release|ARM
		{769720F2-5A29-4117-81D8-B2CF3FED8D99}.AppStore|ARM.Build.0 = Release|ARM
		{769720F2-5A29-4117-81D8-B2CF3FED8D99}.AppStore|ARM.Deploy.0 = Release|ARM
		{769720F2-5A29-4117-81D8-B2CF3FED8D99}.AppStore|iPhone.ActiveCfg = Release|Any CPU
		{769720F2-5A29-4117-81D8-B2CF3FED8D99}.AppStore|iPhoneSimulator.ActiveCfg = Release|Any CPU
		{769720F2-5A29-4117-81D8-B2CF3FED8D99}.AppStore|Mixed Platforms.ActiveCfg = Release|x86
		{769720F2-5A29-4117-81D8-B2CF3FED8D99}.AppStore|Mixed Platforms.Build.0 = Release|x86
		{769720F2-5A29-4117-81D8-B2CF3FED8D99}.AppStore|Mixed Platforms.Deploy.0 = Release|x86
		{769720F2-5A29-4117-81D8-B2CF3FED8D99}.AppStore|x86.ActiveCfg = Release|x86
		{769720F2-5A29-4117-81D8-B2CF3FED8D99}.AppStore|x86.Build.0 = Release|x86
		{769720F2-5A29-4117-81D8-B2CF3FED8D99}.AppStore|x86.Deploy.0 = Release|x86
		{769720F2-5A29-4117-81D8-B2CF3FED8D99}.Debug|Any CPU.ActiveCfg = Debug|Any CPU
		{769720F2-5A29-4117-81D8-B2CF3FED8D99}.Debug|Any CPU.Build.0 = Debug|Any CPU
		{769720F2-5A29-4117-81D8-B2CF3FED8D99}.Debug|Any CPU.Deploy.0 = Debug|Any CPU
		{769720F2-5A29-4117-81D8-B2CF3FED8D99}.Debug|ARM.ActiveCfg = Debug|ARM
		{769720F2-5A29-4117-81D8-B2CF3FED8D99}.Debug|ARM.Build.0 = Debug|ARM
		{769720F2-5A29-4117-81D8-B2CF3FED8D99}.Debug|ARM.Deploy.0 = Debug|ARM
		{769720F2-5A29-4117-81D8-B2CF3FED8D99}.Debug|iPhone.ActiveCfg = Debug|Any CPU
		{769720F2-5A29-4117-81D8-B2CF3FED8D99}.Debug|iPhoneSimulator.ActiveCfg = Debug|Any CPU
		{769720F2-5A29-4117-81D8-B2CF3FED8D99}.Debug|Mixed Platforms.ActiveCfg = Debug|x86
		{769720F2-5A29-4117-81D8-B2CF3FED8D99}.Debug|Mixed Platforms.Build.0 = Debug|x86
		{769720F2-5A29-4117-81D8-B2CF3FED8D99}.Debug|Mixed Platforms.Deploy.0 = Debug|x86
		{769720F2-5A29-4117-81D8-B2CF3FED8D99}.Debug|x86.ActiveCfg = Debug|x86
		{769720F2-5A29-4117-81D8-B2CF3FED8D99}.Debug|x86.Build.0 = Debug|x86
		{769720F2-5A29-4117-81D8-B2CF3FED8D99}.Debug|x86.Deploy.0 = Debug|x86
		{769720F2-5A29-4117-81D8-B2CF3FED8D99}.Release|Any CPU.ActiveCfg = Release|Any CPU
		{769720F2-5A29-4117-81D8-B2CF3FED8D99}.Release|Any CPU.Build.0 = Release|Any CPU
		{769720F2-5A29-4117-81D8-B2CF3FED8D99}.Release|Any CPU.Deploy.0 = Release|Any CPU
		{769720F2-5A29-4117-81D8-B2CF3FED8D99}.Release|ARM.ActiveCfg = Release|ARM
		{769720F2-5A29-4117-81D8-B2CF3FED8D99}.Release|ARM.Build.0 = Release|ARM
		{769720F2-5A29-4117-81D8-B2CF3FED8D99}.Release|ARM.Deploy.0 = Release|ARM
		{769720F2-5A29-4117-81D8-B2CF3FED8D99}.Release|iPhone.ActiveCfg = Release|Any CPU
		{769720F2-5A29-4117-81D8-B2CF3FED8D99}.Release|iPhoneSimulator.ActiveCfg = Release|Any CPU
		{769720F2-5A29-4117-81D8-B2CF3FED8D99}.Release|Mixed Platforms.ActiveCfg = Release|x86
		{769720F2-5A29-4117-81D8-B2CF3FED8D99}.Release|Mixed Platforms.Build.0 = Release|x86
		{769720F2-5A29-4117-81D8-B2CF3FED8D99}.Release|Mixed Platforms.Deploy.0 = Release|x86
		{769720F2-5A29-4117-81D8-B2CF3FED8D99}.Release|x86.ActiveCfg = Release|x86
		{769720F2-5A29-4117-81D8-B2CF3FED8D99}.Release|x86.Build.0 = Release|x86
		{769720F2-5A29-4117-81D8-B2CF3FED8D99}.Release|x86.Deploy.0 = Release|x86
	EndGlobalSection
	GlobalSection(SolutionProperties) = preSolution
		HideSolutionNode = FALSE
	EndGlobalSection
EndGlobal
