
Microsoft Visual Studio Solution File, Format Version 12.00
# Visual Studio 2013
VisualStudioVersion = 12.0.31101.0
MinimumVisualStudioVersion = 10.0.40219.1
Project("{FAE04EC0-301F-11D3-BF4B-00C04F79EFBC}") = "XF_GetJson", "XF_GetJson\XF_GetJson\XF_GetJson.csproj", "{78B66C77-BC05-47DF-AF8B-BD253FF9833D}"
EndProject
Project("{FAE04EC0-301F-11D3-BF4B-00C04F79EFBC}") = "XF_GetJson.iOS", "XF_GetJson\XF_GetJson.iOS\XF_GetJson.iOS.csproj", "{B9BC3B65-D580-446B-BE9B-A971FB4092FA}"
EndProject
Project("{FAE04EC0-301F-11D3-BF4B-00C04F79EFBC}") = "XF_GetJson.Droid", "XF_GetJson\XF_GetJson.Droid\XF_GetJson.Droid.csproj", "{4F75A874-729B-4114-80DB-0BE84DABA217}"
EndProject
Project("{FAE04EC0-301F-11D3-BF4B-00C04F79EFBC}") = "XF_GetJson.WinPhone", "XF_GetJson\XF_GetJson.WinPhone\XF_GetJson.WinPhone.csproj", "{206E09F0-CD0C-4817-9F94-98AB79F28DE9}"
EndProject
Project("{FAE04EC0-301F-11D3-BF4B-00C04F79EFBC}") = "GetConnpass", "GetConnpass\GetConnpass.csproj", "{83EA2CAA-CD20-428E-A5ED-63FEE29A902D}"
EndProject
Global
	GlobalSection(SolutionConfigurationPlatforms) = preSolution
		Ad-Hoc|Any CPU = Ad-Hoc|Any CPU
		Ad-Hoc|ARM = Ad-Hoc|ARM
		Ad-Hoc|iPhone = Ad-Hoc|iPhone
		Ad-Hoc|iPhoneSimulator = Ad-Hoc|iPhoneSimulator
		Ad-Hoc|Mixed Platforms = Ad-Hoc|Mixed Platforms
		Ad-Hoc|x86 = Ad-Hoc|x86
		AppStore|Any CPU = AppStore|Any CPU
		AppStore|ARM = AppStore|ARM
		AppStore|iPhone = AppStore|iPhone
		AppStore|iPhoneSimulator = AppStore|iPhoneSimulator
		AppStore|Mixed Platforms = AppStore|Mixed Platforms
		AppStore|x86 = AppStore|x86
		Debug|Any CPU = Debug|Any CPU
		Debug|ARM = Debug|ARM
		Debug|iPhone = Debug|iPhone
		Debug|iPhoneSimulator = Debug|iPhoneSimulator
		Debug|Mixed Platforms = Debug|Mixed Platforms
		Debug|x86 = Debug|x86
		Release|Any CPU = Release|Any CPU
		Release|ARM = Release|ARM
		Release|iPhone = Release|iPhone
		Release|iPhoneSimulator = Release|iPhoneSimulator
		Release|Mixed Platforms = Release|Mixed Platforms
		Release|x86 = Release|x86
	EndGlobalSection
	GlobalSection(ProjectConfigurationPlatforms) = postSolution
		{78B66C77-BC05-47DF-AF8B-BD253FF9833D}.Ad-Hoc|Any CPU.ActiveCfg = Release|Any CPU
		{78B66C77-BC05-47DF-AF8B-BD253FF9833D}.Ad-Hoc|Any CPU.Build.0 = Release|Any CPU
		{78B66C77-BC05-47DF-AF8B-BD253FF9833D}.Ad-Hoc|ARM.ActiveCfg = Release|Any CPU
		{78B66C77-BC05-47DF-AF8B-BD253FF9833D}.Ad-Hoc|iPhone.ActiveCfg = Release|Any CPU
		{78B66C77-BC05-47DF-AF8B-BD253FF9833D}.Ad-Hoc|iPhoneSimulator.ActiveCfg = Release|Any CPU
		{78B66C77-BC05-47DF-AF8B-BD253FF9833D}.Ad-Hoc|Mixed Platforms.ActiveCfg = Release|Any CPU
		{78B66C77-BC05-47DF-AF8B-BD253FF9833D}.Ad-Hoc|Mixed Platforms.Build.0 = Release|Any CPU
		{78B66C77-BC05-47DF-AF8B-BD253FF9833D}.Ad-Hoc|x86.ActiveCfg = Release|Any CPU
		{78B66C77-BC05-47DF-AF8B-BD253FF9833D}.AppStore|Any CPU.ActiveCfg = Release|Any CPU
		{78B66C77-BC05-47DF-AF8B-BD253FF9833D}.AppStore|Any CPU.Build.0 = Release|Any CPU
		{78B66C77-BC05-47DF-AF8B-BD253FF9833D}.AppStore|ARM.ActiveCfg = Release|Any CPU
		{78B66C77-BC05-47DF-AF8B-BD253FF9833D}.AppStore|iPhone.ActiveCfg = Release|Any CPU
		{78B66C77-BC05-47DF-AF8B-BD253FF9833D}.AppStore|iPhoneSimulator.ActiveCfg = Release|Any CPU
		{78B66C77-BC05-47DF-AF8B-BD253FF9833D}.AppStore|Mixed Platforms.ActiveCfg = Release|Any CPU
		{78B66C77-BC05-47DF-AF8B-BD253FF9833D}.AppStore|Mixed Platforms.Build.0 = Release|Any CPU
		{78B66C77-BC05-47DF-AF8B-BD253FF9833D}.AppStore|x86.ActiveCfg = Release|Any CPU
		{78B66C77-BC05-47DF-AF8B-BD253FF9833D}.Debug|Any CPU.ActiveCfg = Debug|Any CPU
		{78B66C77-BC05-47DF-AF8B-BD253FF9833D}.Debug|Any CPU.Build.0 = Debug|Any CPU
		{78B66C77-BC05-47DF-AF8B-BD253FF9833D}.Debug|ARM.ActiveCfg = Debug|Any CPU
		{78B66C77-BC05-47DF-AF8B-BD253FF9833D}.Debug|ARM.Build.0 = Debug|Any CPU
		{78B66C77-BC05-47DF-AF8B-BD253FF9833D}.Debug|iPhone.ActiveCfg = Debug|Any CPU
		{78B66C77-BC05-47DF-AF8B-BD253FF9833D}.Debug|iPhoneSimulator.ActiveCfg = Debug|Any CPU
		{78B66C77-BC05-47DF-AF8B-BD253FF9833D}.Debug|iPhoneSimulator.Build.0 = Debug|Any CPU
		{78B66C77-BC05-47DF-AF8B-BD253FF9833D}.Debug|Mixed Platforms.ActiveCfg = Debug|Any CPU
		{78B66C77-BC05-47DF-AF8B-BD253FF9833D}.Debug|Mixed Platforms.Build.0 = Debug|Any CPU
		{78B66C77-BC05-47DF-AF8B-BD253FF9833D}.Debug|x86.ActiveCfg = Debug|Any CPU
		{78B66C77-BC05-47DF-AF8B-BD253FF9833D}.Release|Any CPU.ActiveCfg = Release|Any CPU
		{78B66C77-BC05-47DF-AF8B-BD253FF9833D}.Release|Any CPU.Build.0 = Release|Any CPU
		{78B66C77-BC05-47DF-AF8B-BD253FF9833D}.Release|ARM.ActiveCfg = Release|Any CPU
		{78B66C77-BC05-47DF-AF8B-BD253FF9833D}.Release|iPhone.ActiveCfg = Release|Any CPU
		{78B66C77-BC05-47DF-AF8B-BD253FF9833D}.Release|iPhoneSimulator.ActiveCfg = Release|Any CPU
		{78B66C77-BC05-47DF-AF8B-BD253FF9833D}.Release|Mixed Platforms.ActiveCfg = Release|Any CPU
		{78B66C77-BC05-47DF-AF8B-BD253FF9833D}.Release|Mixed Platforms.Build.0 = Release|Any CPU
		{78B66C77-BC05-47DF-AF8B-BD253FF9833D}.Release|x86.ActiveCfg = Release|Any CPU
		{B9BC3B65-D580-446B-BE9B-A971FB4092FA}.Ad-Hoc|Any CPU.ActiveCfg = Ad-Hoc|iPhone
		{B9BC3B65-D580-446B-BE9B-A971FB4092FA}.Ad-Hoc|ARM.ActiveCfg = Ad-Hoc|iPhone
		{B9BC3B65-D580-446B-BE9B-A971FB4092FA}.Ad-Hoc|iPhone.ActiveCfg = Ad-Hoc|iPhone
		{B9BC3B65-D580-446B-BE9B-A971FB4092FA}.Ad-Hoc|iPhone.Build.0 = Ad-Hoc|iPhone
		{B9BC3B65-D580-446B-BE9B-A971FB4092FA}.Ad-Hoc|iPhoneSimulator.ActiveCfg = Ad-Hoc|iPhoneSimulator
		{B9BC3B65-D580-446B-BE9B-A971FB4092FA}.Ad-Hoc|iPhoneSimulator.Build.0 = Ad-Hoc|iPhoneSimulator
		{B9BC3B65-D580-446B-BE9B-A971FB4092FA}.Ad-Hoc|Mixed Platforms.ActiveCfg = Ad-Hoc|iPhone
		{B9BC3B65-D580-446B-BE9B-A971FB4092FA}.Ad-Hoc|Mixed Platforms.Build.0 = Ad-Hoc|iPhone
		{B9BC3B65-D580-446B-BE9B-A971FB4092FA}.Ad-Hoc|x86.ActiveCfg = Ad-Hoc|iPhone
		{B9BC3B65-D580-446B-BE9B-A971FB4092FA}.AppStore|Any CPU.ActiveCfg = AppStore|iPhone
		{B9BC3B65-D580-446B-BE9B-A971FB4092FA}.AppStore|ARM.ActiveCfg = AppStore|iPhone
		{B9BC3B65-D580-446B-BE9B-A971FB4092FA}.AppStore|iPhone.ActiveCfg = AppStore|iPhone
		{B9BC3B65-D580-446B-BE9B-A971FB4092FA}.AppStore|iPhone.Build.0 = AppStore|iPhone
		{B9BC3B65-D580-446B-BE9B-A971FB4092FA}.AppStore|iPhoneSimulator.ActiveCfg = AppStore|iPhoneSimulator
		{B9BC3B65-D580-446B-BE9B-A971FB4092FA}.AppStore|iPhoneSimulator.Build.0 = AppStore|iPhoneSimulator
		{B9BC3B65-D580-446B-BE9B-A971FB4092FA}.AppStore|Mixed Platforms.ActiveCfg = AppStore|iPhone
		{B9BC3B65-D580-446B-BE9B-A971FB4092FA}.AppStore|Mixed Platforms.Build.0 = AppStore|iPhone
		{B9BC3B65-D580-446B-BE9B-A971FB4092FA}.AppStore|x86.ActiveCfg = AppStore|iPhone
		{B9BC3B65-D580-446B-BE9B-A971FB4092FA}.Debug|Any CPU.ActiveCfg = Debug|iPhone
		{B9BC3B65-D580-446B-BE9B-A971FB4092FA}.Debug|ARM.ActiveCfg = Debug|iPhone
		{B9BC3B65-D580-446B-BE9B-A971FB4092FA}.Debug|iPhone.ActiveCfg = Debug|iPhone
		{B9BC3B65-D580-446B-BE9B-A971FB4092FA}.Debug|iPhone.Build.0 = Debug|iPhone
		{B9BC3B65-D580-446B-BE9B-A971FB4092FA}.Debug|iPhoneSimulator.ActiveCfg = Debug|iPhoneSimulator
		{B9BC3B65-D580-446B-BE9B-A971FB4092FA}.Debug|iPhoneSimulator.Build.0 = Debug|iPhoneSimulator
		{B9BC3B65-D580-446B-BE9B-A971FB4092FA}.Debug|Mixed Platforms.ActiveCfg = Debug|iPhone
		{B9BC3B65-D580-446B-BE9B-A971FB4092FA}.Debug|Mixed Platforms.Build.0 = Debug|iPhone
		{B9BC3B65-D580-446B-BE9B-A971FB4092FA}.Debug|x86.ActiveCfg = Debug|iPhone
		{B9BC3B65-D580-446B-BE9B-A971FB4092FA}.Release|Any CPU.ActiveCfg = Release|iPhone
		{B9BC3B65-D580-446B-BE9B-A971FB4092FA}.Release|ARM.ActiveCfg = Release|iPhone
		{B9BC3B65-D580-446B-BE9B-A971FB4092FA}.Release|iPhone.ActiveCfg = Release|iPhone
		{B9BC3B65-D580-446B-BE9B-A971FB4092FA}.Release|iPhone.Build.0 = Release|iPhone
		{B9BC3B65-D580-446B-BE9B-A971FB4092FA}.Release|iPhoneSimulator.ActiveCfg = Release|iPhoneSimulator
		{B9BC3B65-D580-446B-BE9B-A971FB4092FA}.Release|iPhoneSimulator.Build.0 = Release|iPhoneSimulator
		{B9BC3B65-D580-446B-BE9B-A971FB4092FA}.Release|Mixed Platforms.ActiveCfg = Release|iPhone
		{B9BC3B65-D580-446B-BE9B-A971FB4092FA}.Release|Mixed Platforms.Build.0 = Release|iPhone
		{B9BC3B65-D580-446B-BE9B-A971FB4092FA}.Release|x86.ActiveCfg = Release|iPhone
		{4F75A874-729B-4114-80DB-0BE84DABA217}.Ad-Hoc|Any CPU.ActiveCfg = Release|Any CPU
		{4F75A874-729B-4114-80DB-0BE84DABA217}.Ad-Hoc|Any CPU.Build.0 = Release|Any CPU
		{4F75A874-729B-4114-80DB-0BE84DABA217}.Ad-Hoc|Any CPU.Deploy.0 = Release|Any CPU
		{4F75A874-729B-4114-80DB-0BE84DABA217}.Ad-Hoc|ARM.ActiveCfg = Release|Any CPU
		{4F75A874-729B-4114-80DB-0BE84DABA217}.Ad-Hoc|iPhone.ActiveCfg = Release|Any CPU
		{4F75A874-729B-4114-80DB-0BE84DABA217}.Ad-Hoc|iPhoneSimulator.ActiveCfg = Release|Any CPU
		{4F75A874-729B-4114-80DB-0BE84DABA217}.Ad-Hoc|Mixed Platforms.ActiveCfg = Release|Any CPU
		{4F75A874-729B-4114-80DB-0BE84DABA217}.Ad-Hoc|Mixed Platforms.Build.0 = Release|Any CPU
		{4F75A874-729B-4114-80DB-0BE84DABA217}.Ad-Hoc|Mixed Platforms.Deploy.0 = Release|Any CPU
		{4F75A874-729B-4114-80DB-0BE84DABA217}.Ad-Hoc|x86.ActiveCfg = Release|Any CPU
		{4F75A874-729B-4114-80DB-0BE84DABA217}.AppStore|Any CPU.ActiveCfg = Release|Any CPU
		{4F75A874-729B-4114-80DB-0BE84DABA217}.AppStore|Any CPU.Build.0 = Release|Any CPU
		{4F75A874-729B-4114-80DB-0BE84DABA217}.AppStore|Any CPU.Deploy.0 = Release|Any CPU
		{4F75A874-729B-4114-80DB-0BE84DABA217}.AppStore|ARM.ActiveCfg = Release|Any CPU
		{4F75A874-729B-4114-80DB-0BE84DABA217}.AppStore|iPhone.ActiveCfg = Release|Any CPU
		{4F75A874-729B-4114-80DB-0BE84DABA217}.AppStore|iPhoneSimulator.ActiveCfg = Release|Any CPU
		{4F75A874-729B-4114-80DB-0BE84DABA217}.AppStore|Mixed Platforms.ActiveCfg = Release|Any CPU
		{4F75A874-729B-4114-80DB-0BE84DABA217}.AppStore|Mixed Platforms.Build.0 = Release|Any CPU
		{4F75A874-729B-4114-80DB-0BE84DABA217}.AppStore|Mixed Platforms.Deploy.0 = Release|Any CPU
		{4F75A874-729B-4114-80DB-0BE84DABA217}.AppStore|x86.ActiveCfg = Release|Any CPU
		{4F75A874-729B-4114-80DB-0BE84DABA217}.Debug|Any CPU.ActiveCfg = Debug|Any CPU
		{4F75A874-729B-4114-80DB-0BE84DABA217}.Debug|Any CPU.Build.0 = Debug|Any CPU
		{4F75A874-729B-4114-80DB-0BE84DABA217}.Debug|Any CPU.Deploy.0 = Debug|Any CPU
		{4F75A874-729B-4114-80DB-0BE84DABA217}.Debug|ARM.ActiveCfg = Debug|Any CPU
		{4F75A874-729B-4114-80DB-0BE84DABA217}.Debug|iPhone.ActiveCfg = Debug|Any CPU
		{4F75A874-729B-4114-80DB-0BE84DABA217}.Debug|iPhoneSimulator.ActiveCfg = Debug|Any CPU
		{4F75A874-729B-4114-80DB-0BE84DABA217}.Debug|Mixed Platforms.ActiveCfg = Debug|Any CPU
		{4F75A874-729B-4114-80DB-0BE84DABA217}.Debug|Mixed Platforms.Build.0 = Debug|Any CPU
		{4F75A874-729B-4114-80DB-0BE84DABA217}.Debug|Mixed Platforms.Deploy.0 = Debug|Any CPU
		{4F75A874-729B-4114-80DB-0BE84DABA217}.Debug|x86.ActiveCfg = Debug|Any CPU
		{4F75A874-729B-4114-80DB-0BE84DABA217}.Release|Any CPU.ActiveCfg = Release|Any CPU
		{4F75A874-729B-4114-80DB-0BE84DABA217}.Release|Any CPU.Build.0 = Release|Any CPU
		{4F75A874-729B-4114-80DB-0BE84DABA217}.Release|Any CPU.Deploy.0 = Release|Any CPU
		{4F75A874-729B-4114-80DB-0BE84DABA217}.Release|ARM.ActiveCfg = Release|Any CPU
		{4F75A874-729B-4114-80DB-0BE84DABA217}.Release|iPhone.ActiveCfg = Release|Any CPU
		{4F75A874-729B-4114-80DB-0BE84DABA217}.Release|iPhoneSimulator.ActiveCfg = Release|Any CPU
		{4F75A874-729B-4114-80DB-0BE84DABA217}.Release|Mixed Platforms.ActiveCfg = Release|Any CPU
		{4F75A874-729B-4114-80DB-0BE84DABA217}.Release|Mixed Platforms.Build.0 = Release|Any CPU
		{4F75A874-729B-4114-80DB-0BE84DABA217}.Release|Mixed Platforms.Deploy.0 = Release|Any CPU
		{4F75A874-729B-4114-80DB-0BE84DABA217}.Release|x86.ActiveCfg = Release|Any CPU
		{206E09F0-CD0C-4817-9F94-98AB79F28DE9}.Ad-Hoc|Any CPU.ActiveCfg = Release|Any CPU
		{206E09F0-CD0C-4817-9F94-98AB79F28DE9}.Ad-Hoc|Any CPU.Build.0 = Release|Any CPU
		{206E09F0-CD0C-4817-9F94-98AB79F28DE9}.Ad-Hoc|Any CPU.Deploy.0 = Release|Any CPU
		{206E09F0-CD0C-4817-9F94-98AB79F28DE9}.Ad-Hoc|ARM.ActiveCfg = Release|ARM
		{206E09F0-CD0C-4817-9F94-98AB79F28DE9}.Ad-Hoc|ARM.Build.0 = Release|ARM
		{206E09F0-CD0C-4817-9F94-98AB79F28DE9}.Ad-Hoc|ARM.Deploy.0 = Release|ARM
		{206E09F0-CD0C-4817-9F94-98AB79F28DE9}.Ad-Hoc|iPhone.ActiveCfg = Release|Any CPU
		{206E09F0-CD0C-4817-9F94-98AB79F28DE9}.Ad-Hoc|iPhoneSimulator.ActiveCfg = Release|Any CPU
		{206E09F0-CD0C-4817-9F94-98AB79F28DE9}.Ad-Hoc|Mixed Platforms.ActiveCfg = Release|x86
		{206E09F0-CD0C-4817-9F94-98AB79F28DE9}.Ad-Hoc|Mixed Platforms.Build.0 = Release|x86
		{206E09F0-CD0C-4817-9F94-98AB79F28DE9}.Ad-Hoc|Mixed Platforms.Deploy.0 = Release|x86
		{206E09F0-CD0C-4817-9F94-98AB79F28DE9}.Ad-Hoc|x86.ActiveCfg = Release|x86
		{206E09F0-CD0C-4817-9F94-98AB79F28DE9}.Ad-Hoc|x86.Build.0 = Release|x86
		{206E09F0-CD0C-4817-9F94-98AB79F28DE9}.Ad-Hoc|x86.Deploy.0 = Release|x86
		{206E09F0-CD0C-4817-9F94-98AB79F28DE9}.AppStore|Any CPU.ActiveCfg = Release|Any CPU
		{206E09F0-CD0C-4817-9F94-98AB79F28DE9}.AppStore|Any CPU.Build.0 = Release|Any CPU
		{206E09F0-CD0C-4817-9F94-98AB79F28DE9}.AppStore|Any CPU.Deploy.0 = Release|Any CPU
		{206E09F0-CD0C-4817-9F94-98AB79F28DE9}.AppStore|ARM.ActiveCfg = Release|ARM
		{206E09F0-CD0C-4817-9F94-98AB79F28DE9}.AppStore|ARM.Build.0 = Release|ARM
		{206E09F0-CD0C-4817-9F94-98AB79F28DE9}.AppStore|ARM.Deploy.0 = Release|ARM
		{206E09F0-CD0C-4817-9F94-98AB79F28DE9}.AppStore|iPhone.ActiveCfg = Release|Any CPU
		{206E09F0-CD0C-4817-9F94-98AB79F28DE9}.AppStore|iPhoneSimulator.ActiveCfg = Release|Any CPU
		{206E09F0-CD0C-4817-9F94-98AB79F28DE9}.AppStore|Mixed Platforms.ActiveCfg = Release|x86
		{206E09F0-CD0C-4817-9F94-98AB79F28DE9}.AppStore|Mixed Platforms.Build.0 = Release|x86
		{206E09F0-CD0C-4817-9F94-98AB79F28DE9}.AppStore|Mixed Platforms.Deploy.0 = Release|x86
		{206E09F0-CD0C-4817-9F94-98AB79F28DE9}.AppStore|x86.ActiveCfg = Release|x86
		{206E09F0-CD0C-4817-9F94-98AB79F28DE9}.AppStore|x86.Build.0 = Release|x86
		{206E09F0-CD0C-4817-9F94-98AB79F28DE9}.AppStore|x86.Deploy.0 = Release|x86
		{206E09F0-CD0C-4817-9F94-98AB79F28DE9}.Debug|Any CPU.ActiveCfg = Debug|Any CPU
		{206E09F0-CD0C-4817-9F94-98AB79F28DE9}.Debug|Any CPU.Build.0 = Debug|Any CPU
		{206E09F0-CD0C-4817-9F94-98AB79F28DE9}.Debug|Any CPU.Deploy.0 = Debug|Any CPU
		{206E09F0-CD0C-4817-9F94-98AB79F28DE9}.Debug|ARM.ActiveCfg = Debug|ARM
		{206E09F0-CD0C-4817-9F94-98AB79F28DE9}.Debug|ARM.Build.0 = Debug|ARM
		{206E09F0-CD0C-4817-9F94-98AB79F28DE9}.Debug|ARM.Deploy.0 = Debug|ARM
		{206E09F0-CD0C-4817-9F94-98AB79F28DE9}.Debug|iPhone.ActiveCfg = Debug|Any CPU
		{206E09F0-CD0C-4817-9F94-98AB79F28DE9}.Debug|iPhoneSimulator.ActiveCfg = Debug|Any CPU
		{206E09F0-CD0C-4817-9F94-98AB79F28DE9}.Debug|Mixed Platforms.ActiveCfg = Debug|x86
		{206E09F0-CD0C-4817-9F94-98AB79F28DE9}.Debug|Mixed Platforms.Build.0 = Debug|x86
		{206E09F0-CD0C-4817-9F94-98AB79F28DE9}.Debug|Mixed Platforms.Deploy.0 = Debug|x86
		{206E09F0-CD0C-4817-9F94-98AB79F28DE9}.Debug|x86.ActiveCfg = Debug|x86
		{206E09F0-CD0C-4817-9F94-98AB79F28DE9}.Debug|x86.Build.0 = Debug|x86
		{206E09F0-CD0C-4817-9F94-98AB79F28DE9}.Debug|x86.Deploy.0 = Debug|x86
		{206E09F0-CD0C-4817-9F94-98AB79F28DE9}.Release|Any CPU.ActiveCfg = Release|Any CPU
		{206E09F0-CD0C-4817-9F94-98AB79F28DE9}.Release|Any CPU.Build.0 = Release|Any CPU
		{206E09F0-CD0C-4817-9F94-98AB79F28DE9}.Release|Any CPU.Deploy.0 = Release|Any CPU
		{206E09F0-CD0C-4817-9F94-98AB79F28DE9}.Release|ARM.ActiveCfg = Release|ARM
		{206E09F0-CD0C-4817-9F94-98AB79F28DE9}.Release|ARM.Build.0 = Release|ARM
		{206E09F0-CD0C-4817-9F94-98AB79F28DE9}.Release|ARM.Deploy.0 = Release|ARM
		{206E09F0-CD0C-4817-9F94-98AB79F28DE9}.Release|iPhone.ActiveCfg = Release|Any CPU
		{206E09F0-CD0C-4817-9F94-98AB79F28DE9}.Release|iPhoneSimulator.ActiveCfg = Release|Any CPU
		{206E09F0-CD0C-4817-9F94-98AB79F28DE9}.Release|Mixed Platforms.ActiveCfg = Release|x86
		{206E09F0-CD0C-4817-9F94-98AB79F28DE9}.Release|Mixed Platforms.Build.0 = Release|x86
		{206E09F0-CD0C-4817-9F94-98AB79F28DE9}.Release|Mixed Platforms.Deploy.0 = Release|x86
		{206E09F0-CD0C-4817-9F94-98AB79F28DE9}.Release|x86.ActiveCfg = Release|x86
		{206E09F0-CD0C-4817-9F94-98AB79F28DE9}.Release|x86.Build.0 = Release|x86
		{206E09F0-CD0C-4817-9F94-98AB79F28DE9}.Release|x86.Deploy.0 = Release|x86
		{83EA2CAA-CD20-428E-A5ED-63FEE29A902D}.Ad-Hoc|Any CPU.ActiveCfg = Release|Any CPU
		{83EA2CAA-CD20-428E-A5ED-63FEE29A902D}.Ad-Hoc|Any CPU.Build.0 = Release|Any CPU
		{83EA2CAA-CD20-428E-A5ED-63FEE29A902D}.Ad-Hoc|ARM.ActiveCfg = Release|Any CPU
		{83EA2CAA-CD20-428E-A5ED-63FEE29A902D}.Ad-Hoc|iPhone.ActiveCfg = Release|Any CPU
		{83EA2CAA-CD20-428E-A5ED-63FEE29A902D}.Ad-Hoc|iPhoneSimulator.ActiveCfg = Release|Any CPU
		{83EA2CAA-CD20-428E-A5ED-63FEE29A902D}.Ad-Hoc|Mixed Platforms.ActiveCfg = Release|Any CPU
		{83EA2CAA-CD20-428E-A5ED-63FEE29A902D}.Ad-Hoc|Mixed Platforms.Build.0 = Release|Any CPU
		{83EA2CAA-CD20-428E-A5ED-63FEE29A902D}.Ad-Hoc|x86.ActiveCfg = Release|Any CPU
		{83EA2CAA-CD20-428E-A5ED-63FEE29A902D}.AppStore|Any CPU.ActiveCfg = Release|Any CPU
		{83EA2CAA-CD20-428E-A5ED-63FEE29A902D}.AppStore|Any CPU.Build.0 = Release|Any CPU
		{83EA2CAA-CD20-428E-A5ED-63FEE29A902D}.AppStore|ARM.ActiveCfg = Release|Any CPU
		{83EA2CAA-CD20-428E-A5ED-63FEE29A902D}.AppStore|iPhone.ActiveCfg = Release|Any CPU
		{83EA2CAA-CD20-428E-A5ED-63FEE29A902D}.AppStore|iPhoneSimulator.ActiveCfg = Release|Any CPU
		{83EA2CAA-CD20-428E-A5ED-63FEE29A902D}.AppStore|Mixed Platforms.ActiveCfg = Release|Any CPU
		{83EA2CAA-CD20-428E-A5ED-63FEE29A902D}.AppStore|Mixed Platforms.Build.0 = Release|Any CPU
		{83EA2CAA-CD20-428E-A5ED-63FEE29A902D}.AppStore|x86.ActiveCfg = Release|Any CPU
		{83EA2CAA-CD20-428E-A5ED-63FEE29A902D}.Debug|Any CPU.ActiveCfg = Debug|Any CPU
		{83EA2CAA-CD20-428E-A5ED-63FEE29A902D}.Debug|Any CPU.Build.0 = Debug|Any CPU
		{83EA2CAA-CD20-428E-A5ED-63FEE29A902D}.Debug|ARM.ActiveCfg = Debug|Any CPU
		{83EA2CAA-CD20-428E-A5ED-63FEE29A902D}.Debug|ARM.Build.0 = Debug|Any CPU
		{83EA2CAA-CD20-428E-A5ED-63FEE29A902D}.Debug|iPhone.ActiveCfg = Debug|Any CPU
		{83EA2CAA-CD20-428E-A5ED-63FEE29A902D}.Debug|iPhone.Build.0 = Debug|Any CPU
		{83EA2CAA-CD20-428E-A5ED-63FEE29A902D}.Debug|iPhoneSimulator.ActiveCfg = Debug|Any CPU
		{83EA2CAA-CD20-428E-A5ED-63FEE29A902D}.Debug|iPhoneSimulator.Build.0 = Debug|Any CPU
		{83EA2CAA-CD20-428E-A5ED-63FEE29A902D}.Debug|Mixed Platforms.ActiveCfg = Debug|Any CPU
		{83EA2CAA-CD20-428E-A5ED-63FEE29A902D}.Debug|Mixed Platforms.Build.0 = Debug|Any CPU
		{83EA2CAA-CD20-428E-A5ED-63FEE29A902D}.Debug|x86.ActiveCfg = Debug|Any CPU
		{83EA2CAA-CD20-428E-A5ED-63FEE29A902D}.Release|Any CPU.ActiveCfg = Release|Any CPU
		{83EA2CAA-CD20-428E-A5ED-63FEE29A902D}.Release|Any CPU.Build.0 = Release|Any CPU
		{83EA2CAA-CD20-428E-A5ED-63FEE29A902D}.Release|ARM.ActiveCfg = Release|Any CPU
		{83EA2CAA-CD20-428E-A5ED-63FEE29A902D}.Release|iPhone.ActiveCfg = Release|Any CPU
		{83EA2CAA-CD20-428E-A5ED-63FEE29A902D}.Release|iPhoneSimulator.ActiveCfg = Release|Any CPU
		{83EA2CAA-CD20-428E-A5ED-63FEE29A902D}.Release|Mixed Platforms.ActiveCfg = Release|Any CPU
		{83EA2CAA-CD20-428E-A5ED-63FEE29A902D}.Release|Mixed Platforms.Build.0 = Release|Any CPU
		{83EA2CAA-CD20-428E-A5ED-63FEE29A902D}.Release|x86.ActiveCfg = Release|Any CPU
	EndGlobalSection
	GlobalSection(SolutionProperties) = preSolution
		HideSolutionNode = FALSE
	EndGlobalSection
EndGlobal
