
Microsoft Visual Studio Solution File, Format Version 12.00
# Visual Studio 2013
VisualStudioVersion = 12.0.31101.0
MinimumVisualStudioVersion = 10.0.40219.1
Project("{FAE04EC0-301F-11D3-BF4B-00C04F79EFBC}") = "XF_GetJson.iOS", "XF_GetJson\XF_GetJson.iOS\XF_GetJson.iOS.csproj", "{A4EF9CA0-C839-415E-A969-066900C82A51}"
EndProject
Project("{FAE04EC0-301F-11D3-BF4B-00C04F79EFBC}") = "XF_GetJson.Droid", "XF_GetJson\XF_GetJson.Droid\XF_GetJson.Droid.csproj", "{0177DDC4-A5DF-48F2-B332-F7BC51006829}"
EndProject
Project("{FAE04EC0-301F-11D3-BF4B-00C04F79EFBC}") = "XF_GetJson.WinPhone", "XF_GetJson\XF_GetJson.WinPhone\XF_GetJson.WinPhone.csproj", "{51580C6B-E582-4527-8B70-3B9838382B91}"
EndProject
Project("{FAE04EC0-301F-11D3-BF4B-00C04F79EFBC}") = "XF_GetJson", "XF_GetJson\XF_GetJson\XF_GetJson.csproj", "{C6D0F5A7-DC39-4D28-AED9-AF7470A7BA3F}"
EndProject
Project("{FAE04EC0-301F-11D3-BF4B-00C04F79EFBC}") = "GetJson", "GetJson\GetJson.csproj", "{67BCEAAF-561A-4C8B-9B91-F72E5CF48D67}"
EndProject
Project("{2150E333-8FDC-42A3-9474-1A3956D46DE8}") = ".nuget", ".nuget", "{F29F1537-CF7C-461E-9E2E-77B1AE651701}"
	ProjectSection(SolutionItems) = preProject
		.nuget\NuGet.Config = .nuget\NuGet.Config
		.nuget\NuGet.exe = .nuget\NuGet.exe
		.nuget\NuGet.targets = .nuget\NuGet.targets
	EndProjectSection
EndProject
Global
	GlobalSection(SolutionConfigurationPlatforms) = preSolution
		Ad-Hoc|Any CPU = Ad-Hoc|Any CPU
		Ad-Hoc|ARM = Ad-Hoc|ARM
		Ad-Hoc|iPhone = Ad-Hoc|iPhone
		Ad-Hoc|iPhoneSimulator = Ad-Hoc|iPhoneSimulator
		Ad-Hoc|Mixed Platforms = Ad-Hoc|Mixed Platforms
		Ad-Hoc|x86 = Ad-Hoc|x86
		AppStore|Any CPU = AppStore|Any CPU
		AppStore|ARM = AppStore|ARM
		AppStore|iPhone = AppStore|iPhone
		AppStore|iPhoneSimulator = AppStore|iPhoneSimulator
		AppStore|Mixed Platforms = AppStore|Mixed Platforms
		AppStore|x86 = AppStore|x86
		Debug|Any CPU = Debug|Any CPU
		Debug|ARM = Debug|ARM
		Debug|iPhone = Debug|iPhone
		Debug|iPhoneSimulator = Debug|iPhoneSimulator
		Debug|Mixed Platforms = Debug|Mixed Platforms
		Debug|x86 = Debug|x86
		Release|Any CPU = Release|Any CPU
		Release|ARM = Release|ARM
		Release|iPhone = Release|iPhone
		Release|iPhoneSimulator = Release|iPhoneSimulator
		Release|Mixed Platforms = Release|Mixed Platforms
		Release|x86 = Release|x86
	EndGlobalSection
	GlobalSection(ProjectConfigurationPlatforms) = postSolution
		{A4EF9CA0-C839-415E-A969-066900C82A51}.Ad-Hoc|Any CPU.ActiveCfg = Ad-Hoc|iPhone
		{A4EF9CA0-C839-415E-A969-066900C82A51}.Ad-Hoc|ARM.ActiveCfg = Ad-Hoc|iPhone
		{A4EF9CA0-C839-415E-A969-066900C82A51}.Ad-Hoc|iPhone.ActiveCfg = Ad-Hoc|iPhone
		{A4EF9CA0-C839-415E-A969-066900C82A51}.Ad-Hoc|iPhone.Build.0 = Ad-Hoc|iPhone
		{A4EF9CA0-C839-415E-A969-066900C82A51}.Ad-Hoc|iPhoneSimulator.ActiveCfg = Ad-Hoc|iPhoneSimulator
		{A4EF9CA0-C839-415E-A969-066900C82A51}.Ad-Hoc|iPhoneSimulator.Build.0 = Ad-Hoc|iPhoneSimulator
		{A4EF9CA0-C839-415E-A969-066900C82A51}.Ad-Hoc|Mixed Platforms.ActiveCfg = Ad-Hoc|iPhone
		{A4EF9CA0-C839-415E-A969-066900C82A51}.Ad-Hoc|Mixed Platforms.Build.0 = Ad-Hoc|iPhone
		{A4EF9CA0-C839-415E-A969-066900C82A51}.Ad-Hoc|x86.ActiveCfg = Ad-Hoc|iPhone
		{A4EF9CA0-C839-415E-A969-066900C82A51}.AppStore|Any CPU.ActiveCfg = AppStore|iPhone
		{A4EF9CA0-C839-415E-A969-066900C82A51}.AppStore|ARM.ActiveCfg = AppStore|iPhone
		{A4EF9CA0-C839-415E-A969-066900C82A51}.AppStore|iPhone.ActiveCfg = AppStore|iPhone
		{A4EF9CA0-C839-415E-A969-066900C82A51}.AppStore|iPhone.Build.0 = AppStore|iPhone
		{A4EF9CA0-C839-415E-A969-066900C82A51}.AppStore|iPhoneSimulator.ActiveCfg = AppStore|iPhoneSimulator
		{A4EF9CA0-C839-415E-A969-066900C82A51}.AppStore|iPhoneSimulator.Build.0 = AppStore|iPhoneSimulator
		{A4EF9CA0-C839-415E-A969-066900C82A51}.AppStore|Mixed Platforms.ActiveCfg = AppStore|iPhone
		{A4EF9CA0-C839-415E-A969-066900C82A51}.AppStore|Mixed Platforms.Build.0 = AppStore|iPhone
		{A4EF9CA0-C839-415E-A969-066900C82A51}.AppStore|x86.ActiveCfg = AppStore|iPhone
		{A4EF9CA0-C839-415E-A969-066900C82A51}.Debug|Any CPU.ActiveCfg = Debug|iPhone
		{A4EF9CA0-C839-415E-A969-066900C82A51}.Debug|ARM.ActiveCfg = Debug|iPhone
		{A4EF9CA0-C839-415E-A969-066900C82A51}.Debug|iPhone.ActiveCfg = Debug|iPhone
		{A4EF9CA0-C839-415E-A969-066900C82A51}.Debug|iPhone.Build.0 = Debug|iPhone
		{A4EF9CA0-C839-415E-A969-066900C82A51}.Debug|iPhoneSimulator.ActiveCfg = Debug|iPhoneSimulator
		{A4EF9CA0-C839-415E-A969-066900C82A51}.Debug|iPhoneSimulator.Build.0 = Debug|iPhoneSimulator
		{A4EF9CA0-C839-415E-A969-066900C82A51}.Debug|Mixed Platforms.ActiveCfg = Debug|iPhone
		{A4EF9CA0-C839-415E-A969-066900C82A51}.Debug|Mixed Platforms.Build.0 = Debug|iPhone
		{A4EF9CA0-C839-415E-A969-066900C82A51}.Debug|x86.ActiveCfg = Debug|iPhone
		{A4EF9CA0-C839-415E-A969-066900C82A51}.Release|Any CPU.ActiveCfg = Release|iPhone
		{A4EF9CA0-C839-415E-A969-066900C82A51}.Release|ARM.ActiveCfg = Release|iPhone
		{A4EF9CA0-C839-415E-A969-066900C82A51}.Release|iPhone.ActiveCfg = Release|iPhone
		{A4EF9CA0-C839-415E-A969-066900C82A51}.Release|iPhone.Build.0 = Release|iPhone
		{A4EF9CA0-C839-415E-A969-066900C82A51}.Release|iPhoneSimulator.ActiveCfg = Release|iPhoneSimulator
		{A4EF9CA0-C839-415E-A969-066900C82A51}.Release|iPhoneSimulator.Build.0 = Release|iPhoneSimulator
		{A4EF9CA0-C839-415E-A969-066900C82A51}.Release|Mixed Platforms.ActiveCfg = Release|iPhone
		{A4EF9CA0-C839-415E-A969-066900C82A51}.Release|Mixed Platforms.Build.0 = Release|iPhone
		{A4EF9CA0-C839-415E-A969-066900C82A51}.Release|x86.ActiveCfg = Release|iPhone
		{0177DDC4-A5DF-48F2-B332-F7BC51006829}.Ad-Hoc|Any CPU.ActiveCfg = Release|Any CPU
		{0177DDC4-A5DF-48F2-B332-F7BC51006829}.Ad-Hoc|Any CPU.Build.0 = Release|Any CPU
		{0177DDC4-A5DF-48F2-B332-F7BC51006829}.Ad-Hoc|Any CPU.Deploy.0 = Release|Any CPU
		{0177DDC4-A5DF-48F2-B332-F7BC51006829}.Ad-Hoc|ARM.ActiveCfg = Release|Any CPU
		{0177DDC4-A5DF-48F2-B332-F7BC51006829}.Ad-Hoc|iPhone.ActiveCfg = Release|Any CPU
		{0177DDC4-A5DF-48F2-B332-F7BC51006829}.Ad-Hoc|iPhoneSimulator.ActiveCfg = Release|Any CPU
		{0177DDC4-A5DF-48F2-B332-F7BC51006829}.Ad-Hoc|Mixed Platforms.ActiveCfg = Release|Any CPU
		{0177DDC4-A5DF-48F2-B332-F7BC51006829}.Ad-Hoc|Mixed Platforms.Build.0 = Release|Any CPU
		{0177DDC4-A5DF-48F2-B332-F7BC51006829}.Ad-Hoc|Mixed Platforms.Deploy.0 = Release|Any CPU
		{0177DDC4-A5DF-48F2-B332-F7BC51006829}.Ad-Hoc|x86.ActiveCfg = Release|Any CPU
		{0177DDC4-A5DF-48F2-B332-F7BC51006829}.AppStore|Any CPU.ActiveCfg = Release|Any CPU
		{0177DDC4-A5DF-48F2-B332-F7BC51006829}.AppStore|Any CPU.Build.0 = Release|Any CPU
		{0177DDC4-A5DF-48F2-B332-F7BC51006829}.AppStore|Any CPU.Deploy.0 = Release|Any CPU
		{0177DDC4-A5DF-48F2-B332-F7BC51006829}.AppStore|ARM.ActiveCfg = Release|Any CPU
		{0177DDC4-A5DF-48F2-B332-F7BC51006829}.AppStore|iPhone.ActiveCfg = Release|Any CPU
		{0177DDC4-A5DF-48F2-B332-F7BC51006829}.AppStore|iPhoneSimulator.ActiveCfg = Release|Any CPU
		{0177DDC4-A5DF-48F2-B332-F7BC51006829}.AppStore|Mixed Platforms.ActiveCfg = Release|Any CPU
		{0177DDC4-A5DF-48F2-B332-F7BC51006829}.AppStore|Mixed Platforms.Build.0 = Release|Any CPU
		{0177DDC4-A5DF-48F2-B332-F7BC51006829}.AppStore|Mixed Platforms.Deploy.0 = Release|Any CPU
		{0177DDC4-A5DF-48F2-B332-F7BC51006829}.AppStore|x86.ActiveCfg = Release|Any CPU
		{0177DDC4-A5DF-48F2-B332-F7BC51006829}.Debug|Any CPU.ActiveCfg = Debug|Any CPU
		{0177DDC4-A5DF-48F2-B332-F7BC51006829}.Debug|Any CPU.Build.0 = Debug|Any CPU
		{0177DDC4-A5DF-48F2-B332-F7BC51006829}.Debug|Any CPU.Deploy.0 = Debug|Any CPU
		{0177DDC4-A5DF-48F2-B332-F7BC51006829}.Debug|ARM.ActiveCfg = Debug|Any CPU
		{0177DDC4-A5DF-48F2-B332-F7BC51006829}.Debug|iPhone.ActiveCfg = Debug|Any CPU
		{0177DDC4-A5DF-48F2-B332-F7BC51006829}.Debug|iPhoneSimulator.ActiveCfg = Debug|Any CPU
		{0177DDC4-A5DF-48F2-B332-F7BC51006829}.Debug|Mixed Platforms.ActiveCfg = Debug|Any CPU
		{0177DDC4-A5DF-48F2-B332-F7BC51006829}.Debug|Mixed Platforms.Build.0 = Debug|Any CPU
		{0177DDC4-A5DF-48F2-B332-F7BC51006829}.Debug|Mixed Platforms.Deploy.0 = Debug|Any CPU
		{0177DDC4-A5DF-48F2-B332-F7BC51006829}.Debug|x86.ActiveCfg = Debug|Any CPU
		{0177DDC4-A5DF-48F2-B332-F7BC51006829}.Release|Any CPU.ActiveCfg = Release|Any CPU
		{0177DDC4-A5DF-48F2-B332-F7BC51006829}.Release|Any CPU.Build.0 = Release|Any CPU
		{0177DDC4-A5DF-48F2-B332-F7BC51006829}.Release|Any CPU.Deploy.0 = Release|Any CPU
		{0177DDC4-A5DF-48F2-B332-F7BC51006829}.Release|ARM.ActiveCfg = Release|Any CPU
		{0177DDC4-A5DF-48F2-B332-F7BC51006829}.Release|iPhone.ActiveCfg = Release|Any CPU
		{0177DDC4-A5DF-48F2-B332-F7BC51006829}.Release|iPhoneSimulator.ActiveCfg = Release|Any CPU
		{0177DDC4-A5DF-48F2-B332-F7BC51006829}.Release|Mixed Platforms.ActiveCfg = Release|Any CPU
		{0177DDC4-A5DF-48F2-B332-F7BC51006829}.Release|Mixed Platforms.Build.0 = Release|Any CPU
		{0177DDC4-A5DF-48F2-B332-F7BC51006829}.Release|Mixed Platforms.Deploy.0 = Release|Any CPU
		{0177DDC4-A5DF-48F2-B332-F7BC51006829}.Release|x86.ActiveCfg = Release|Any CPU
		{51580C6B-E582-4527-8B70-3B9838382B91}.Ad-Hoc|Any CPU.ActiveCfg = Release|Any CPU
		{51580C6B-E582-4527-8B70-3B9838382B91}.Ad-Hoc|Any CPU.Build.0 = Release|Any CPU
		{51580C6B-E582-4527-8B70-3B9838382B91}.Ad-Hoc|Any CPU.Deploy.0 = Release|Any CPU
		{51580C6B-E582-4527-8B70-3B9838382B91}.Ad-Hoc|ARM.ActiveCfg = Release|ARM
		{51580C6B-E582-4527-8B70-3B9838382B91}.Ad-Hoc|ARM.Build.0 = Release|ARM
		{51580C6B-E582-4527-8B70-3B9838382B91}.Ad-Hoc|ARM.Deploy.0 = Release|ARM
		{51580C6B-E582-4527-8B70-3B9838382B91}.Ad-Hoc|iPhone.ActiveCfg = Release|Any CPU
		{51580C6B-E582-4527-8B70-3B9838382B91}.Ad-Hoc|iPhoneSimulator.ActiveCfg = Release|Any CPU
		{51580C6B-E582-4527-8B70-3B9838382B91}.Ad-Hoc|Mixed Platforms.ActiveCfg = Release|x86
		{51580C6B-E582-4527-8B70-3B9838382B91}.Ad-Hoc|Mixed Platforms.Build.0 = Release|x86
		{51580C6B-E582-4527-8B70-3B9838382B91}.Ad-Hoc|Mixed Platforms.Deploy.0 = Release|x86
		{51580C6B-E582-4527-8B70-3B9838382B91}.Ad-Hoc|x86.ActiveCfg = Release|x86
		{51580C6B-E582-4527-8B70-3B9838382B91}.Ad-Hoc|x86.Build.0 = Release|x86
		{51580C6B-E582-4527-8B70-3B9838382B91}.Ad-Hoc|x86.Deploy.0 = Release|x86
		{51580C6B-E582-4527-8B70-3B9838382B91}.AppStore|Any CPU.ActiveCfg = Release|Any CPU
		{51580C6B-E582-4527-8B70-3B9838382B91}.AppStore|Any CPU.Build.0 = Release|Any CPU
		{51580C6B-E582-4527-8B70-3B9838382B91}.AppStore|Any CPU.Deploy.0 = Release|Any CPU
		{51580C6B-E582-4527-8B70-3B9838382B91}.AppStore|ARM.ActiveCfg = Release|ARM
		{51580C6B-E582-4527-8B70-3B9838382B91}.AppStore|ARM.Build.0 = Release|ARM
		{51580C6B-E582-4527-8B70-3B9838382B91}.AppStore|ARM.Deploy.0 = Release|ARM
		{51580C6B-E582-4527-8B70-3B9838382B91}.AppStore|iPhone.ActiveCfg = Release|Any CPU
		{51580C6B-E582-4527-8B70-3B9838382B91}.AppStore|iPhoneSimulator.ActiveCfg = Release|Any CPU
		{51580C6B-E582-4527-8B70-3B9838382B91}.AppStore|Mixed Platforms.ActiveCfg = Release|x86
		{51580C6B-E582-4527-8B70-3B9838382B91}.AppStore|Mixed Platforms.Build.0 = Release|x86
		{51580C6B-E582-4527-8B70-3B9838382B91}.AppStore|Mixed Platforms.Deploy.0 = Release|x86
		{51580C6B-E582-4527-8B70-3B9838382B91}.AppStore|x86.ActiveCfg = Release|x86
		{51580C6B-E582-4527-8B70-3B9838382B91}.AppStore|x86.Build.0 = Release|x86
		{51580C6B-E582-4527-8B70-3B9838382B91}.AppStore|x86.Deploy.0 = Release|x86
		{51580C6B-E582-4527-8B70-3B9838382B91}.Debug|Any CPU.ActiveCfg = Debug|Any CPU
		{51580C6B-E582-4527-8B70-3B9838382B91}.Debug|Any CPU.Build.0 = Debug|Any CPU
		{51580C6B-E582-4527-8B70-3B9838382B91}.Debug|Any CPU.Deploy.0 = Debug|Any CPU
		{51580C6B-E582-4527-8B70-3B9838382B91}.Debug|ARM.ActiveCfg = Debug|ARM
		{51580C6B-E582-4527-8B70-3B9838382B91}.Debug|ARM.Build.0 = Debug|ARM
		{51580C6B-E582-4527-8B70-3B9838382B91}.Debug|ARM.Deploy.0 = Debug|ARM
		{51580C6B-E582-4527-8B70-3B9838382B91}.Debug|iPhone.ActiveCfg = Debug|Any CPU
		{51580C6B-E582-4527-8B70-3B9838382B91}.Debug|iPhoneSimulator.ActiveCfg = Debug|Any CPU
		{51580C6B-E582-4527-8B70-3B9838382B91}.Debug|Mixed Platforms.ActiveCfg = Debug|x86
		{51580C6B-E582-4527-8B70-3B9838382B91}.Debug|Mixed Platforms.Build.0 = Debug|x86
		{51580C6B-E582-4527-8B70-3B9838382B91}.Debug|Mixed Platforms.Deploy.0 = Debug|x86
		{51580C6B-E582-4527-8B70-3B9838382B91}.Debug|x86.ActiveCfg = Debug|x86
		{51580C6B-E582-4527-8B70-3B9838382B91}.Debug|x86.Build.0 = Debug|x86
		{51580C6B-E582-4527-8B70-3B9838382B91}.Debug|x86.Deploy.0 = Debug|x86
		{51580C6B-E582-4527-8B70-3B9838382B91}.Release|Any CPU.ActiveCfg = Release|Any CPU
		{51580C6B-E582-4527-8B70-3B9838382B91}.Release|Any CPU.Build.0 = Release|Any CPU
		{51580C6B-E582-4527-8B70-3B9838382B91}.Release|Any CPU.Deploy.0 = Release|Any CPU
		{51580C6B-E582-4527-8B70-3B9838382B91}.Release|ARM.ActiveCfg = Release|ARM
		{51580C6B-E582-4527-8B70-3B9838382B91}.Release|ARM.Build.0 = Release|ARM
		{51580C6B-E582-4527-8B70-3B9838382B91}.Release|ARM.Deploy.0 = Release|ARM
		{51580C6B-E582-4527-8B70-3B9838382B91}.Release|iPhone.ActiveCfg = Release|Any CPU
		{51580C6B-E582-4527-8B70-3B9838382B91}.Release|iPhoneSimulator.ActiveCfg = Release|Any CPU
		{51580C6B-E582-4527-8B70-3B9838382B91}.Release|Mixed Platforms.ActiveCfg = Release|x86
		{51580C6B-E582-4527-8B70-3B9838382B91}.Release|Mixed Platforms.Build.0 = Release|x86
		{51580C6B-E582-4527-8B70-3B9838382B91}.Release|Mixed Platforms.Deploy.0 = Release|x86
		{51580C6B-E582-4527-8B70-3B9838382B91}.Release|x86.ActiveCfg = Release|x86
		{51580C6B-E582-4527-8B70-3B9838382B91}.Release|x86.Build.0 = Release|x86
		{51580C6B-E582-4527-8B70-3B9838382B91}.Release|x86.Deploy.0 = Release|x86
		{C6D0F5A7-DC39-4D28-AED9-AF7470A7BA3F}.Ad-Hoc|Any CPU.ActiveCfg = Release|Any CPU
		{C6D0F5A7-DC39-4D28-AED9-AF7470A7BA3F}.Ad-Hoc|Any CPU.Build.0 = Release|Any CPU
		{C6D0F5A7-DC39-4D28-AED9-AF7470A7BA3F}.Ad-Hoc|ARM.ActiveCfg = Release|Any CPU
		{C6D0F5A7-DC39-4D28-AED9-AF7470A7BA3F}.Ad-Hoc|iPhone.ActiveCfg = Release|Any CPU
		{C6D0F5A7-DC39-4D28-AED9-AF7470A7BA3F}.Ad-Hoc|iPhoneSimulator.ActiveCfg = Release|Any CPU
		{C6D0F5A7-DC39-4D28-AED9-AF7470A7BA3F}.Ad-Hoc|Mixed Platforms.ActiveCfg = Release|Any CPU
		{C6D0F5A7-DC39-4D28-AED9-AF7470A7BA3F}.Ad-Hoc|Mixed Platforms.Build.0 = Release|Any CPU
		{C6D0F5A7-DC39-4D28-AED9-AF7470A7BA3F}.Ad-Hoc|x86.ActiveCfg = Release|Any CPU
		{C6D0F5A7-DC39-4D28-AED9-AF7470A7BA3F}.AppStore|Any CPU.ActiveCfg = Release|Any CPU
		{C6D0F5A7-DC39-4D28-AED9-AF7470A7BA3F}.AppStore|Any CPU.Build.0 = Release|Any CPU
		{C6D0F5A7-DC39-4D28-AED9-AF7470A7BA3F}.AppStore|ARM.ActiveCfg = Release|Any CPU
		{C6D0F5A7-DC39-4D28-AED9-AF7470A7BA3F}.AppStore|iPhone.ActiveCfg = Release|Any CPU
		{C6D0F5A7-DC39-4D28-AED9-AF7470A7BA3F}.AppStore|iPhoneSimulator.ActiveCfg = Release|Any CPU
		{C6D0F5A7-DC39-4D28-AED9-AF7470A7BA3F}.AppStore|Mixed Platforms.ActiveCfg = Release|Any CPU
		{C6D0F5A7-DC39-4D28-AED9-AF7470A7BA3F}.AppStore|Mixed Platforms.Build.0 = Release|Any CPU
		{C6D0F5A7-DC39-4D28-AED9-AF7470A7BA3F}.AppStore|x86.ActiveCfg = Release|Any CPU
		{C6D0F5A7-DC39-4D28-AED9-AF7470A7BA3F}.Debug|Any CPU.ActiveCfg = Debug|Any CPU
		{C6D0F5A7-DC39-4D28-AED9-AF7470A7BA3F}.Debug|Any CPU.Build.0 = Debug|Any CPU
		{C6D0F5A7-DC39-4D28-AED9-AF7470A7BA3F}.Debug|ARM.ActiveCfg = Debug|Any CPU
		{C6D0F5A7-DC39-4D28-AED9-AF7470A7BA3F}.Debug|iPhone.ActiveCfg = Debug|Any CPU
		{C6D0F5A7-DC39-4D28-AED9-AF7470A7BA3F}.Debug|iPhoneSimulator.ActiveCfg = Debug|Any CPU
		{C6D0F5A7-DC39-4D28-AED9-AF7470A7BA3F}.Debug|Mixed Platforms.ActiveCfg = Debug|Any CPU
		{C6D0F5A7-DC39-4D28-AED9-AF7470A7BA3F}.Debug|Mixed Platforms.Build.0 = Debug|Any CPU
		{C6D0F5A7-DC39-4D28-AED9-AF7470A7BA3F}.Debug|x86.ActiveCfg = Debug|Any CPU
		{C6D0F5A7-DC39-4D28-AED9-AF7470A7BA3F}.Release|Any CPU.ActiveCfg = Release|Any CPU
		{C6D0F5A7-DC39-4D28-AED9-AF7470A7BA3F}.Release|Any CPU.Build.0 = Release|Any CPU
		{C6D0F5A7-DC39-4D28-AED9-AF7470A7BA3F}.Release|ARM.ActiveCfg = Release|Any CPU
		{C6D0F5A7-DC39-4D28-AED9-AF7470A7BA3F}.Release|iPhone.ActiveCfg = Release|Any CPU
		{C6D0F5A7-DC39-4D28-AED9-AF7470A7BA3F}.Release|iPhoneSimulator.ActiveCfg = Release|Any CPU
		{C6D0F5A7-DC39-4D28-AED9-AF7470A7BA3F}.Release|Mixed Platforms.ActiveCfg = Release|Any CPU
		{C6D0F5A7-DC39-4D28-AED9-AF7470A7BA3F}.Release|Mixed Platforms.Build.0 = Release|Any CPU
		{C6D0F5A7-DC39-4D28-AED9-AF7470A7BA3F}.Release|x86.ActiveCfg = Release|Any CPU
		{67BCEAAF-561A-4C8B-9B91-F72E5CF48D67}.Ad-Hoc|Any CPU.ActiveCfg = Release|Any CPU
		{67BCEAAF-561A-4C8B-9B91-F72E5CF48D67}.Ad-Hoc|Any CPU.Build.0 = Release|Any CPU
		{67BCEAAF-561A-4C8B-9B91-F72E5CF48D67}.Ad-Hoc|ARM.ActiveCfg = Release|Any CPU
		{67BCEAAF-561A-4C8B-9B91-F72E5CF48D67}.Ad-Hoc|iPhone.ActiveCfg = Release|Any CPU
		{67BCEAAF-561A-4C8B-9B91-F72E5CF48D67}.Ad-Hoc|iPhoneSimulator.ActiveCfg = Release|Any CPU
		{67BCEAAF-561A-4C8B-9B91-F72E5CF48D67}.Ad-Hoc|Mixed Platforms.ActiveCfg = Release|Any CPU
		{67BCEAAF-561A-4C8B-9B91-F72E5CF48D67}.Ad-Hoc|Mixed Platforms.Build.0 = Release|Any CPU
		{67BCEAAF-561A-4C8B-9B91-F72E5CF48D67}.Ad-Hoc|x86.ActiveCfg = Release|Any CPU
		{67BCEAAF-561A-4C8B-9B91-F72E5CF48D67}.AppStore|Any CPU.ActiveCfg = Release|Any CPU
		{67BCEAAF-561A-4C8B-9B91-F72E5CF48D67}.AppStore|Any CPU.Build.0 = Release|Any CPU
		{67BCEAAF-561A-4C8B-9B91-F72E5CF48D67}.AppStore|ARM.ActiveCfg = Release|Any CPU
		{67BCEAAF-561A-4C8B-9B91-F72E5CF48D67}.AppStore|iPhone.ActiveCfg = Release|Any CPU
		{67BCEAAF-561A-4C8B-9B91-F72E5CF48D67}.AppStore|iPhoneSimulator.ActiveCfg = Release|Any CPU
		{67BCEAAF-561A-4C8B-9B91-F72E5CF48D67}.AppStore|Mixed Platforms.ActiveCfg = Release|Any CPU
		{67BCEAAF-561A-4C8B-9B91-F72E5CF48D67}.AppStore|Mixed Platforms.Build.0 = Release|Any CPU
		{67BCEAAF-561A-4C8B-9B91-F72E5CF48D67}.AppStore|x86.ActiveCfg = Release|Any CPU
		{67BCEAAF-561A-4C8B-9B91-F72E5CF48D67}.Debug|Any CPU.ActiveCfg = Debug|Any CPU
		{67BCEAAF-561A-4C8B-9B91-F72E5CF48D67}.Debug|Any CPU.Build.0 = Debug|Any CPU
		{67BCEAAF-561A-4C8B-9B91-F72E5CF48D67}.Debug|ARM.ActiveCfg = Debug|Any CPU
		{67BCEAAF-561A-4C8B-9B91-F72E5CF48D67}.Debug|iPhone.ActiveCfg = Debug|Any CPU
		{67BCEAAF-561A-4C8B-9B91-F72E5CF48D67}.Debug|iPhoneSimulator.ActiveCfg = Debug|Any CPU
		{67BCEAAF-561A-4C8B-9B91-F72E5CF48D67}.Debug|Mixed Platforms.ActiveCfg = Debug|Any CPU
		{67BCEAAF-561A-4C8B-9B91-F72E5CF48D67}.Debug|Mixed Platforms.Build.0 = Debug|Any CPU
		{67BCEAAF-561A-4C8B-9B91-F72E5CF48D67}.Debug|x86.ActiveCfg = Debug|Any CPU
		{67BCEAAF-561A-4C8B-9B91-F72E5CF48D67}.Release|Any CPU.ActiveCfg = Release|Any CPU
		{67BCEAAF-561A-4C8B-9B91-F72E5CF48D67}.Release|Any CPU.Build.0 = Release|Any CPU
		{67BCEAAF-561A-4C8B-9B91-F72E5CF48D67}.Release|ARM.ActiveCfg = Release|Any CPU
		{67BCEAAF-561A-4C8B-9B91-F72E5CF48D67}.Release|iPhone.ActiveCfg = Release|Any CPU
		{67BCEAAF-561A-4C8B-9B91-F72E5CF48D67}.Release|iPhoneSimulator.ActiveCfg = Release|Any CPU
		{67BCEAAF-561A-4C8B-9B91-F72E5CF48D67}.Release|Mixed Platforms.ActiveCfg = Release|Any CPU
		{67BCEAAF-561A-4C8B-9B91-F72E5CF48D67}.Release|Mixed Platforms.Build.0 = Release|Any CPU
		{67BCEAAF-561A-4C8B-9B91-F72E5CF48D67}.Release|x86.ActiveCfg = Release|Any CPU
	EndGlobalSection
	GlobalSection(SolutionProperties) = preSolution
		HideSolutionNode = FALSE
	EndGlobalSection
EndGlobal
