
Microsoft Visual Studio Solution File, Format Version 12.00
# Visual Studio 14
VisualStudioVersion = 14.0.23107.0
MinimumVisualStudioVersion = 10.0.40219.1
Project("{FAE04EC0-301F-11D3-BF4B-00C04F79EFBC}") = "XF_JsonReader", "XF_JsonReader\XF_JsonReader\XF_JsonReader.csproj", "{C07E9926-B4C5-465C-91D6-CC96A41681BD}"
EndProject
Project("{FAE04EC0-301F-11D3-BF4B-00C04F79EFBC}") = "XF_JsonReader.iOS", "XF_JsonReader\XF_JsonReader.iOS\XF_JsonReader.iOS.csproj", "{0792E802-72BF-4792-A3BB-5C89E441A82D}"
EndProject
Project("{FAE04EC0-301F-11D3-BF4B-00C04F79EFBC}") = "XF_JsonReader.Droid", "XF_JsonReader\XF_JsonReader.Droid\XF_JsonReader.Droid.csproj", "{7EE343BC-94B5-4F15-B504-7AAF9D2A778F}"
EndProject
Project("{FAE04EC0-301F-11D3-BF4B-00C04F79EFBC}") = "XF_JsonReader.WinPhone", "XF_JsonReader\XF_JsonReader.WinPhone\XF_JsonReader.WinPhone.csproj", "{AD83D84B-A781-4724-91E9-3E220E0E9DDF}"
EndProject
Project("{FAE04EC0-301F-11D3-BF4B-00C04F79EFBC}") = "XF_JsonReader.Windows81", "XF_JsonReader\XF_JsonReader.Windows81\XF_JsonReader.Windows81.csproj", "{14B6BB25-4433-4C17-96D3-6538F78B3309}"
EndProject
Project("{FAE04EC0-301F-11D3-BF4B-00C04F79EFBC}") = "XF_JsonReader.WinPhone81", "XF_JsonReader\XF_JsonReader.WinPhone81\XF_JsonReader.WinPhone81.csproj", "{54C0971F-E243-4A74-BC57-40C4EF242083}"
EndProject
Global
	GlobalSection(SolutionConfigurationPlatforms) = preSolution
		Ad-Hoc|Any CPU = Ad-Hoc|Any CPU
		Ad-Hoc|ARM = Ad-Hoc|ARM
		Ad-Hoc|iPhone = Ad-Hoc|iPhone
		Ad-Hoc|iPhoneSimulator = Ad-Hoc|iPhoneSimulator
		Ad-Hoc|Mixed Platforms = Ad-Hoc|Mixed Platforms
		Ad-Hoc|x64 = Ad-Hoc|x64
		Ad-Hoc|x86 = Ad-Hoc|x86
		AppStore|Any CPU = AppStore|Any CPU
		AppStore|ARM = AppStore|ARM
		AppStore|iPhone = AppStore|iPhone
		AppStore|iPhoneSimulator = AppStore|iPhoneSimulator
		AppStore|Mixed Platforms = AppStore|Mixed Platforms
		AppStore|x64 = AppStore|x64
		AppStore|x86 = AppStore|x86
		Debug|Any CPU = Debug|Any CPU
		Debug|ARM = Debug|ARM
		Debug|iPhone = Debug|iPhone
		Debug|iPhoneSimulator = Debug|iPhoneSimulator
		Debug|Mixed Platforms = Debug|Mixed Platforms
		Debug|x64 = Debug|x64
		Debug|x86 = Debug|x86
		Release|Any CPU = Release|Any CPU
		Release|ARM = Release|ARM
		Release|iPhone = Release|iPhone
		Release|iPhoneSimulator = Release|iPhoneSimulator
		Release|Mixed Platforms = Release|Mixed Platforms
		Release|x64 = Release|x64
		Release|x86 = Release|x86
	EndGlobalSection
	GlobalSection(ProjectConfigurationPlatforms) = postSolution
		{C07E9926-B4C5-465C-91D6-CC96A41681BD}.Ad-Hoc|Any CPU.ActiveCfg = Release|Any CPU
		{C07E9926-B4C5-465C-91D6-CC96A41681BD}.Ad-Hoc|Any CPU.Build.0 = Release|Any CPU
		{C07E9926-B4C5-465C-91D6-CC96A41681BD}.Ad-Hoc|ARM.ActiveCfg = Release|Any CPU
		{C07E9926-B4C5-465C-91D6-CC96A41681BD}.Ad-Hoc|iPhone.ActiveCfg = Release|Any CPU
		{C07E9926-B4C5-465C-91D6-CC96A41681BD}.Ad-Hoc|iPhoneSimulator.ActiveCfg = Release|Any CPU
		{C07E9926-B4C5-465C-91D6-CC96A41681BD}.Ad-Hoc|Mixed Platforms.ActiveCfg = Release|Any CPU
		{C07E9926-B4C5-465C-91D6-CC96A41681BD}.Ad-Hoc|Mixed Platforms.Build.0 = Release|Any CPU
		{C07E9926-B4C5-465C-91D6-CC96A41681BD}.Ad-Hoc|x64.ActiveCfg = Debug|Any CPU
		{C07E9926-B4C5-465C-91D6-CC96A41681BD}.Ad-Hoc|x86.ActiveCfg = Release|Any CPU
		{C07E9926-B4C5-465C-91D6-CC96A41681BD}.AppStore|Any CPU.ActiveCfg = Release|Any CPU
		{C07E9926-B4C5-465C-91D6-CC96A41681BD}.AppStore|Any CPU.Build.0 = Release|Any CPU
		{C07E9926-B4C5-465C-91D6-CC96A41681BD}.AppStore|ARM.ActiveCfg = Release|Any CPU
		{C07E9926-B4C5-465C-91D6-CC96A41681BD}.AppStore|iPhone.ActiveCfg = Release|Any CPU
		{C07E9926-B4C5-465C-91D6-CC96A41681BD}.AppStore|iPhoneSimulator.ActiveCfg = Release|Any CPU
		{C07E9926-B4C5-465C-91D6-CC96A41681BD}.AppStore|Mixed Platforms.ActiveCfg = Release|Any CPU
		{C07E9926-B4C5-465C-91D6-CC96A41681BD}.AppStore|Mixed Platforms.Build.0 = Release|Any CPU
		{C07E9926-B4C5-465C-91D6-CC96A41681BD}.AppStore|x64.ActiveCfg = Debug|Any CPU
		{C07E9926-B4C5-465C-91D6-CC96A41681BD}.AppStore|x86.ActiveCfg = Release|Any CPU
		{C07E9926-B4C5-465C-91D6-CC96A41681BD}.Debug|Any CPU.ActiveCfg = Debug|Any CPU
		{C07E9926-B4C5-465C-91D6-CC96A41681BD}.Debug|Any CPU.Build.0 = Debug|Any CPU
		{C07E9926-B4C5-465C-91D6-CC96A41681BD}.Debug|ARM.ActiveCfg = Debug|Any CPU
		{C07E9926-B4C5-465C-91D6-CC96A41681BD}.Debug|iPhone.ActiveCfg = Debug|Any CPU
		{C07E9926-B4C5-465C-91D6-CC96A41681BD}.Debug|iPhone.Build.0 = Debug|Any CPU
		{C07E9926-B4C5-465C-91D6-CC96A41681BD}.Debug|iPhoneSimulator.ActiveCfg = Debug|Any CPU
		{C07E9926-B4C5-465C-91D6-CC96A41681BD}.Debug|iPhoneSimulator.Build.0 = Debug|Any CPU
		{C07E9926-B4C5-465C-91D6-CC96A41681BD}.Debug|Mixed Platforms.ActiveCfg = Debug|Any CPU
		{C07E9926-B4C5-465C-91D6-CC96A41681BD}.Debug|Mixed Platforms.Build.0 = Debug|Any CPU
		{C07E9926-B4C5-465C-91D6-CC96A41681BD}.Debug|x64.ActiveCfg = Debug|Any CPU
		{C07E9926-B4C5-465C-91D6-CC96A41681BD}.Debug|x86.ActiveCfg = Debug|Any CPU
		{C07E9926-B4C5-465C-91D6-CC96A41681BD}.Release|Any CPU.ActiveCfg = Release|Any CPU
		{C07E9926-B4C5-465C-91D6-CC96A41681BD}.Release|Any CPU.Build.0 = Release|Any CPU
		{C07E9926-B4C5-465C-91D6-CC96A41681BD}.Release|ARM.ActiveCfg = Release|Any CPU
		{C07E9926-B4C5-465C-91D6-CC96A41681BD}.Release|iPhone.ActiveCfg = Release|Any CPU
		{C07E9926-B4C5-465C-91D6-CC96A41681BD}.Release|iPhoneSimulator.ActiveCfg = Release|Any CPU
		{C07E9926-B4C5-465C-91D6-CC96A41681BD}.Release|Mixed Platforms.ActiveCfg = Release|Any CPU
		{C07E9926-B4C5-465C-91D6-CC96A41681BD}.Release|Mixed Platforms.Build.0 = Release|Any CPU
		{C07E9926-B4C5-465C-91D6-CC96A41681BD}.Release|x64.ActiveCfg = Release|Any CPU
		{C07E9926-B4C5-465C-91D6-CC96A41681BD}.Release|x86.ActiveCfg = Release|Any CPU
		{0792E802-72BF-4792-A3BB-5C89E441A82D}.Ad-Hoc|Any CPU.ActiveCfg = Ad-Hoc|iPhone
		{0792E802-72BF-4792-A3BB-5C89E441A82D}.Ad-Hoc|ARM.ActiveCfg = Ad-Hoc|iPhone
		{0792E802-72BF-4792-A3BB-5C89E441A82D}.Ad-Hoc|iPhone.ActiveCfg = Ad-Hoc|iPhone
		{0792E802-72BF-4792-A3BB-5C89E441A82D}.Ad-Hoc|iPhone.Build.0 = Ad-Hoc|iPhone
		{0792E802-72BF-4792-A3BB-5C89E441A82D}.Ad-Hoc|iPhoneSimulator.ActiveCfg = Ad-Hoc|iPhoneSimulator
		{0792E802-72BF-4792-A3BB-5C89E441A82D}.Ad-Hoc|iPhoneSimulator.Build.0 = Ad-Hoc|iPhoneSimulator
		{0792E802-72BF-4792-A3BB-5C89E441A82D}.Ad-Hoc|Mixed Platforms.ActiveCfg = Ad-Hoc|iPhone
		{0792E802-72BF-4792-A3BB-5C89E441A82D}.Ad-Hoc|Mixed Platforms.Build.0 = Ad-Hoc|iPhone
		{0792E802-72BF-4792-A3BB-5C89E441A82D}.Ad-Hoc|x64.ActiveCfg = Ad-Hoc|iPhoneSimulator
		{0792E802-72BF-4792-A3BB-5C89E441A82D}.Ad-Hoc|x86.ActiveCfg = Ad-Hoc|iPhone
		{0792E802-72BF-4792-A3BB-5C89E441A82D}.AppStore|Any CPU.ActiveCfg = AppStore|iPhone
		{0792E802-72BF-4792-A3BB-5C89E441A82D}.AppStore|ARM.ActiveCfg = AppStore|iPhone
		{0792E802-72BF-4792-A3BB-5C89E441A82D}.AppStore|iPhone.ActiveCfg = AppStore|iPhone
		{0792E802-72BF-4792-A3BB-5C89E441A82D}.AppStore|iPhone.Build.0 = AppStore|iPhone
		{0792E802-72BF-4792-A3BB-5C89E441A82D}.AppStore|iPhoneSimulator.ActiveCfg = AppStore|iPhoneSimulator
		{0792E802-72BF-4792-A3BB-5C89E441A82D}.AppStore|iPhoneSimulator.Build.0 = AppStore|iPhoneSimulator
		{0792E802-72BF-4792-A3BB-5C89E441A82D}.AppStore|Mixed Platforms.ActiveCfg = AppStore|iPhone
		{0792E802-72BF-4792-A3BB-5C89E441A82D}.AppStore|Mixed Platforms.Build.0 = AppStore|iPhone
		{0792E802-72BF-4792-A3BB-5C89E441A82D}.AppStore|x64.ActiveCfg = AppStore|iPhoneSimulator
		{0792E802-72BF-4792-A3BB-5C89E441A82D}.AppStore|x86.ActiveCfg = AppStore|iPhone
		{0792E802-72BF-4792-A3BB-5C89E441A82D}.Debug|Any CPU.ActiveCfg = Debug|iPhone
		{0792E802-72BF-4792-A3BB-5C89E441A82D}.Debug|ARM.ActiveCfg = Debug|iPhone
		{0792E802-72BF-4792-A3BB-5C89E441A82D}.Debug|iPhone.ActiveCfg = Debug|iPhone
		{0792E802-72BF-4792-A3BB-5C89E441A82D}.Debug|iPhoneSimulator.ActiveCfg = Debug|iPhoneSimulator
		{0792E802-72BF-4792-A3BB-5C89E441A82D}.Debug|iPhoneSimulator.Build.0 = Debug|iPhoneSimulator
		{0792E802-72BF-4792-A3BB-5C89E441A82D}.Debug|Mixed Platforms.ActiveCfg = Debug|iPhone
		{0792E802-72BF-4792-A3BB-5C89E441A82D}.Debug|Mixed Platforms.Build.0 = Debug|iPhone
		{0792E802-72BF-4792-A3BB-5C89E441A82D}.Debug|x64.ActiveCfg = Debug|iPhoneSimulator
		{0792E802-72BF-4792-A3BB-5C89E441A82D}.Debug|x86.ActiveCfg = Debug|iPhone
		{0792E802-72BF-4792-A3BB-5C89E441A82D}.Release|Any CPU.ActiveCfg = Release|iPhone
		{0792E802-72BF-4792-A3BB-5C89E441A82D}.Release|ARM.ActiveCfg = Release|iPhone
		{0792E802-72BF-4792-A3BB-5C89E441A82D}.Release|iPhone.ActiveCfg = Release|iPhone
		{0792E802-72BF-4792-A3BB-5C89E441A82D}.Release|iPhone.Build.0 = Release|iPhone
		{0792E802-72BF-4792-A3BB-5C89E441A82D}.Release|iPhoneSimulator.ActiveCfg = Release|iPhoneSimulator
		{0792E802-72BF-4792-A3BB-5C89E441A82D}.Release|iPhoneSimulator.Build.0 = Release|iPhoneSimulator
		{0792E802-72BF-4792-A3BB-5C89E441A82D}.Release|Mixed Platforms.ActiveCfg = Release|iPhone
		{0792E802-72BF-4792-A3BB-5C89E441A82D}.Release|Mixed Platforms.Build.0 = Release|iPhone
		{0792E802-72BF-4792-A3BB-5C89E441A82D}.Release|x64.ActiveCfg = Release|iPhoneSimulator
		{0792E802-72BF-4792-A3BB-5C89E441A82D}.Release|x86.ActiveCfg = Release|iPhone
		{7EE343BC-94B5-4F15-B504-7AAF9D2A778F}.Ad-Hoc|Any CPU.ActiveCfg = Release|Any CPU
		{7EE343BC-94B5-4F15-B504-7AAF9D2A778F}.Ad-Hoc|Any CPU.Build.0 = Release|Any CPU
		{7EE343BC-94B5-4F15-B504-7AAF9D2A778F}.Ad-Hoc|Any CPU.Deploy.0 = Release|Any CPU
		{7EE343BC-94B5-4F15-B504-7AAF9D2A778F}.Ad-Hoc|ARM.ActiveCfg = Release|Any CPU
		{7EE343BC-94B5-4F15-B504-7AAF9D2A778F}.Ad-Hoc|iPhone.ActiveCfg = Release|Any CPU
		{7EE343BC-94B5-4F15-B504-7AAF9D2A778F}.Ad-Hoc|iPhoneSimulator.ActiveCfg = Release|Any CPU
		{7EE343BC-94B5-4F15-B504-7AAF9D2A778F}.Ad-Hoc|Mixed Platforms.ActiveCfg = Release|Any CPU
		{7EE343BC-94B5-4F15-B504-7AAF9D2A778F}.Ad-Hoc|Mixed Platforms.Build.0 = Release|Any CPU
		{7EE343BC-94B5-4F15-B504-7AAF9D2A778F}.Ad-Hoc|Mixed Platforms.Deploy.0 = Release|Any CPU
		{7EE343BC-94B5-4F15-B504-7AAF9D2A778F}.Ad-Hoc|x64.ActiveCfg = Debug|Any CPU
		{7EE343BC-94B5-4F15-B504-7AAF9D2A778F}.Ad-Hoc|x86.ActiveCfg = Release|Any CPU
		{7EE343BC-94B5-4F15-B504-7AAF9D2A778F}.AppStore|Any CPU.ActiveCfg = Release|Any CPU
		{7EE343BC-94B5-4F15-B504-7AAF9D2A778F}.AppStore|Any CPU.Build.0 = Release|Any CPU
		{7EE343BC-94B5-4F15-B504-7AAF9D2A778F}.AppStore|Any CPU.Deploy.0 = Release|Any CPU
		{7EE343BC-94B5-4F15-B504-7AAF9D2A778F}.AppStore|ARM.ActiveCfg = Release|Any CPU
		{7EE343BC-94B5-4F15-B504-7AAF9D2A778F}.AppStore|iPhone.ActiveCfg = Release|Any CPU
		{7EE343BC-94B5-4F15-B504-7AAF9D2A778F}.AppStore|iPhoneSimulator.ActiveCfg = Release|Any CPU
		{7EE343BC-94B5-4F15-B504-7AAF9D2A778F}.AppStore|Mixed Platforms.ActiveCfg = Release|Any CPU
		{7EE343BC-94B5-4F15-B504-7AAF9D2A778F}.AppStore|Mixed Platforms.Build.0 = Release|Any CPU
		{7EE343BC-94B5-4F15-B504-7AAF9D2A778F}.AppStore|Mixed Platforms.Deploy.0 = Release|Any CPU
		{7EE343BC-94B5-4F15-B504-7AAF9D2A778F}.AppStore|x64.ActiveCfg = Debug|Any CPU
		{7EE343BC-94B5-4F15-B504-7AAF9D2A778F}.AppStore|x86.ActiveCfg = Release|Any CPU
		{7EE343BC-94B5-4F15-B504-7AAF9D2A778F}.Debug|Any CPU.ActiveCfg = Debug|Any CPU
		{7EE343BC-94B5-4F15-B504-7AAF9D2A778F}.Debug|Any CPU.Build.0 = Debug|Any CPU
		{7EE343BC-94B5-4F15-B504-7AAF9D2A778F}.Debug|Any CPU.Deploy.0 = Debug|Any CPU
		{7EE343BC-94B5-4F15-B504-7AAF9D2A778F}.Debug|ARM.ActiveCfg = Debug|Any CPU
		{7EE343BC-94B5-4F15-B504-7AAF9D2A778F}.Debug|iPhone.ActiveCfg = Debug|Any CPU
		{7EE343BC-94B5-4F15-B504-7AAF9D2A778F}.Debug|iPhoneSimulator.ActiveCfg = Debug|Any CPU
		{7EE343BC-94B5-4F15-B504-7AAF9D2A778F}.Debug|Mixed Platforms.ActiveCfg = Debug|Any CPU
		{7EE343BC-94B5-4F15-B504-7AAF9D2A778F}.Debug|Mixed Platforms.Build.0 = Debug|Any CPU
		{7EE343BC-94B5-4F15-B504-7AAF9D2A778F}.Debug|Mixed Platforms.Deploy.0 = Debug|Any CPU
		{7EE343BC-94B5-4F15-B504-7AAF9D2A778F}.Debug|x64.ActiveCfg = Debug|Any CPU
		{7EE343BC-94B5-4F15-B504-7AAF9D2A778F}.Debug|x86.ActiveCfg = Debug|Any CPU
		{7EE343BC-94B5-4F15-B504-7AAF9D2A778F}.Release|Any CPU.ActiveCfg = Release|Any CPU
		{7EE343BC-94B5-4F15-B504-7AAF9D2A778F}.Release|Any CPU.Build.0 = Release|Any CPU
		{7EE343BC-94B5-4F15-B504-7AAF9D2A778F}.Release|Any CPU.Deploy.0 = Release|Any CPU
		{7EE343BC-94B5-4F15-B504-7AAF9D2A778F}.Release|ARM.ActiveCfg = Release|Any CPU
		{7EE343BC-94B5-4F15-B504-7AAF9D2A778F}.Release|iPhone.ActiveCfg = Release|Any CPU
		{7EE343BC-94B5-4F15-B504-7AAF9D2A778F}.Release|iPhoneSimulator.ActiveCfg = Release|Any CPU
		{7EE343BC-94B5-4F15-B504-7AAF9D2A778F}.Release|Mixed Platforms.ActiveCfg = Release|Any CPU
		{7EE343BC-94B5-4F15-B504-7AAF9D2A778F}.Release|Mixed Platforms.Build.0 = Release|Any CPU
		{7EE343BC-94B5-4F15-B504-7AAF9D2A778F}.Release|Mixed Platforms.Deploy.0 = Release|Any CPU
		{7EE343BC-94B5-4F15-B504-7AAF9D2A778F}.Release|x64.ActiveCfg = Release|Any CPU
		{7EE343BC-94B5-4F15-B504-7AAF9D2A778F}.Release|x86.ActiveCfg = Release|Any CPU
		{AD83D84B-A781-4724-91E9-3E220E0E9DDF}.Ad-Hoc|Any CPU.ActiveCfg = Release|Any CPU
		{AD83D84B-A781-4724-91E9-3E220E0E9DDF}.Ad-Hoc|Any CPU.Build.0 = Release|Any CPU
		{AD83D84B-A781-4724-91E9-3E220E0E9DDF}.Ad-Hoc|Any CPU.Deploy.0 = Release|Any CPU
		{AD83D84B-A781-4724-91E9-3E220E0E9DDF}.Ad-Hoc|ARM.ActiveCfg = Release|ARM
		{AD83D84B-A781-4724-91E9-3E220E0E9DDF}.Ad-Hoc|ARM.Build.0 = Release|ARM
		{AD83D84B-A781-4724-91E9-3E220E0E9DDF}.Ad-Hoc|ARM.Deploy.0 = Release|ARM
		{AD83D84B-A781-4724-91E9-3E220E0E9DDF}.Ad-Hoc|iPhone.ActiveCfg = Release|Any CPU
		{AD83D84B-A781-4724-91E9-3E220E0E9DDF}.Ad-Hoc|iPhoneSimulator.ActiveCfg = Release|Any CPU
		{AD83D84B-A781-4724-91E9-3E220E0E9DDF}.Ad-Hoc|Mixed Platforms.ActiveCfg = Release|x86
		{AD83D84B-A781-4724-91E9-3E220E0E9DDF}.Ad-Hoc|Mixed Platforms.Build.0 = Release|x86
		{AD83D84B-A781-4724-91E9-3E220E0E9DDF}.Ad-Hoc|Mixed Platforms.Deploy.0 = Release|x86
		{AD83D84B-A781-4724-91E9-3E220E0E9DDF}.Ad-Hoc|x64.ActiveCfg = Debug|Any CPU
		{AD83D84B-A781-4724-91E9-3E220E0E9DDF}.Ad-Hoc|x86.ActiveCfg = Release|x86
		{AD83D84B-A781-4724-91E9-3E220E0E9DDF}.Ad-Hoc|x86.Build.0 = Release|x86
		{AD83D84B-A781-4724-91E9-3E220E0E9DDF}.Ad-Hoc|x86.Deploy.0 = Release|x86
		{AD83D84B-A781-4724-91E9-3E220E0E9DDF}.AppStore|Any CPU.ActiveCfg = Release|Any CPU
		{AD83D84B-A781-4724-91E9-3E220E0E9DDF}.AppStore|Any CPU.Build.0 = Release|Any CPU
		{AD83D84B-A781-4724-91E9-3E220E0E9DDF}.AppStore|Any CPU.Deploy.0 = Release|Any CPU
		{AD83D84B-A781-4724-91E9-3E220E0E9DDF}.AppStore|ARM.ActiveCfg = Release|ARM
		{AD83D84B-A781-4724-91E9-3E220E0E9DDF}.AppStore|ARM.Build.0 = Release|ARM
		{AD83D84B-A781-4724-91E9-3E220E0E9DDF}.AppStore|ARM.Deploy.0 = Release|ARM
		{AD83D84B-A781-4724-91E9-3E220E0E9DDF}.AppStore|iPhone.ActiveCfg = Release|Any CPU
		{AD83D84B-A781-4724-91E9-3E220E0E9DDF}.AppStore|iPhoneSimulator.ActiveCfg = Release|Any CPU
		{AD83D84B-A781-4724-91E9-3E220E0E9DDF}.AppStore|Mixed Platforms.ActiveCfg = Release|x86
		{AD83D84B-A781-4724-91E9-3E220E0E9DDF}.AppStore|Mixed Platforms.Build.0 = Release|x86
		{AD83D84B-A781-4724-91E9-3E220E0E9DDF}.AppStore|Mixed Platforms.Deploy.0 = Release|x86
		{AD83D84B-A781-4724-91E9-3E220E0E9DDF}.AppStore|x64.ActiveCfg = Debug|Any CPU
		{AD83D84B-A781-4724-91E9-3E220E0E9DDF}.AppStore|x86.ActiveCfg = Release|x86
		{AD83D84B-A781-4724-91E9-3E220E0E9DDF}.AppStore|x86.Build.0 = Release|x86
		{AD83D84B-A781-4724-91E9-3E220E0E9DDF}.AppStore|x86.Deploy.0 = Release|x86
		{AD83D84B-A781-4724-91E9-3E220E0E9DDF}.Debug|Any CPU.ActiveCfg = Debug|Any CPU
		{AD83D84B-A781-4724-91E9-3E220E0E9DDF}.Debug|Any CPU.Build.0 = Debug|Any CPU
		{AD83D84B-A781-4724-91E9-3E220E0E9DDF}.Debug|Any CPU.Deploy.0 = Debug|Any CPU
		{AD83D84B-A781-4724-91E9-3E220E0E9DDF}.Debug|ARM.ActiveCfg = Debug|ARM
		{AD83D84B-A781-4724-91E9-3E220E0E9DDF}.Debug|ARM.Build.0 = Debug|ARM
		{AD83D84B-A781-4724-91E9-3E220E0E9DDF}.Debug|ARM.Deploy.0 = Debug|ARM
		{AD83D84B-A781-4724-91E9-3E220E0E9DDF}.Debug|iPhone.ActiveCfg = Debug|Any CPU
		{AD83D84B-A781-4724-91E9-3E220E0E9DDF}.Debug|iPhoneSimulator.ActiveCfg = Debug|Any CPU
		{AD83D84B-A781-4724-91E9-3E220E0E9DDF}.Debug|Mixed Platforms.ActiveCfg = Debug|x86
		{AD83D84B-A781-4724-91E9-3E220E0E9DDF}.Debug|Mixed Platforms.Build.0 = Debug|x86
		{AD83D84B-A781-4724-91E9-3E220E0E9DDF}.Debug|Mixed Platforms.Deploy.0 = Debug|x86
		{AD83D84B-A781-4724-91E9-3E220E0E9DDF}.Debug|x64.ActiveCfg = Debug|Any CPU
		{AD83D84B-A781-4724-91E9-3E220E0E9DDF}.Debug|x86.ActiveCfg = Debug|x86
		{AD83D84B-A781-4724-91E9-3E220E0E9DDF}.Debug|x86.Build.0 = Debug|x86
		{AD83D84B-A781-4724-91E9-3E220E0E9DDF}.Debug|x86.Deploy.0 = Debug|x86
		{AD83D84B-A781-4724-91E9-3E220E0E9DDF}.Release|Any CPU.ActiveCfg = Release|Any CPU
		{AD83D84B-A781-4724-91E9-3E220E0E9DDF}.Release|Any CPU.Build.0 = Release|Any CPU
		{AD83D84B-A781-4724-91E9-3E220E0E9DDF}.Release|Any CPU.Deploy.0 = Release|Any CPU
		{AD83D84B-A781-4724-91E9-3E220E0E9DDF}.Release|ARM.ActiveCfg = Release|ARM
		{AD83D84B-A781-4724-91E9-3E220E0E9DDF}.Release|ARM.Build.0 = Release|ARM
		{AD83D84B-A781-4724-91E9-3E220E0E9DDF}.Release|ARM.Deploy.0 = Release|ARM
		{AD83D84B-A781-4724-91E9-3E220E0E9DDF}.Release|iPhone.ActiveCfg = Release|Any CPU
		{AD83D84B-A781-4724-91E9-3E220E0E9DDF}.Release|iPhoneSimulator.ActiveCfg = Release|Any CPU
		{AD83D84B-A781-4724-91E9-3E220E0E9DDF}.Release|Mixed Platforms.ActiveCfg = Release|x86
		{AD83D84B-A781-4724-91E9-3E220E0E9DDF}.Release|Mixed Platforms.Build.0 = Release|x86
		{AD83D84B-A781-4724-91E9-3E220E0E9DDF}.Release|Mixed Platforms.Deploy.0 = Release|x86
		{AD83D84B-A781-4724-91E9-3E220E0E9DDF}.Release|x64.ActiveCfg = Release|Any CPU
		{AD83D84B-A781-4724-91E9-3E220E0E9DDF}.Release|x86.ActiveCfg = Release|x86
		{AD83D84B-A781-4724-91E9-3E220E0E9DDF}.Release|x86.Build.0 = Release|x86
		{AD83D84B-A781-4724-91E9-3E220E0E9DDF}.Release|x86.Deploy.0 = Release|x86
		{14B6BB25-4433-4C17-96D3-6538F78B3309}.Ad-Hoc|Any CPU.ActiveCfg = Release|Any CPU
		{14B6BB25-4433-4C17-96D3-6538F78B3309}.Ad-Hoc|Any CPU.Build.0 = Release|Any CPU
		{14B6BB25-4433-4C17-96D3-6538F78B3309}.Ad-Hoc|Any CPU.Deploy.0 = Release|Any CPU
		{14B6BB25-4433-4C17-96D3-6538F78B3309}.Ad-Hoc|ARM.ActiveCfg = Release|ARM
		{14B6BB25-4433-4C17-96D3-6538F78B3309}.Ad-Hoc|ARM.Build.0 = Release|ARM
		{14B6BB25-4433-4C17-96D3-6538F78B3309}.Ad-Hoc|ARM.Deploy.0 = Release|ARM
		{14B6BB25-4433-4C17-96D3-6538F78B3309}.Ad-Hoc|iPhone.ActiveCfg = Release|Any CPU
		{14B6BB25-4433-4C17-96D3-6538F78B3309}.Ad-Hoc|iPhoneSimulator.ActiveCfg = Release|Any CPU
		{14B6BB25-4433-4C17-96D3-6538F78B3309}.Ad-Hoc|Mixed Platforms.ActiveCfg = Release|x86
		{14B6BB25-4433-4C17-96D3-6538F78B3309}.Ad-Hoc|Mixed Platforms.Build.0 = Release|x86
		{14B6BB25-4433-4C17-96D3-6538F78B3309}.Ad-Hoc|Mixed Platforms.Deploy.0 = Release|x86
		{14B6BB25-4433-4C17-96D3-6538F78B3309}.Ad-Hoc|x64.ActiveCfg = Release|x64
		{14B6BB25-4433-4C17-96D3-6538F78B3309}.Ad-Hoc|x64.Build.0 = Release|x64
		{14B6BB25-4433-4C17-96D3-6538F78B3309}.Ad-Hoc|x64.Deploy.0 = Release|x64
		{14B6BB25-4433-4C17-96D3-6538F78B3309}.Ad-Hoc|x86.ActiveCfg = Release|x86
		{14B6BB25-4433-4C17-96D3-6538F78B3309}.Ad-Hoc|x86.Build.0 = Release|x86
		{14B6BB25-4433-4C17-96D3-6538F78B3309}.Ad-Hoc|x86.Deploy.0 = Release|x86
		{14B6BB25-4433-4C17-96D3-6538F78B3309}.AppStore|Any CPU.ActiveCfg = Release|Any CPU
		{14B6BB25-4433-4C17-96D3-6538F78B3309}.AppStore|Any CPU.Build.0 = Release|Any CPU
		{14B6BB25-4433-4C17-96D3-6538F78B3309}.AppStore|Any CPU.Deploy.0 = Release|Any CPU
		{14B6BB25-4433-4C17-96D3-6538F78B3309}.AppStore|ARM.ActiveCfg = Release|ARM
		{14B6BB25-4433-4C17-96D3-6538F78B3309}.AppStore|ARM.Build.0 = Release|ARM
		{14B6BB25-4433-4C17-96D3-6538F78B3309}.AppStore|ARM.Deploy.0 = Release|ARM
		{14B6BB25-4433-4C17-96D3-6538F78B3309}.AppStore|iPhone.ActiveCfg = Release|Any CPU
		{14B6BB25-4433-4C17-96D3-6538F78B3309}.AppStore|iPhoneSimulator.ActiveCfg = Release|Any CPU
		{14B6BB25-4433-4C17-96D3-6538F78B3309}.AppStore|Mixed Platforms.ActiveCfg = Release|x86
		{14B6BB25-4433-4C17-96D3-6538F78B3309}.AppStore|Mixed Platforms.Build.0 = Release|x86
		{14B6BB25-4433-4C17-96D3-6538F78B3309}.AppStore|Mixed Platforms.Deploy.0 = Release|x86
		{14B6BB25-4433-4C17-96D3-6538F78B3309}.AppStore|x64.ActiveCfg = Release|x64
		{14B6BB25-4433-4C17-96D3-6538F78B3309}.AppStore|x64.Build.0 = Release|x64
		{14B6BB25-4433-4C17-96D3-6538F78B3309}.AppStore|x64.Deploy.0 = Release|x64
		{14B6BB25-4433-4C17-96D3-6538F78B3309}.AppStore|x86.ActiveCfg = Release|x86
		{14B6BB25-4433-4C17-96D3-6538F78B3309}.AppStore|x86.Build.0 = Release|x86
		{14B6BB25-4433-4C17-96D3-6538F78B3309}.AppStore|x86.Deploy.0 = Release|x86
		{14B6BB25-4433-4C17-96D3-6538F78B3309}.Debug|Any CPU.ActiveCfg = Debug|Any CPU
		{14B6BB25-4433-4C17-96D3-6538F78B3309}.Debug|Any CPU.Build.0 = Debug|Any CPU
		{14B6BB25-4433-4C17-96D3-6538F78B3309}.Debug|Any CPU.Deploy.0 = Debug|Any CPU
		{14B6BB25-4433-4C17-96D3-6538F78B3309}.Debug|ARM.ActiveCfg = Debug|ARM
		{14B6BB25-4433-4C17-96D3-6538F78B3309}.Debug|ARM.Build.0 = Debug|ARM
		{14B6BB25-4433-4C17-96D3-6538F78B3309}.Debug|ARM.Deploy.0 = Debug|ARM
		{14B6BB25-4433-4C17-96D3-6538F78B3309}.Debug|iPhone.ActiveCfg = Debug|Any CPU
		{14B6BB25-4433-4C17-96D3-6538F78B3309}.Debug|iPhoneSimulator.ActiveCfg = Debug|Any CPU
		{14B6BB25-4433-4C17-96D3-6538F78B3309}.Debug|Mixed Platforms.ActiveCfg = Debug|x86
		{14B6BB25-4433-4C17-96D3-6538F78B3309}.Debug|Mixed Platforms.Build.0 = Debug|x86
		{14B6BB25-4433-4C17-96D3-6538F78B3309}.Debug|Mixed Platforms.Deploy.0 = Debug|x86
		{14B6BB25-4433-4C17-96D3-6538F78B3309}.Debug|x64.ActiveCfg = Debug|x64
		{14B6BB25-4433-4C17-96D3-6538F78B3309}.Debug|x64.Build.0 = Debug|x64
		{14B6BB25-4433-4C17-96D3-6538F78B3309}.Debug|x64.Deploy.0 = Debug|x64
		{14B6BB25-4433-4C17-96D3-6538F78B3309}.Debug|x86.ActiveCfg = Debug|x86
		{14B6BB25-4433-4C17-96D3-6538F78B3309}.Debug|x86.Build.0 = Debug|x86
		{14B6BB25-4433-4C17-96D3-6538F78B3309}.Debug|x86.Deploy.0 = Debug|x86
		{14B6BB25-4433-4C17-96D3-6538F78B3309}.Release|Any CPU.ActiveCfg = Release|Any CPU
		{14B6BB25-4433-4C17-96D3-6538F78B3309}.Release|Any CPU.Build.0 = Release|Any CPU
		{14B6BB25-4433-4C17-96D3-6538F78B3309}.Release|Any CPU.Deploy.0 = Release|Any CPU
		{14B6BB25-4433-4C17-96D3-6538F78B3309}.Release|ARM.ActiveCfg = Release|ARM
		{14B6BB25-4433-4C17-96D3-6538F78B3309}.Release|ARM.Build.0 = Release|ARM
		{14B6BB25-4433-4C17-96D3-6538F78B3309}.Release|ARM.Deploy.0 = Release|ARM
		{14B6BB25-4433-4C17-96D3-6538F78B3309}.Release|iPhone.ActiveCfg = Release|Any CPU
		{14B6BB25-4433-4C17-96D3-6538F78B3309}.Release|iPhoneSimulator.ActiveCfg = Release|Any CPU
		{14B6BB25-4433-4C17-96D3-6538F78B3309}.Release|Mixed Platforms.ActiveCfg = Release|x86
		{14B6BB25-4433-4C17-96D3-6538F78B3309}.Release|Mixed Platforms.Build.0 = Release|x86
		{14B6BB25-4433-4C17-96D3-6538F78B3309}.Release|Mixed Platforms.Deploy.0 = Release|x86
		{14B6BB25-4433-4C17-96D3-6538F78B3309}.Release|x64.ActiveCfg = Release|x64
		{14B6BB25-4433-4C17-96D3-6538F78B3309}.Release|x64.Build.0 = Release|x64
		{14B6BB25-4433-4C17-96D3-6538F78B3309}.Release|x64.Deploy.0 = Release|x64
		{14B6BB25-4433-4C17-96D3-6538F78B3309}.Release|x86.ActiveCfg = Release|x86
		{14B6BB25-4433-4C17-96D3-6538F78B3309}.Release|x86.Build.0 = Release|x86
		{14B6BB25-4433-4C17-96D3-6538F78B3309}.Release|x86.Deploy.0 = Release|x86
		{54C0971F-E243-4A74-BC57-40C4EF242083}.Ad-Hoc|Any CPU.ActiveCfg = Release|Any CPU
		{54C0971F-E243-4A74-BC57-40C4EF242083}.Ad-Hoc|Any CPU.Build.0 = Release|Any CPU
		{54C0971F-E243-4A74-BC57-40C4EF242083}.Ad-Hoc|Any CPU.Deploy.0 = Release|Any CPU
		{54C0971F-E243-4A74-BC57-40C4EF242083}.Ad-Hoc|ARM.ActiveCfg = Release|ARM
		{54C0971F-E243-4A74-BC57-40C4EF242083}.Ad-Hoc|ARM.Build.0 = Release|ARM
		{54C0971F-E243-4A74-BC57-40C4EF242083}.Ad-Hoc|ARM.Deploy.0 = Release|ARM
		{54C0971F-E243-4A74-BC57-40C4EF242083}.Ad-Hoc|iPhone.ActiveCfg = Release|Any CPU
		{54C0971F-E243-4A74-BC57-40C4EF242083}.Ad-Hoc|iPhoneSimulator.ActiveCfg = Release|Any CPU
		{54C0971F-E243-4A74-BC57-40C4EF242083}.Ad-Hoc|Mixed Platforms.ActiveCfg = Release|x86
		{54C0971F-E243-4A74-BC57-40C4EF242083}.Ad-Hoc|Mixed Platforms.Build.0 = Release|x86
		{54C0971F-E243-4A74-BC57-40C4EF242083}.Ad-Hoc|Mixed Platforms.Deploy.0 = Release|x86
		{54C0971F-E243-4A74-BC57-40C4EF242083}.Ad-Hoc|x64.ActiveCfg = Release|Any CPU
		{54C0971F-E243-4A74-BC57-40C4EF242083}.Ad-Hoc|x86.ActiveCfg = Release|x86
		{54C0971F-E243-4A74-BC57-40C4EF242083}.Ad-Hoc|x86.Build.0 = Release|x86
		{54C0971F-E243-4A74-BC57-40C4EF242083}.Ad-Hoc|x86.Deploy.0 = Release|x86
		{54C0971F-E243-4A74-BC57-40C4EF242083}.AppStore|Any CPU.ActiveCfg = Release|Any CPU
		{54C0971F-E243-4A74-BC57-40C4EF242083}.AppStore|Any CPU.Build.0 = Release|Any CPU
		{54C0971F-E243-4A74-BC57-40C4EF242083}.AppStore|Any CPU.Deploy.0 = Release|Any CPU
		{54C0971F-E243-4A74-BC57-40C4EF242083}.AppStore|ARM.ActiveCfg = Release|ARM
		{54C0971F-E243-4A74-BC57-40C4EF242083}.AppStore|ARM.Build.0 = Release|ARM
		{54C0971F-E243-4A74-BC57-40C4EF242083}.AppStore|ARM.Deploy.0 = Release|ARM
		{54C0971F-E243-4A74-BC57-40C4EF242083}.AppStore|iPhone.ActiveCfg = Release|Any CPU
		{54C0971F-E243-4A74-BC57-40C4EF242083}.AppStore|iPhoneSimulator.ActiveCfg = Release|Any CPU
		{54C0971F-E243-4A74-BC57-40C4EF242083}.AppStore|Mixed Platforms.ActiveCfg = Release|x86
		{54C0971F-E243-4A74-BC57-40C4EF242083}.AppStore|Mixed Platforms.Build.0 = Release|x86
		{54C0971F-E243-4A74-BC57-40C4EF242083}.AppStore|Mixed Platforms.Deploy.0 = Release|x86
		{54C0971F-E243-4A74-BC57-40C4EF242083}.AppStore|x64.ActiveCfg = Release|Any CPU
		{54C0971F-E243-4A74-BC57-40C4EF242083}.AppStore|x86.ActiveCfg = Release|x86
		{54C0971F-E243-4A74-BC57-40C4EF242083}.AppStore|x86.Build.0 = Release|x86
		{54C0971F-E243-4A74-BC57-40C4EF242083}.AppStore|x86.Deploy.0 = Release|x86
		{54C0971F-E243-4A74-BC57-40C4EF242083}.Debug|Any CPU.ActiveCfg = Debug|Any CPU
		{54C0971F-E243-4A74-BC57-40C4EF242083}.Debug|Any CPU.Build.0 = Debug|Any CPU
		{54C0971F-E243-4A74-BC57-40C4EF242083}.Debug|Any CPU.Deploy.0 = Debug|Any CPU
		{54C0971F-E243-4A74-BC57-40C4EF242083}.Debug|ARM.ActiveCfg = Debug|ARM
		{54C0971F-E243-4A74-BC57-40C4EF242083}.Debug|ARM.Build.0 = Debug|ARM
		{54C0971F-E243-4A74-BC57-40C4EF242083}.Debug|ARM.Deploy.0 = Debug|ARM
		{54C0971F-E243-4A74-BC57-40C4EF242083}.Debug|iPhone.ActiveCfg = Debug|Any CPU
		{54C0971F-E243-4A74-BC57-40C4EF242083}.Debug|iPhoneSimulator.ActiveCfg = Debug|Any CPU
		{54C0971F-E243-4A74-BC57-40C4EF242083}.Debug|Mixed Platforms.ActiveCfg = Debug|x86
		{54C0971F-E243-4A74-BC57-40C4EF242083}.Debug|Mixed Platforms.Build.0 = Debug|x86
		{54C0971F-E243-4A74-BC57-40C4EF242083}.Debug|Mixed Platforms.Deploy.0 = Debug|x86
		{54C0971F-E243-4A74-BC57-40C4EF242083}.Debug|x64.ActiveCfg = Debug|Any CPU
		{54C0971F-E243-4A74-BC57-40C4EF242083}.Debug|x86.ActiveCfg = Debug|x86
		{54C0971F-E243-4A74-BC57-40C4EF242083}.Debug|x86.Build.0 = Debug|x86
		{54C0971F-E243-4A74-BC57-40C4EF242083}.Debug|x86.Deploy.0 = Debug|x86
		{54C0971F-E243-4A74-BC57-40C4EF242083}.Release|Any CPU.ActiveCfg = Release|Any CPU
		{54C0971F-E243-4A74-BC57-40C4EF242083}.Release|Any CPU.Build.0 = Release|Any CPU
		{54C0971F-E243-4A74-BC57-40C4EF242083}.Release|Any CPU.Deploy.0 = Release|Any CPU
		{54C0971F-E243-4A74-BC57-40C4EF242083}.Release|ARM.ActiveCfg = Release|ARM
		{54C0971F-E243-4A74-BC57-40C4EF242083}.Release|ARM.Build.0 = Release|ARM
		{54C0971F-E243-4A74-BC57-40C4EF242083}.Release|ARM.Deploy.0 = Release|ARM
		{54C0971F-E243-4A74-BC57-40C4EF242083}.Release|iPhone.ActiveCfg = Release|Any CPU
		{54C0971F-E243-4A74-BC57-40C4EF242083}.Release|iPhoneSimulator.ActiveCfg = Release|Any CPU
		{54C0971F-E243-4A74-BC57-40C4EF242083}.Release|Mixed Platforms.ActiveCfg = Release|x86
		{54C0971F-E243-4A74-BC57-40C4EF242083}.Release|Mixed Platforms.Build.0 = Release|x86
		{54C0971F-E243-4A74-BC57-40C4EF242083}.Release|Mixed Platforms.Deploy.0 = Release|x86
		{54C0971F-E243-4A74-BC57-40C4EF242083}.Release|x64.ActiveCfg = Release|Any CPU
		{54C0971F-E243-4A74-BC57-40C4EF242083}.Release|x86.ActiveCfg = Release|x86
		{54C0971F-E243-4A74-BC57-40C4EF242083}.Release|x86.Build.0 = Release|x86
		{54C0971F-E243-4A74-BC57-40C4EF242083}.Release|x86.Deploy.0 = Release|x86
	EndGlobalSection
	GlobalSection(SolutionProperties) = preSolution
		HideSolutionNode = FALSE
	EndGlobalSection
EndGlobal
