
Microsoft Visual Studio Solution File, Format Version 12.00
# Visual Studio 2013
VisualStudioVersion = 12.0.30723.0
MinimumVisualStudioVersion = 10.0.40219.1
Project("{FAE04EC0-301F-11D3-BF4B-00C04F79EFBC}") = "VSXF_Maps", "VSXF_Maps\VSXF_Maps\VSXF_Maps.csproj", "{654D89B5-58A1-4A2D-B0BE-9B1FACF42C2D}"
EndProject
Project("{FAE04EC0-301F-11D3-BF4B-00C04F79EFBC}") = "VSXF_Maps.iOS", "VSXF_Maps\VSXF_Maps.iOS\VSXF_Maps.iOS.csproj", "{B320A800-0F64-4882-A3BA-D595CF856C80}"
EndProject
Project("{FAE04EC0-301F-11D3-BF4B-00C04F79EFBC}") = "VSXF_Maps.Android", "VSXF_Maps\VSXF_Maps.Android\VSXF_Maps.Android.csproj", "{7EC98A6D-59E9-4E60-AF58-B15181E7970D}"
EndProject
Project("{FAE04EC0-301F-11D3-BF4B-00C04F79EFBC}") = "VSXF_Maps.WinPhone", "VSXF_Maps\VSXF_Maps.WinPhone\VSXF_Maps.WinPhone.csproj", "{811A9B73-AC5B-40C9-B501-BE39C8453531}"
EndProject
Global
	GlobalSection(SolutionConfigurationPlatforms) = preSolution
		Ad-Hoc|Any CPU = Ad-Hoc|Any CPU
		Ad-Hoc|ARM = Ad-Hoc|ARM
		Ad-Hoc|iPhone = Ad-Hoc|iPhone
		Ad-Hoc|iPhoneSimulator = Ad-Hoc|iPhoneSimulator
		Ad-Hoc|Mixed Platforms = Ad-Hoc|Mixed Platforms
		Ad-Hoc|x86 = Ad-Hoc|x86
		AppStore|Any CPU = AppStore|Any CPU
		AppStore|ARM = AppStore|ARM
		AppStore|iPhone = AppStore|iPhone
		AppStore|iPhoneSimulator = AppStore|iPhoneSimulator
		AppStore|Mixed Platforms = AppStore|Mixed Platforms
		AppStore|x86 = AppStore|x86
		Debug|Any CPU = Debug|Any CPU
		Debug|ARM = Debug|ARM
		Debug|iPhone = Debug|iPhone
		Debug|iPhoneSimulator = Debug|iPhoneSimulator
		Debug|Mixed Platforms = Debug|Mixed Platforms
		Debug|x86 = Debug|x86
		Release|Any CPU = Release|Any CPU
		Release|ARM = Release|ARM
		Release|iPhone = Release|iPhone
		Release|iPhoneSimulator = Release|iPhoneSimulator
		Release|Mixed Platforms = Release|Mixed Platforms
		Release|x86 = Release|x86
	EndGlobalSection
	GlobalSection(ProjectConfigurationPlatforms) = postSolution
		{654D89B5-58A1-4A2D-B0BE-9B1FACF42C2D}.Ad-Hoc|Any CPU.ActiveCfg = Release|Any CPU
		{654D89B5-58A1-4A2D-B0BE-9B1FACF42C2D}.Ad-Hoc|Any CPU.Build.0 = Release|Any CPU
		{654D89B5-58A1-4A2D-B0BE-9B1FACF42C2D}.Ad-Hoc|ARM.ActiveCfg = Release|Any CPU
		{654D89B5-58A1-4A2D-B0BE-9B1FACF42C2D}.Ad-Hoc|iPhone.ActiveCfg = Release|Any CPU
		{654D89B5-58A1-4A2D-B0BE-9B1FACF42C2D}.Ad-Hoc|iPhoneSimulator.ActiveCfg = Release|Any CPU
		{654D89B5-58A1-4A2D-B0BE-9B1FACF42C2D}.Ad-Hoc|Mixed Platforms.ActiveCfg = Release|Any CPU
		{654D89B5-58A1-4A2D-B0BE-9B1FACF42C2D}.Ad-Hoc|Mixed Platforms.Build.0 = Release|Any CPU
		{654D89B5-58A1-4A2D-B0BE-9B1FACF42C2D}.Ad-Hoc|x86.ActiveCfg = Release|Any CPU
		{654D89B5-58A1-4A2D-B0BE-9B1FACF42C2D}.AppStore|Any CPU.ActiveCfg = Release|Any CPU
		{654D89B5-58A1-4A2D-B0BE-9B1FACF42C2D}.AppStore|Any CPU.Build.0 = Release|Any CPU
		{654D89B5-58A1-4A2D-B0BE-9B1FACF42C2D}.AppStore|ARM.ActiveCfg = Release|Any CPU
		{654D89B5-58A1-4A2D-B0BE-9B1FACF42C2D}.AppStore|iPhone.ActiveCfg = Release|Any CPU
		{654D89B5-58A1-4A2D-B0BE-9B1FACF42C2D}.AppStore|iPhoneSimulator.ActiveCfg = Release|Any CPU
		{654D89B5-58A1-4A2D-B0BE-9B1FACF42C2D}.AppStore|Mixed Platforms.ActiveCfg = Release|Any CPU
		{654D89B5-58A1-4A2D-B0BE-9B1FACF42C2D}.AppStore|Mixed Platforms.Build.0 = Release|Any CPU
		{654D89B5-58A1-4A2D-B0BE-9B1FACF42C2D}.AppStore|x86.ActiveCfg = Release|Any CPU
		{654D89B5-58A1-4A2D-B0BE-9B1FACF42C2D}.Debug|Any CPU.ActiveCfg = Debug|Any CPU
		{654D89B5-58A1-4A2D-B0BE-9B1FACF42C2D}.Debug|Any CPU.Build.0 = Debug|Any CPU
		{654D89B5-58A1-4A2D-B0BE-9B1FACF42C2D}.Debug|ARM.ActiveCfg = Debug|Any CPU
		{654D89B5-58A1-4A2D-B0BE-9B1FACF42C2D}.Debug|iPhone.ActiveCfg = Debug|Any CPU
		{654D89B5-58A1-4A2D-B0BE-9B1FACF42C2D}.Debug|iPhoneSimulator.ActiveCfg = Debug|Any CPU
		{654D89B5-58A1-4A2D-B0BE-9B1FACF42C2D}.Debug|Mixed Platforms.ActiveCfg = Debug|Any CPU
		{654D89B5-58A1-4A2D-B0BE-9B1FACF42C2D}.Debug|Mixed Platforms.Build.0 = Debug|Any CPU
		{654D89B5-58A1-4A2D-B0BE-9B1FACF42C2D}.Debug|x86.ActiveCfg = Debug|Any CPU
		{654D89B5-58A1-4A2D-B0BE-9B1FACF42C2D}.Release|Any CPU.ActiveCfg = Release|Any CPU
		{654D89B5-58A1-4A2D-B0BE-9B1FACF42C2D}.Release|Any CPU.Build.0 = Release|Any CPU
		{654D89B5-58A1-4A2D-B0BE-9B1FACF42C2D}.Release|ARM.ActiveCfg = Release|Any CPU
		{654D89B5-58A1-4A2D-B0BE-9B1FACF42C2D}.Release|iPhone.ActiveCfg = Release|Any CPU
		{654D89B5-58A1-4A2D-B0BE-9B1FACF42C2D}.Release|iPhoneSimulator.ActiveCfg = Release|Any CPU
		{654D89B5-58A1-4A2D-B0BE-9B1FACF42C2D}.Release|Mixed Platforms.ActiveCfg = Release|Any CPU
		{654D89B5-58A1-4A2D-B0BE-9B1FACF42C2D}.Release|Mixed Platforms.Build.0 = Release|Any CPU
		{654D89B5-58A1-4A2D-B0BE-9B1FACF42C2D}.Release|x86.ActiveCfg = Release|Any CPU
		{B320A800-0F64-4882-A3BA-D595CF856C80}.Ad-Hoc|Any CPU.ActiveCfg = Ad-Hoc|iPhone
		{B320A800-0F64-4882-A3BA-D595CF856C80}.Ad-Hoc|ARM.ActiveCfg = Ad-Hoc|iPhone
		{B320A800-0F64-4882-A3BA-D595CF856C80}.Ad-Hoc|iPhone.ActiveCfg = Ad-Hoc|iPhone
		{B320A800-0F64-4882-A3BA-D595CF856C80}.Ad-Hoc|iPhone.Build.0 = Ad-Hoc|iPhone
		{B320A800-0F64-4882-A3BA-D595CF856C80}.Ad-Hoc|iPhoneSimulator.ActiveCfg = Ad-Hoc|iPhoneSimulator
		{B320A800-0F64-4882-A3BA-D595CF856C80}.Ad-Hoc|iPhoneSimulator.Build.0 = Ad-Hoc|iPhoneSimulator
		{B320A800-0F64-4882-A3BA-D595CF856C80}.Ad-Hoc|Mixed Platforms.ActiveCfg = Ad-Hoc|iPhone
		{B320A800-0F64-4882-A3BA-D595CF856C80}.Ad-Hoc|Mixed Platforms.Build.0 = Ad-Hoc|iPhone
		{B320A800-0F64-4882-A3BA-D595CF856C80}.Ad-Hoc|x86.ActiveCfg = Ad-Hoc|iPhone
		{B320A800-0F64-4882-A3BA-D595CF856C80}.AppStore|Any CPU.ActiveCfg = AppStore|iPhone
		{B320A800-0F64-4882-A3BA-D595CF856C80}.AppStore|ARM.ActiveCfg = AppStore|iPhone
		{B320A800-0F64-4882-A3BA-D595CF856C80}.AppStore|iPhone.ActiveCfg = AppStore|iPhone
		{B320A800-0F64-4882-A3BA-D595CF856C80}.AppStore|iPhone.Build.0 = AppStore|iPhone
		{B320A800-0F64-4882-A3BA-D595CF856C80}.AppStore|iPhoneSimulator.ActiveCfg = AppStore|iPhoneSimulator
		{B320A800-0F64-4882-A3BA-D595CF856C80}.AppStore|iPhoneSimulator.Build.0 = AppStore|iPhoneSimulator
		{B320A800-0F64-4882-A3BA-D595CF856C80}.AppStore|Mixed Platforms.ActiveCfg = AppStore|iPhone
		{B320A800-0F64-4882-A3BA-D595CF856C80}.AppStore|Mixed Platforms.Build.0 = AppStore|iPhone
		{B320A800-0F64-4882-A3BA-D595CF856C80}.AppStore|x86.ActiveCfg = AppStore|iPhone
		{B320A800-0F64-4882-A3BA-D595CF856C80}.Debug|Any CPU.ActiveCfg = Debug|iPhone
		{B320A800-0F64-4882-A3BA-D595CF856C80}.Debug|ARM.ActiveCfg = Debug|iPhone
		{B320A800-0F64-4882-A3BA-D595CF856C80}.Debug|iPhone.ActiveCfg = Debug|iPhone
		{B320A800-0F64-4882-A3BA-D595CF856C80}.Debug|iPhone.Build.0 = Debug|iPhone
		{B320A800-0F64-4882-A3BA-D595CF856C80}.Debug|iPhoneSimulator.ActiveCfg = Debug|iPhoneSimulator
		{B320A800-0F64-4882-A3BA-D595CF856C80}.Debug|iPhoneSimulator.Build.0 = Debug|iPhoneSimulator
		{B320A800-0F64-4882-A3BA-D595CF856C80}.Debug|Mixed Platforms.ActiveCfg = Debug|iPhone
		{B320A800-0F64-4882-A3BA-D595CF856C80}.Debug|Mixed Platforms.Build.0 = Debug|iPhone
		{B320A800-0F64-4882-A3BA-D595CF856C80}.Debug|x86.ActiveCfg = Debug|iPhone
		{B320A800-0F64-4882-A3BA-D595CF856C80}.Release|Any CPU.ActiveCfg = Release|iPhone
		{B320A800-0F64-4882-A3BA-D595CF856C80}.Release|ARM.ActiveCfg = Release|iPhone
		{B320A800-0F64-4882-A3BA-D595CF856C80}.Release|iPhone.ActiveCfg = Release|iPhone
		{B320A800-0F64-4882-A3BA-D595CF856C80}.Release|iPhone.Build.0 = Release|iPhone
		{B320A800-0F64-4882-A3BA-D595CF856C80}.Release|iPhoneSimulator.ActiveCfg = Release|iPhoneSimulator
		{B320A800-0F64-4882-A3BA-D595CF856C80}.Release|iPhoneSimulator.Build.0 = Release|iPhoneSimulator
		{B320A800-0F64-4882-A3BA-D595CF856C80}.Release|Mixed Platforms.ActiveCfg = Release|iPhone
		{B320A800-0F64-4882-A3BA-D595CF856C80}.Release|Mixed Platforms.Build.0 = Release|iPhone
		{B320A800-0F64-4882-A3BA-D595CF856C80}.Release|x86.ActiveCfg = Release|iPhone
		{7EC98A6D-59E9-4E60-AF58-B15181E7970D}.Ad-Hoc|Any CPU.ActiveCfg = Release|Any CPU
		{7EC98A6D-59E9-4E60-AF58-B15181E7970D}.Ad-Hoc|Any CPU.Build.0 = Release|Any CPU
		{7EC98A6D-59E9-4E60-AF58-B15181E7970D}.Ad-Hoc|Any CPU.Deploy.0 = Release|Any CPU
		{7EC98A6D-59E9-4E60-AF58-B15181E7970D}.Ad-Hoc|ARM.ActiveCfg = Release|Any CPU
		{7EC98A6D-59E9-4E60-AF58-B15181E7970D}.Ad-Hoc|iPhone.ActiveCfg = Release|Any CPU
		{7EC98A6D-59E9-4E60-AF58-B15181E7970D}.Ad-Hoc|iPhoneSimulator.ActiveCfg = Release|Any CPU
		{7EC98A6D-59E9-4E60-AF58-B15181E7970D}.Ad-Hoc|Mixed Platforms.ActiveCfg = Release|Any CPU
		{7EC98A6D-59E9-4E60-AF58-B15181E7970D}.Ad-Hoc|Mixed Platforms.Build.0 = Release|Any CPU
		{7EC98A6D-59E9-4E60-AF58-B15181E7970D}.Ad-Hoc|Mixed Platforms.Deploy.0 = Release|Any CPU
		{7EC98A6D-59E9-4E60-AF58-B15181E7970D}.Ad-Hoc|x86.ActiveCfg = Release|Any CPU
		{7EC98A6D-59E9-4E60-AF58-B15181E7970D}.AppStore|Any CPU.ActiveCfg = Release|Any CPU
		{7EC98A6D-59E9-4E60-AF58-B15181E7970D}.AppStore|Any CPU.Build.0 = Release|Any CPU
		{7EC98A6D-59E9-4E60-AF58-B15181E7970D}.AppStore|Any CPU.Deploy.0 = Release|Any CPU
		{7EC98A6D-59E9-4E60-AF58-B15181E7970D}.AppStore|ARM.ActiveCfg = Release|Any CPU
		{7EC98A6D-59E9-4E60-AF58-B15181E7970D}.AppStore|iPhone.ActiveCfg = Release|Any CPU
		{7EC98A6D-59E9-4E60-AF58-B15181E7970D}.AppStore|iPhoneSimulator.ActiveCfg = Release|Any CPU
		{7EC98A6D-59E9-4E60-AF58-B15181E7970D}.AppStore|Mixed Platforms.ActiveCfg = Release|Any CPU
		{7EC98A6D-59E9-4E60-AF58-B15181E7970D}.AppStore|Mixed Platforms.Build.0 = Release|Any CPU
		{7EC98A6D-59E9-4E60-AF58-B15181E7970D}.AppStore|Mixed Platforms.Deploy.0 = Release|Any CPU
		{7EC98A6D-59E9-4E60-AF58-B15181E7970D}.AppStore|x86.ActiveCfg = Release|Any CPU
		{7EC98A6D-59E9-4E60-AF58-B15181E7970D}.Debug|Any CPU.ActiveCfg = Debug|Any CPU
		{7EC98A6D-59E9-4E60-AF58-B15181E7970D}.Debug|Any CPU.Build.0 = Debug|Any CPU
		{7EC98A6D-59E9-4E60-AF58-B15181E7970D}.Debug|Any CPU.Deploy.0 = Debug|Any CPU
		{7EC98A6D-59E9-4E60-AF58-B15181E7970D}.Debug|ARM.ActiveCfg = Debug|Any CPU
		{7EC98A6D-59E9-4E60-AF58-B15181E7970D}.Debug|iPhone.ActiveCfg = Debug|Any CPU
		{7EC98A6D-59E9-4E60-AF58-B15181E7970D}.Debug|iPhoneSimulator.ActiveCfg = Debug|Any CPU
		{7EC98A6D-59E9-4E60-AF58-B15181E7970D}.Debug|Mixed Platforms.ActiveCfg = Debug|Any CPU
		{7EC98A6D-59E9-4E60-AF58-B15181E7970D}.Debug|Mixed Platforms.Build.0 = Debug|Any CPU
		{7EC98A6D-59E9-4E60-AF58-B15181E7970D}.Debug|Mixed Platforms.Deploy.0 = Debug|Any CPU
		{7EC98A6D-59E9-4E60-AF58-B15181E7970D}.Debug|x86.ActiveCfg = Debug|Any CPU
		{7EC98A6D-59E9-4E60-AF58-B15181E7970D}.Release|Any CPU.ActiveCfg = Release|Any CPU
		{7EC98A6D-59E9-4E60-AF58-B15181E7970D}.Release|Any CPU.Build.0 = Release|Any CPU
		{7EC98A6D-59E9-4E60-AF58-B15181E7970D}.Release|Any CPU.Deploy.0 = Release|Any CPU
		{7EC98A6D-59E9-4E60-AF58-B15181E7970D}.Release|ARM.ActiveCfg = Release|Any CPU
		{7EC98A6D-59E9-4E60-AF58-B15181E7970D}.Release|iPhone.ActiveCfg = Release|Any CPU
		{7EC98A6D-59E9-4E60-AF58-B15181E7970D}.Release|iPhoneSimulator.ActiveCfg = Release|Any CPU
		{7EC98A6D-59E9-4E60-AF58-B15181E7970D}.Release|Mixed Platforms.ActiveCfg = Release|Any CPU
		{7EC98A6D-59E9-4E60-AF58-B15181E7970D}.Release|Mixed Platforms.Build.0 = Release|Any CPU
		{7EC98A6D-59E9-4E60-AF58-B15181E7970D}.Release|Mixed Platforms.Deploy.0 = Release|Any CPU
		{7EC98A6D-59E9-4E60-AF58-B15181E7970D}.Release|x86.ActiveCfg = Release|Any CPU
		{811A9B73-AC5B-40C9-B501-BE39C8453531}.Ad-Hoc|Any CPU.ActiveCfg = Release|Any CPU
		{811A9B73-AC5B-40C9-B501-BE39C8453531}.Ad-Hoc|Any CPU.Build.0 = Release|Any CPU
		{811A9B73-AC5B-40C9-B501-BE39C8453531}.Ad-Hoc|Any CPU.Deploy.0 = Release|Any CPU
		{811A9B73-AC5B-40C9-B501-BE39C8453531}.Ad-Hoc|ARM.ActiveCfg = Release|ARM
		{811A9B73-AC5B-40C9-B501-BE39C8453531}.Ad-Hoc|ARM.Build.0 = Release|ARM
		{811A9B73-AC5B-40C9-B501-BE39C8453531}.Ad-Hoc|ARM.Deploy.0 = Release|ARM
		{811A9B73-AC5B-40C9-B501-BE39C8453531}.Ad-Hoc|iPhone.ActiveCfg = Release|Any CPU
		{811A9B73-AC5B-40C9-B501-BE39C8453531}.Ad-Hoc|iPhoneSimulator.ActiveCfg = Release|Any CPU
		{811A9B73-AC5B-40C9-B501-BE39C8453531}.Ad-Hoc|Mixed Platforms.ActiveCfg = Release|x86
		{811A9B73-AC5B-40C9-B501-BE39C8453531}.Ad-Hoc|Mixed Platforms.Build.0 = Release|x86
		{811A9B73-AC5B-40C9-B501-BE39C8453531}.Ad-Hoc|Mixed Platforms.Deploy.0 = Release|x86
		{811A9B73-AC5B-40C9-B501-BE39C8453531}.Ad-Hoc|x86.ActiveCfg = Release|x86
		{811A9B73-AC5B-40C9-B501-BE39C8453531}.Ad-Hoc|x86.Build.0 = Release|x86
		{811A9B73-AC5B-40C9-B501-BE39C8453531}.Ad-Hoc|x86.Deploy.0 = Release|x86
		{811A9B73-AC5B-40C9-B501-BE39C8453531}.AppStore|Any CPU.ActiveCfg = Release|Any CPU
		{811A9B73-AC5B-40C9-B501-BE39C8453531}.AppStore|Any CPU.Build.0 = Release|Any CPU
		{811A9B73-AC5B-40C9-B501-BE39C8453531}.AppStore|Any CPU.Deploy.0 = Release|Any CPU
		{811A9B73-AC5B-40C9-B501-BE39C8453531}.AppStore|ARM.ActiveCfg = Release|ARM
		{811A9B73-AC5B-40C9-B501-BE39C8453531}.AppStore|ARM.Build.0 = Release|ARM
		{811A9B73-AC5B-40C9-B501-BE39C8453531}.AppStore|ARM.Deploy.0 = Release|ARM
		{811A9B73-AC5B-40C9-B501-BE39C8453531}.AppStore|iPhone.ActiveCfg = Release|Any CPU
		{811A9B73-AC5B-40C9-B501-BE39C8453531}.AppStore|iPhoneSimulator.ActiveCfg = Release|Any CPU
		{811A9B73-AC5B-40C9-B501-BE39C8453531}.AppStore|Mixed Platforms.ActiveCfg = Release|x86
		{811A9B73-AC5B-40C9-B501-BE39C8453531}.AppStore|Mixed Platforms.Build.0 = Release|x86
		{811A9B73-AC5B-40C9-B501-BE39C8453531}.AppStore|Mixed Platforms.Deploy.0 = Release|x86
		{811A9B73-AC5B-40C9-B501-BE39C8453531}.AppStore|x86.ActiveCfg = Release|x86
		{811A9B73-AC5B-40C9-B501-BE39C8453531}.AppStore|x86.Build.0 = Release|x86
		{811A9B73-AC5B-40C9-B501-BE39C8453531}.AppStore|x86.Deploy.0 = Release|x86
		{811A9B73-AC5B-40C9-B501-BE39C8453531}.Debug|Any CPU.ActiveCfg = Debug|Any CPU
		{811A9B73-AC5B-40C9-B501-BE39C8453531}.Debug|Any CPU.Build.0 = Debug|Any CPU
		{811A9B73-AC5B-40C9-B501-BE39C8453531}.Debug|Any CPU.Deploy.0 = Debug|Any CPU
		{811A9B73-AC5B-40C9-B501-BE39C8453531}.Debug|ARM.ActiveCfg = Debug|ARM
		{811A9B73-AC5B-40C9-B501-BE39C8453531}.Debug|ARM.Build.0 = Debug|ARM
		{811A9B73-AC5B-40C9-B501-BE39C8453531}.Debug|ARM.Deploy.0 = Debug|ARM
		{811A9B73-AC5B-40C9-B501-BE39C8453531}.Debug|iPhone.ActiveCfg = Debug|Any CPU
		{811A9B73-AC5B-40C9-B501-BE39C8453531}.Debug|iPhoneSimulator.ActiveCfg = Debug|Any CPU
		{811A9B73-AC5B-40C9-B501-BE39C8453531}.Debug|Mixed Platforms.ActiveCfg = Debug|x86
		{811A9B73-AC5B-40C9-B501-BE39C8453531}.Debug|Mixed Platforms.Build.0 = Debug|x86
		{811A9B73-AC5B-40C9-B501-BE39C8453531}.Debug|Mixed Platforms.Deploy.0 = Debug|x86
		{811A9B73-AC5B-40C9-B501-BE39C8453531}.Debug|x86.ActiveCfg = Debug|x86
		{811A9B73-AC5B-40C9-B501-BE39C8453531}.Debug|x86.Build.0 = Debug|x86
		{811A9B73-AC5B-40C9-B501-BE39C8453531}.Debug|x86.Deploy.0 = Debug|x86
		{811A9B73-AC5B-40C9-B501-BE39C8453531}.Release|Any CPU.ActiveCfg = Release|Any CPU
		{811A9B73-AC5B-40C9-B501-BE39C8453531}.Release|Any CPU.Build.0 = Release|Any CPU
		{811A9B73-AC5B-40C9-B501-BE39C8453531}.Release|Any CPU.Deploy.0 = Release|Any CPU
		{811A9B73-AC5B-40C9-B501-BE39C8453531}.Release|ARM.ActiveCfg = Release|ARM
		{811A9B73-AC5B-40C9-B501-BE39C8453531}.Release|ARM.Build.0 = Release|ARM
		{811A9B73-AC5B-40C9-B501-BE39C8453531}.Release|ARM.Deploy.0 = Release|ARM
		{811A9B73-AC5B-40C9-B501-BE39C8453531}.Release|iPhone.ActiveCfg = Release|Any CPU
		{811A9B73-AC5B-40C9-B501-BE39C8453531}.Release|iPhoneSimulator.ActiveCfg = Release|Any CPU
		{811A9B73-AC5B-40C9-B501-BE39C8453531}.Release|Mixed Platforms.ActiveCfg = Release|x86
		{811A9B73-AC5B-40C9-B501-BE39C8453531}.Release|Mixed Platforms.Build.0 = Release|x86
		{811A9B73-AC5B-40C9-B501-BE39C8453531}.Release|Mixed Platforms.Deploy.0 = Release|x86
		{811A9B73-AC5B-40C9-B501-BE39C8453531}.Release|x86.ActiveCfg = Release|x86
		{811A9B73-AC5B-40C9-B501-BE39C8453531}.Release|x86.Build.0 = Release|x86
		{811A9B73-AC5B-40C9-B501-BE39C8453531}.Release|x86.Deploy.0 = Release|x86
	EndGlobalSection
	GlobalSection(SolutionProperties) = preSolution
		HideSolutionNode = FALSE
	EndGlobalSection
EndGlobal
