
Microsoft Visual Studio Solution File, Format Version 12.00
# Visual Studio 2013
VisualStudioVersion = 12.0.31101.0
MinimumVisualStudioVersion = 10.0.40219.1
Project("{FAE04EC0-301F-11D3-BF4B-00C04F79EFBC}") = "XF_ListView", "XF_ListView\XF_ListView\XF_ListView.csproj", "{4A0A6194-98E9-42FC-9BE6-1EC4D581772A}"
EndProject
Project("{FAE04EC0-301F-11D3-BF4B-00C04F79EFBC}") = "XF_ListView.iOS", "XF_ListView\XF_ListView.iOS\XF_ListView.iOS.csproj", "{AAE247DD-E370-4588-B861-9F8487B87CFF}"
EndProject
Project("{FAE04EC0-301F-11D3-BF4B-00C04F79EFBC}") = "XF_ListView.Droid", "XF_ListView\XF_ListView.Droid\XF_ListView.Droid.csproj", "{832B29A5-B969-49CF-8301-C2452255C75A}"
EndProject
Project("{FAE04EC0-301F-11D3-BF4B-00C04F79EFBC}") = "XF_ListView.WinPhone", "XF_ListView\XF_ListView.WinPhone\XF_ListView.WinPhone.csproj", "{AFA5E4F3-EC89-4033-88B5-C69604D7DF86}"
EndProject
Global
	GlobalSection(SolutionConfigurationPlatforms) = preSolution
		Ad-Hoc|Any CPU = Ad-Hoc|Any CPU
		Ad-Hoc|ARM = Ad-Hoc|ARM
		Ad-Hoc|iPhone = Ad-Hoc|iPhone
		Ad-Hoc|iPhoneSimulator = Ad-Hoc|iPhoneSimulator
		Ad-Hoc|Mixed Platforms = Ad-Hoc|Mixed Platforms
		Ad-Hoc|x86 = Ad-Hoc|x86
		AppStore|Any CPU = AppStore|Any CPU
		AppStore|ARM = AppStore|ARM
		AppStore|iPhone = AppStore|iPhone
		AppStore|iPhoneSimulator = AppStore|iPhoneSimulator
		AppStore|Mixed Platforms = AppStore|Mixed Platforms
		AppStore|x86 = AppStore|x86
		Debug|Any CPU = Debug|Any CPU
		Debug|ARM = Debug|ARM
		Debug|iPhone = Debug|iPhone
		Debug|iPhoneSimulator = Debug|iPhoneSimulator
		Debug|Mixed Platforms = Debug|Mixed Platforms
		Debug|x86 = Debug|x86
		Release|Any CPU = Release|Any CPU
		Release|ARM = Release|ARM
		Release|iPhone = Release|iPhone
		Release|iPhoneSimulator = Release|iPhoneSimulator
		Release|Mixed Platforms = Release|Mixed Platforms
		Release|x86 = Release|x86
	EndGlobalSection
	GlobalSection(ProjectConfigurationPlatforms) = postSolution
		{4A0A6194-98E9-42FC-9BE6-1EC4D581772A}.Ad-Hoc|Any CPU.ActiveCfg = Release|Any CPU
		{4A0A6194-98E9-42FC-9BE6-1EC4D581772A}.Ad-Hoc|Any CPU.Build.0 = Release|Any CPU
		{4A0A6194-98E9-42FC-9BE6-1EC4D581772A}.Ad-Hoc|ARM.ActiveCfg = Release|Any CPU
		{4A0A6194-98E9-42FC-9BE6-1EC4D581772A}.Ad-Hoc|iPhone.ActiveCfg = Release|Any CPU
		{4A0A6194-98E9-42FC-9BE6-1EC4D581772A}.Ad-Hoc|iPhoneSimulator.ActiveCfg = Release|Any CPU
		{4A0A6194-98E9-42FC-9BE6-1EC4D581772A}.Ad-Hoc|Mixed Platforms.ActiveCfg = Release|Any CPU
		{4A0A6194-98E9-42FC-9BE6-1EC4D581772A}.Ad-Hoc|Mixed Platforms.Build.0 = Release|Any CPU
		{4A0A6194-98E9-42FC-9BE6-1EC4D581772A}.Ad-Hoc|x86.ActiveCfg = Release|Any CPU
		{4A0A6194-98E9-42FC-9BE6-1EC4D581772A}.AppStore|Any CPU.ActiveCfg = Release|Any CPU
		{4A0A6194-98E9-42FC-9BE6-1EC4D581772A}.AppStore|Any CPU.Build.0 = Release|Any CPU
		{4A0A6194-98E9-42FC-9BE6-1EC4D581772A}.AppStore|ARM.ActiveCfg = Release|Any CPU
		{4A0A6194-98E9-42FC-9BE6-1EC4D581772A}.AppStore|iPhone.ActiveCfg = Release|Any CPU
		{4A0A6194-98E9-42FC-9BE6-1EC4D581772A}.AppStore|iPhoneSimulator.ActiveCfg = Release|Any CPU
		{4A0A6194-98E9-42FC-9BE6-1EC4D581772A}.AppStore|Mixed Platforms.ActiveCfg = Release|Any CPU
		{4A0A6194-98E9-42FC-9BE6-1EC4D581772A}.AppStore|Mixed Platforms.Build.0 = Release|Any CPU
		{4A0A6194-98E9-42FC-9BE6-1EC4D581772A}.AppStore|x86.ActiveCfg = Release|Any CPU
		{4A0A6194-98E9-42FC-9BE6-1EC4D581772A}.Debug|Any CPU.ActiveCfg = Debug|Any CPU
		{4A0A6194-98E9-42FC-9BE6-1EC4D581772A}.Debug|Any CPU.Build.0 = Debug|Any CPU
		{4A0A6194-98E9-42FC-9BE6-1EC4D581772A}.Debug|ARM.ActiveCfg = Debug|Any CPU
		{4A0A6194-98E9-42FC-9BE6-1EC4D581772A}.Debug|iPhone.ActiveCfg = Debug|Any CPU
		{4A0A6194-98E9-42FC-9BE6-1EC4D581772A}.Debug|iPhoneSimulator.ActiveCfg = Debug|Any CPU
		{4A0A6194-98E9-42FC-9BE6-1EC4D581772A}.Debug|Mixed Platforms.ActiveCfg = Debug|Any CPU
		{4A0A6194-98E9-42FC-9BE6-1EC4D581772A}.Debug|Mixed Platforms.Build.0 = Debug|Any CPU
		{4A0A6194-98E9-42FC-9BE6-1EC4D581772A}.Debug|x86.ActiveCfg = Debug|Any CPU
		{4A0A6194-98E9-42FC-9BE6-1EC4D581772A}.Release|Any CPU.ActiveCfg = Release|Any CPU
		{4A0A6194-98E9-42FC-9BE6-1EC4D581772A}.Release|Any CPU.Build.0 = Release|Any CPU
		{4A0A6194-98E9-42FC-9BE6-1EC4D581772A}.Release|ARM.ActiveCfg = Release|Any CPU
		{4A0A6194-98E9-42FC-9BE6-1EC4D581772A}.Release|iPhone.ActiveCfg = Release|Any CPU
		{4A0A6194-98E9-42FC-9BE6-1EC4D581772A}.Release|iPhoneSimulator.ActiveCfg = Release|Any CPU
		{4A0A6194-98E9-42FC-9BE6-1EC4D581772A}.Release|Mixed Platforms.ActiveCfg = Release|Any CPU
		{4A0A6194-98E9-42FC-9BE6-1EC4D581772A}.Release|Mixed Platforms.Build.0 = Release|Any CPU
		{4A0A6194-98E9-42FC-9BE6-1EC4D581772A}.Release|x86.ActiveCfg = Release|Any CPU
		{AAE247DD-E370-4588-B861-9F8487B87CFF}.Ad-Hoc|Any CPU.ActiveCfg = Ad-Hoc|iPhone
		{AAE247DD-E370-4588-B861-9F8487B87CFF}.Ad-Hoc|ARM.ActiveCfg = Ad-Hoc|iPhone
		{AAE247DD-E370-4588-B861-9F8487B87CFF}.Ad-Hoc|iPhone.ActiveCfg = Ad-Hoc|iPhone
		{AAE247DD-E370-4588-B861-9F8487B87CFF}.Ad-Hoc|iPhone.Build.0 = Ad-Hoc|iPhone
		{AAE247DD-E370-4588-B861-9F8487B87CFF}.Ad-Hoc|iPhoneSimulator.ActiveCfg = Ad-Hoc|iPhoneSimulator
		{AAE247DD-E370-4588-B861-9F8487B87CFF}.Ad-Hoc|iPhoneSimulator.Build.0 = Ad-Hoc|iPhoneSimulator
		{AAE247DD-E370-4588-B861-9F8487B87CFF}.Ad-Hoc|Mixed Platforms.ActiveCfg = Ad-Hoc|iPhone
		{AAE247DD-E370-4588-B861-9F8487B87CFF}.Ad-Hoc|Mixed Platforms.Build.0 = Ad-Hoc|iPhone
		{AAE247DD-E370-4588-B861-9F8487B87CFF}.Ad-Hoc|x86.ActiveCfg = Ad-Hoc|iPhone
		{AAE247DD-E370-4588-B861-9F8487B87CFF}.AppStore|Any CPU.ActiveCfg = AppStore|iPhone
		{AAE247DD-E370-4588-B861-9F8487B87CFF}.AppStore|ARM.ActiveCfg = AppStore|iPhone
		{AAE247DD-E370-4588-B861-9F8487B87CFF}.AppStore|iPhone.ActiveCfg = AppStore|iPhone
		{AAE247DD-E370-4588-B861-9F8487B87CFF}.AppStore|iPhone.Build.0 = AppStore|iPhone
		{AAE247DD-E370-4588-B861-9F8487B87CFF}.AppStore|iPhoneSimulator.ActiveCfg = AppStore|iPhoneSimulator
		{AAE247DD-E370-4588-B861-9F8487B87CFF}.AppStore|iPhoneSimulator.Build.0 = AppStore|iPhoneSimulator
		{AAE247DD-E370-4588-B861-9F8487B87CFF}.AppStore|Mixed Platforms.ActiveCfg = AppStore|iPhone
		{AAE247DD-E370-4588-B861-9F8487B87CFF}.AppStore|Mixed Platforms.Build.0 = AppStore|iPhone
		{AAE247DD-E370-4588-B861-9F8487B87CFF}.AppStore|x86.ActiveCfg = AppStore|iPhone
		{AAE247DD-E370-4588-B861-9F8487B87CFF}.Debug|Any CPU.ActiveCfg = Debug|iPhone
		{AAE247DD-E370-4588-B861-9F8487B87CFF}.Debug|ARM.ActiveCfg = Debug|iPhone
		{AAE247DD-E370-4588-B861-9F8487B87CFF}.Debug|iPhone.ActiveCfg = Debug|iPhone
		{AAE247DD-E370-4588-B861-9F8487B87CFF}.Debug|iPhone.Build.0 = Debug|iPhone
		{AAE247DD-E370-4588-B861-9F8487B87CFF}.Debug|iPhoneSimulator.ActiveCfg = Debug|iPhoneSimulator
		{AAE247DD-E370-4588-B861-9F8487B87CFF}.Debug|iPhoneSimulator.Build.0 = Debug|iPhoneSimulator
		{AAE247DD-E370-4588-B861-9F8487B87CFF}.Debug|Mixed Platforms.ActiveCfg = Debug|iPhone
		{AAE247DD-E370-4588-B861-9F8487B87CFF}.Debug|Mixed Platforms.Build.0 = Debug|iPhone
		{AAE247DD-E370-4588-B861-9F8487B87CFF}.Debug|x86.ActiveCfg = Debug|iPhone
		{AAE247DD-E370-4588-B861-9F8487B87CFF}.Release|Any CPU.ActiveCfg = Release|iPhone
		{AAE247DD-E370-4588-B861-9F8487B87CFF}.Release|ARM.ActiveCfg = Release|iPhone
		{AAE247DD-E370-4588-B861-9F8487B87CFF}.Release|iPhone.ActiveCfg = Release|iPhone
		{AAE247DD-E370-4588-B861-9F8487B87CFF}.Release|iPhone.Build.0 = Release|iPhone
		{AAE247DD-E370-4588-B861-9F8487B87CFF}.Release|iPhoneSimulator.ActiveCfg = Release|iPhoneSimulator
		{AAE247DD-E370-4588-B861-9F8487B87CFF}.Release|iPhoneSimulator.Build.0 = Release|iPhoneSimulator
		{AAE247DD-E370-4588-B861-9F8487B87CFF}.Release|Mixed Platforms.ActiveCfg = Release|iPhone
		{AAE247DD-E370-4588-B861-9F8487B87CFF}.Release|Mixed Platforms.Build.0 = Release|iPhone
		{AAE247DD-E370-4588-B861-9F8487B87CFF}.Release|x86.ActiveCfg = Release|iPhone
		{832B29A5-B969-49CF-8301-C2452255C75A}.Ad-Hoc|Any CPU.ActiveCfg = Release|Any CPU
		{832B29A5-B969-49CF-8301-C2452255C75A}.Ad-Hoc|Any CPU.Build.0 = Release|Any CPU
		{832B29A5-B969-49CF-8301-C2452255C75A}.Ad-Hoc|Any CPU.Deploy.0 = Release|Any CPU
		{832B29A5-B969-49CF-8301-C2452255C75A}.Ad-Hoc|ARM.ActiveCfg = Release|Any CPU
		{832B29A5-B969-49CF-8301-C2452255C75A}.Ad-Hoc|iPhone.ActiveCfg = Release|Any CPU
		{832B29A5-B969-49CF-8301-C2452255C75A}.Ad-Hoc|iPhoneSimulator.ActiveCfg = Release|Any CPU
		{832B29A5-B969-49CF-8301-C2452255C75A}.Ad-Hoc|Mixed Platforms.ActiveCfg = Release|Any CPU
		{832B29A5-B969-49CF-8301-C2452255C75A}.Ad-Hoc|Mixed Platforms.Build.0 = Release|Any CPU
		{832B29A5-B969-49CF-8301-C2452255C75A}.Ad-Hoc|Mixed Platforms.Deploy.0 = Release|Any CPU
		{832B29A5-B969-49CF-8301-C2452255C75A}.Ad-Hoc|x86.ActiveCfg = Release|Any CPU
		{832B29A5-B969-49CF-8301-C2452255C75A}.AppStore|Any CPU.ActiveCfg = Release|Any CPU
		{832B29A5-B969-49CF-8301-C2452255C75A}.AppStore|Any CPU.Build.0 = Release|Any CPU
		{832B29A5-B969-49CF-8301-C2452255C75A}.AppStore|Any CPU.Deploy.0 = Release|Any CPU
		{832B29A5-B969-49CF-8301-C2452255C75A}.AppStore|ARM.ActiveCfg = Release|Any CPU
		{832B29A5-B969-49CF-8301-C2452255C75A}.AppStore|iPhone.ActiveCfg = Release|Any CPU
		{832B29A5-B969-49CF-8301-C2452255C75A}.AppStore|iPhoneSimulator.ActiveCfg = Release|Any CPU
		{832B29A5-B969-49CF-8301-C2452255C75A}.AppStore|Mixed Platforms.ActiveCfg = Release|Any CPU
		{832B29A5-B969-49CF-8301-C2452255C75A}.AppStore|Mixed Platforms.Build.0 = Release|Any CPU
		{832B29A5-B969-49CF-8301-C2452255C75A}.AppStore|Mixed Platforms.Deploy.0 = Release|Any CPU
		{832B29A5-B969-49CF-8301-C2452255C75A}.AppStore|x86.ActiveCfg = Release|Any CPU
		{832B29A5-B969-49CF-8301-C2452255C75A}.Debug|Any CPU.ActiveCfg = Debug|Any CPU
		{832B29A5-B969-49CF-8301-C2452255C75A}.Debug|Any CPU.Build.0 = Debug|Any CPU
		{832B29A5-B969-49CF-8301-C2452255C75A}.Debug|Any CPU.Deploy.0 = Debug|Any CPU
		{832B29A5-B969-49CF-8301-C2452255C75A}.Debug|ARM.ActiveCfg = Debug|Any CPU
		{832B29A5-B969-49CF-8301-C2452255C75A}.Debug|iPhone.ActiveCfg = Debug|Any CPU
		{832B29A5-B969-49CF-8301-C2452255C75A}.Debug|iPhoneSimulator.ActiveCfg = Debug|Any CPU
		{832B29A5-B969-49CF-8301-C2452255C75A}.Debug|Mixed Platforms.ActiveCfg = Debug|Any CPU
		{832B29A5-B969-49CF-8301-C2452255C75A}.Debug|Mixed Platforms.Build.0 = Debug|Any CPU
		{832B29A5-B969-49CF-8301-C2452255C75A}.Debug|Mixed Platforms.Deploy.0 = Debug|Any CPU
		{832B29A5-B969-49CF-8301-C2452255C75A}.Debug|x86.ActiveCfg = Debug|Any CPU
		{832B29A5-B969-49CF-8301-C2452255C75A}.Release|Any CPU.ActiveCfg = Release|Any CPU
		{832B29A5-B969-49CF-8301-C2452255C75A}.Release|Any CPU.Build.0 = Release|Any CPU
		{832B29A5-B969-49CF-8301-C2452255C75A}.Release|Any CPU.Deploy.0 = Release|Any CPU
		{832B29A5-B969-49CF-8301-C2452255C75A}.Release|ARM.ActiveCfg = Release|Any CPU
		{832B29A5-B969-49CF-8301-C2452255C75A}.Release|iPhone.ActiveCfg = Release|Any CPU
		{832B29A5-B969-49CF-8301-C2452255C75A}.Release|iPhoneSimulator.ActiveCfg = Release|Any CPU
		{832B29A5-B969-49CF-8301-C2452255C75A}.Release|Mixed Platforms.ActiveCfg = Release|Any CPU
		{832B29A5-B969-49CF-8301-C2452255C75A}.Release|Mixed Platforms.Build.0 = Release|Any CPU
		{832B29A5-B969-49CF-8301-C2452255C75A}.Release|Mixed Platforms.Deploy.0 = Release|Any CPU
		{832B29A5-B969-49CF-8301-C2452255C75A}.Release|x86.ActiveCfg = Release|Any CPU
		{AFA5E4F3-EC89-4033-88B5-C69604D7DF86}.Ad-Hoc|Any CPU.ActiveCfg = Release|Any CPU
		{AFA5E4F3-EC89-4033-88B5-C69604D7DF86}.Ad-Hoc|Any CPU.Build.0 = Release|Any CPU
		{AFA5E4F3-EC89-4033-88B5-C69604D7DF86}.Ad-Hoc|Any CPU.Deploy.0 = Release|Any CPU
		{AFA5E4F3-EC89-4033-88B5-C69604D7DF86}.Ad-Hoc|ARM.ActiveCfg = Release|ARM
		{AFA5E4F3-EC89-4033-88B5-C69604D7DF86}.Ad-Hoc|ARM.Build.0 = Release|ARM
		{AFA5E4F3-EC89-4033-88B5-C69604D7DF86}.Ad-Hoc|ARM.Deploy.0 = Release|ARM
		{AFA5E4F3-EC89-4033-88B5-C69604D7DF86}.Ad-Hoc|iPhone.ActiveCfg = Release|Any CPU
		{AFA5E4F3-EC89-4033-88B5-C69604D7DF86}.Ad-Hoc|iPhoneSimulator.ActiveCfg = Release|Any CPU
		{AFA5E4F3-EC89-4033-88B5-C69604D7DF86}.Ad-Hoc|Mixed Platforms.ActiveCfg = Release|x86
		{AFA5E4F3-EC89-4033-88B5-C69604D7DF86}.Ad-Hoc|Mixed Platforms.Build.0 = Release|x86
		{AFA5E4F3-EC89-4033-88B5-C69604D7DF86}.Ad-Hoc|Mixed Platforms.Deploy.0 = Release|x86
		{AFA5E4F3-EC89-4033-88B5-C69604D7DF86}.Ad-Hoc|x86.ActiveCfg = Release|x86
		{AFA5E4F3-EC89-4033-88B5-C69604D7DF86}.Ad-Hoc|x86.Build.0 = Release|x86
		{AFA5E4F3-EC89-4033-88B5-C69604D7DF86}.Ad-Hoc|x86.Deploy.0 = Release|x86
		{AFA5E4F3-EC89-4033-88B5-C69604D7DF86}.AppStore|Any CPU.ActiveCfg = Release|Any CPU
		{AFA5E4F3-EC89-4033-88B5-C69604D7DF86}.AppStore|Any CPU.Build.0 = Release|Any CPU
		{AFA5E4F3-EC89-4033-88B5-C69604D7DF86}.AppStore|Any CPU.Deploy.0 = Release|Any CPU
		{AFA5E4F3-EC89-4033-88B5-C69604D7DF86}.AppStore|ARM.ActiveCfg = Release|ARM
		{AFA5E4F3-EC89-4033-88B5-C69604D7DF86}.AppStore|ARM.Build.0 = Release|ARM
		{AFA5E4F3-EC89-4033-88B5-C69604D7DF86}.AppStore|ARM.Deploy.0 = Release|ARM
		{AFA5E4F3-EC89-4033-88B5-C69604D7DF86}.AppStore|iPhone.ActiveCfg = Release|Any CPU
		{AFA5E4F3-EC89-4033-88B5-C69604D7DF86}.AppStore|iPhoneSimulator.ActiveCfg = Release|Any CPU
		{AFA5E4F3-EC89-4033-88B5-C69604D7DF86}.AppStore|Mixed Platforms.ActiveCfg = Release|x86
		{AFA5E4F3-EC89-4033-88B5-C69604D7DF86}.AppStore|Mixed Platforms.Build.0 = Release|x86
		{AFA5E4F3-EC89-4033-88B5-C69604D7DF86}.AppStore|Mixed Platforms.Deploy.0 = Release|x86
		{AFA5E4F3-EC89-4033-88B5-C69604D7DF86}.AppStore|x86.ActiveCfg = Release|x86
		{AFA5E4F3-EC89-4033-88B5-C69604D7DF86}.AppStore|x86.Build.0 = Release|x86
		{AFA5E4F3-EC89-4033-88B5-C69604D7DF86}.AppStore|x86.Deploy.0 = Release|x86
		{AFA5E4F3-EC89-4033-88B5-C69604D7DF86}.Debug|Any CPU.ActiveCfg = Debug|Any CPU
		{AFA5E4F3-EC89-4033-88B5-C69604D7DF86}.Debug|Any CPU.Build.0 = Debug|Any CPU
		{AFA5E4F3-EC89-4033-88B5-C69604D7DF86}.Debug|Any CPU.Deploy.0 = Debug|Any CPU
		{AFA5E4F3-EC89-4033-88B5-C69604D7DF86}.Debug|ARM.ActiveCfg = Debug|ARM
		{AFA5E4F3-EC89-4033-88B5-C69604D7DF86}.Debug|ARM.Build.0 = Debug|ARM
		{AFA5E4F3-EC89-4033-88B5-C69604D7DF86}.Debug|ARM.Deploy.0 = Debug|ARM
		{AFA5E4F3-EC89-4033-88B5-C69604D7DF86}.Debug|iPhone.ActiveCfg = Debug|Any CPU
		{AFA5E4F3-EC89-4033-88B5-C69604D7DF86}.Debug|iPhoneSimulator.ActiveCfg = Debug|Any CPU
		{AFA5E4F3-EC89-4033-88B5-C69604D7DF86}.Debug|Mixed Platforms.ActiveCfg = Debug|x86
		{AFA5E4F3-EC89-4033-88B5-C69604D7DF86}.Debug|Mixed Platforms.Build.0 = Debug|x86
		{AFA5E4F3-EC89-4033-88B5-C69604D7DF86}.Debug|Mixed Platforms.Deploy.0 = Debug|x86
		{AFA5E4F3-EC89-4033-88B5-C69604D7DF86}.Debug|x86.ActiveCfg = Debug|x86
		{AFA5E4F3-EC89-4033-88B5-C69604D7DF86}.Debug|x86.Build.0 = Debug|x86
		{AFA5E4F3-EC89-4033-88B5-C69604D7DF86}.Debug|x86.Deploy.0 = Debug|x86
		{AFA5E4F3-EC89-4033-88B5-C69604D7DF86}.Release|Any CPU.ActiveCfg = Release|Any CPU
		{AFA5E4F3-EC89-4033-88B5-C69604D7DF86}.Release|Any CPU.Build.0 = Release|Any CPU
		{AFA5E4F3-EC89-4033-88B5-C69604D7DF86}.Release|Any CPU.Deploy.0 = Release|Any CPU
		{AFA5E4F3-EC89-4033-88B5-C69604D7DF86}.Release|ARM.ActiveCfg = Release|ARM
		{AFA5E4F3-EC89-4033-88B5-C69604D7DF86}.Release|ARM.Build.0 = Release|ARM
		{AFA5E4F3-EC89-4033-88B5-C69604D7DF86}.Release|ARM.Deploy.0 = Release|ARM
		{AFA5E4F3-EC89-4033-88B5-C69604D7DF86}.Release|iPhone.ActiveCfg = Release|Any CPU
		{AFA5E4F3-EC89-4033-88B5-C69604D7DF86}.Release|iPhoneSimulator.ActiveCfg = Release|Any CPU
		{AFA5E4F3-EC89-4033-88B5-C69604D7DF86}.Release|Mixed Platforms.ActiveCfg = Release|x86
		{AFA5E4F3-EC89-4033-88B5-C69604D7DF86}.Release|Mixed Platforms.Build.0 = Release|x86
		{AFA5E4F3-EC89-4033-88B5-C69604D7DF86}.Release|Mixed Platforms.Deploy.0 = Release|x86
		{AFA5E4F3-EC89-4033-88B5-C69604D7DF86}.Release|x86.ActiveCfg = Release|x86
		{AFA5E4F3-EC89-4033-88B5-C69604D7DF86}.Release|x86.Build.0 = Release|x86
		{AFA5E4F3-EC89-4033-88B5-C69604D7DF86}.Release|x86.Deploy.0 = Release|x86
	EndGlobalSection
	GlobalSection(SolutionProperties) = preSolution
		HideSolutionNode = FALSE
	EndGlobalSection
EndGlobal
