
Microsoft Visual Studio Solution File, Format Version 12.00
# Visual Studio 14
VisualStudioVersion = 14.0.25123.0
MinimumVisualStudioVersion = 10.0.40219.1
Project("{FAE04EC0-301F-11D3-BF4B-00C04F79EFBC}") = "XF_ListViewSample", "XF_ListViewSample\XF_ListViewSample\XF_ListViewSample.csproj", "{529C13A8-56F2-4E51-802C-191CA4E841C2}"
EndProject
Project("{FAE04EC0-301F-11D3-BF4B-00C04F79EFBC}") = "XF_ListViewSample.Droid", "XF_ListViewSample\XF_ListViewSample.Droid\XF_ListViewSample.Droid.csproj", "{1FD03FDF-829C-4FAC-9B28-2B74975F86F3}"
EndProject
Project("{FAE04EC0-301F-11D3-BF4B-00C04F79EFBC}") = "XF_ListViewSample.iOS", "XF_ListViewSample\XF_ListViewSample.iOS\XF_ListViewSample.iOS.csproj", "{39DB2B0D-494F-4ECC-BA7B-AABC65877762}"
EndProject
Project("{FAE04EC0-301F-11D3-BF4B-00C04F79EFBC}") = "XF_ListViewSample.UWP", "XF_ListViewSample\XF_ListViewSample.UWP\XF_ListViewSample.UWP.csproj", "{747E1C63-BA89-4659-9000-FABA28F591FC}"
EndProject
Project("{FAE04EC0-301F-11D3-BF4B-00C04F79EFBC}") = "UnitTestProject1", "UnitTestProject1\UnitTestProject1.csproj", "{601A5990-454E-4EFF-9527-4A69EC1A6932}"
EndProject
Global
	GlobalSection(SolutionConfigurationPlatforms) = preSolution
		Ad-Hoc|Any CPU = Ad-Hoc|Any CPU
		Ad-Hoc|ARM = Ad-Hoc|ARM
		Ad-Hoc|iPhone = Ad-Hoc|iPhone
		Ad-Hoc|iPhoneSimulator = Ad-Hoc|iPhoneSimulator
		Ad-Hoc|x64 = Ad-Hoc|x64
		Ad-Hoc|x86 = Ad-Hoc|x86
		AppStore|Any CPU = AppStore|Any CPU
		AppStore|ARM = AppStore|ARM
		AppStore|iPhone = AppStore|iPhone
		AppStore|iPhoneSimulator = AppStore|iPhoneSimulator
		AppStore|x64 = AppStore|x64
		AppStore|x86 = AppStore|x86
		Debug|Any CPU = Debug|Any CPU
		Debug|ARM = Debug|ARM
		Debug|iPhone = Debug|iPhone
		Debug|iPhoneSimulator = Debug|iPhoneSimulator
		Debug|x64 = Debug|x64
		Debug|x86 = Debug|x86
		Release|Any CPU = Release|Any CPU
		Release|ARM = Release|ARM
		Release|iPhone = Release|iPhone
		Release|iPhoneSimulator = Release|iPhoneSimulator
		Release|x64 = Release|x64
		Release|x86 = Release|x86
	EndGlobalSection
	GlobalSection(ProjectConfigurationPlatforms) = postSolution
		{529C13A8-56F2-4E51-802C-191CA4E841C2}.Ad-Hoc|Any CPU.ActiveCfg = Release|Any CPU
		{529C13A8-56F2-4E51-802C-191CA4E841C2}.Ad-Hoc|Any CPU.Build.0 = Release|Any CPU
		{529C13A8-56F2-4E51-802C-191CA4E841C2}.Ad-Hoc|ARM.ActiveCfg = Release|Any CPU
		{529C13A8-56F2-4E51-802C-191CA4E841C2}.Ad-Hoc|ARM.Build.0 = Release|Any CPU
		{529C13A8-56F2-4E51-802C-191CA4E841C2}.Ad-Hoc|iPhone.ActiveCfg = Release|Any CPU
		{529C13A8-56F2-4E51-802C-191CA4E841C2}.Ad-Hoc|iPhone.Build.0 = Release|Any CPU
		{529C13A8-56F2-4E51-802C-191CA4E841C2}.Ad-Hoc|iPhoneSimulator.ActiveCfg = Release|Any CPU
		{529C13A8-56F2-4E51-802C-191CA4E841C2}.Ad-Hoc|iPhoneSimulator.Build.0 = Release|Any CPU
		{529C13A8-56F2-4E51-802C-191CA4E841C2}.Ad-Hoc|x64.ActiveCfg = Release|Any CPU
		{529C13A8-56F2-4E51-802C-191CA4E841C2}.Ad-Hoc|x64.Build.0 = Release|Any CPU
		{529C13A8-56F2-4E51-802C-191CA4E841C2}.Ad-Hoc|x86.ActiveCfg = Release|Any CPU
		{529C13A8-56F2-4E51-802C-191CA4E841C2}.Ad-Hoc|x86.Build.0 = Release|Any CPU
		{529C13A8-56F2-4E51-802C-191CA4E841C2}.AppStore|Any CPU.ActiveCfg = Release|Any CPU
		{529C13A8-56F2-4E51-802C-191CA4E841C2}.AppStore|Any CPU.Build.0 = Release|Any CPU
		{529C13A8-56F2-4E51-802C-191CA4E841C2}.AppStore|ARM.ActiveCfg = Release|Any CPU
		{529C13A8-56F2-4E51-802C-191CA4E841C2}.AppStore|ARM.Build.0 = Release|Any CPU
		{529C13A8-56F2-4E51-802C-191CA4E841C2}.AppStore|iPhone.ActiveCfg = Release|Any CPU
		{529C13A8-56F2-4E51-802C-191CA4E841C2}.AppStore|iPhone.Build.0 = Release|Any CPU
		{529C13A8-56F2-4E51-802C-191CA4E841C2}.AppStore|iPhoneSimulator.ActiveCfg = Release|Any CPU
		{529C13A8-56F2-4E51-802C-191CA4E841C2}.AppStore|iPhoneSimulator.Build.0 = Release|Any CPU
		{529C13A8-56F2-4E51-802C-191CA4E841C2}.AppStore|x64.ActiveCfg = Release|Any CPU
		{529C13A8-56F2-4E51-802C-191CA4E841C2}.AppStore|x64.Build.0 = Release|Any CPU
		{529C13A8-56F2-4E51-802C-191CA4E841C2}.AppStore|x86.ActiveCfg = Release|Any CPU
		{529C13A8-56F2-4E51-802C-191CA4E841C2}.AppStore|x86.Build.0 = Release|Any CPU
		{529C13A8-56F2-4E51-802C-191CA4E841C2}.Debug|Any CPU.ActiveCfg = Debug|Any CPU
		{529C13A8-56F2-4E51-802C-191CA4E841C2}.Debug|Any CPU.Build.0 = Debug|Any CPU
		{529C13A8-56F2-4E51-802C-191CA4E841C2}.Debug|ARM.ActiveCfg = Debug|Any CPU
		{529C13A8-56F2-4E51-802C-191CA4E841C2}.Debug|ARM.Build.0 = Debug|Any CPU
		{529C13A8-56F2-4E51-802C-191CA4E841C2}.Debug|iPhone.ActiveCfg = Debug|Any CPU
		{529C13A8-56F2-4E51-802C-191CA4E841C2}.Debug|iPhone.Build.0 = Debug|Any CPU
		{529C13A8-56F2-4E51-802C-191CA4E841C2}.Debug|iPhoneSimulator.ActiveCfg = Debug|Any CPU
		{529C13A8-56F2-4E51-802C-191CA4E841C2}.Debug|iPhoneSimulator.Build.0 = Debug|Any CPU
		{529C13A8-56F2-4E51-802C-191CA4E841C2}.Debug|x64.ActiveCfg = Debug|Any CPU
		{529C13A8-56F2-4E51-802C-191CA4E841C2}.Debug|x64.Build.0 = Debug|Any CPU
		{529C13A8-56F2-4E51-802C-191CA4E841C2}.Debug|x86.ActiveCfg = Debug|Any CPU
		{529C13A8-56F2-4E51-802C-191CA4E841C2}.Debug|x86.Build.0 = Debug|Any CPU
		{529C13A8-56F2-4E51-802C-191CA4E841C2}.Release|Any CPU.ActiveCfg = Release|Any CPU
		{529C13A8-56F2-4E51-802C-191CA4E841C2}.Release|Any CPU.Build.0 = Release|Any CPU
		{529C13A8-56F2-4E51-802C-191CA4E841C2}.Release|ARM.ActiveCfg = Release|Any CPU
		{529C13A8-56F2-4E51-802C-191CA4E841C2}.Release|ARM.Build.0 = Release|Any CPU
		{529C13A8-56F2-4E51-802C-191CA4E841C2}.Release|iPhone.ActiveCfg = Release|Any CPU
		{529C13A8-56F2-4E51-802C-191CA4E841C2}.Release|iPhone.Build.0 = Release|Any CPU
		{529C13A8-56F2-4E51-802C-191CA4E841C2}.Release|iPhoneSimulator.ActiveCfg = Release|Any CPU
		{529C13A8-56F2-4E51-802C-191CA4E841C2}.Release|iPhoneSimulator.Build.0 = Release|Any CPU
		{529C13A8-56F2-4E51-802C-191CA4E841C2}.Release|x64.ActiveCfg = Release|Any CPU
		{529C13A8-56F2-4E51-802C-191CA4E841C2}.Release|x64.Build.0 = Release|Any CPU
		{529C13A8-56F2-4E51-802C-191CA4E841C2}.Release|x86.ActiveCfg = Release|Any CPU
		{529C13A8-56F2-4E51-802C-191CA4E841C2}.Release|x86.Build.0 = Release|Any CPU
		{1FD03FDF-829C-4FAC-9B28-2B74975F86F3}.Ad-Hoc|Any CPU.ActiveCfg = Release|Any CPU
		{1FD03FDF-829C-4FAC-9B28-2B74975F86F3}.Ad-Hoc|Any CPU.Build.0 = Release|Any CPU
		{1FD03FDF-829C-4FAC-9B28-2B74975F86F3}.Ad-Hoc|Any CPU.Deploy.0 = Release|Any CPU
		{1FD03FDF-829C-4FAC-9B28-2B74975F86F3}.Ad-Hoc|ARM.ActiveCfg = Release|Any CPU
		{1FD03FDF-829C-4FAC-9B28-2B74975F86F3}.Ad-Hoc|ARM.Build.0 = Release|Any CPU
		{1FD03FDF-829C-4FAC-9B28-2B74975F86F3}.Ad-Hoc|ARM.Deploy.0 = Release|Any CPU
		{1FD03FDF-829C-4FAC-9B28-2B74975F86F3}.Ad-Hoc|iPhone.ActiveCfg = Release|Any CPU
		{1FD03FDF-829C-4FAC-9B28-2B74975F86F3}.Ad-Hoc|iPhone.Build.0 = Release|Any CPU
		{1FD03FDF-829C-4FAC-9B28-2B74975F86F3}.Ad-Hoc|iPhone.Deploy.0 = Release|Any CPU
		{1FD03FDF-829C-4FAC-9B28-2B74975F86F3}.Ad-Hoc|iPhoneSimulator.ActiveCfg = Release|Any CPU
		{1FD03FDF-829C-4FAC-9B28-2B74975F86F3}.Ad-Hoc|iPhoneSimulator.Build.0 = Release|Any CPU
		{1FD03FDF-829C-4FAC-9B28-2B74975F86F3}.Ad-Hoc|iPhoneSimulator.Deploy.0 = Release|Any CPU
		{1FD03FDF-829C-4FAC-9B28-2B74975F86F3}.Ad-Hoc|x64.ActiveCfg = Release|Any CPU
		{1FD03FDF-829C-4FAC-9B28-2B74975F86F3}.Ad-Hoc|x64.Build.0 = Release|Any CPU
		{1FD03FDF-829C-4FAC-9B28-2B74975F86F3}.Ad-Hoc|x64.Deploy.0 = Release|Any CPU
		{1FD03FDF-829C-4FAC-9B28-2B74975F86F3}.Ad-Hoc|x86.ActiveCfg = Release|Any CPU
		{1FD03FDF-829C-4FAC-9B28-2B74975F86F3}.Ad-Hoc|x86.Build.0 = Release|Any CPU
		{1FD03FDF-829C-4FAC-9B28-2B74975F86F3}.Ad-Hoc|x86.Deploy.0 = Release|Any CPU
		{1FD03FDF-829C-4FAC-9B28-2B74975F86F3}.AppStore|Any CPU.ActiveCfg = Release|Any CPU
		{1FD03FDF-829C-4FAC-9B28-2B74975F86F3}.AppStore|Any CPU.Build.0 = Release|Any CPU
		{1FD03FDF-829C-4FAC-9B28-2B74975F86F3}.AppStore|Any CPU.Deploy.0 = Release|Any CPU
		{1FD03FDF-829C-4FAC-9B28-2B74975F86F3}.AppStore|ARM.ActiveCfg = Release|Any CPU
		{1FD03FDF-829C-4FAC-9B28-2B74975F86F3}.AppStore|ARM.Build.0 = Release|Any CPU
		{1FD03FDF-829C-4FAC-9B28-2B74975F86F3}.AppStore|ARM.Deploy.0 = Release|Any CPU
		{1FD03FDF-829C-4FAC-9B28-2B74975F86F3}.AppStore|iPhone.ActiveCfg = Release|Any CPU
		{1FD03FDF-829C-4FAC-9B28-2B74975F86F3}.AppStore|iPhone.Build.0 = Release|Any CPU
		{1FD03FDF-829C-4FAC-9B28-2B74975F86F3}.AppStore|iPhone.Deploy.0 = Release|Any CPU
		{1FD03FDF-829C-4FAC-9B28-2B74975F86F3}.AppStore|iPhoneSimulator.ActiveCfg = Release|Any CPU
		{1FD03FDF-829C-4FAC-9B28-2B74975F86F3}.AppStore|iPhoneSimulator.Build.0 = Release|Any CPU
		{1FD03FDF-829C-4FAC-9B28-2B74975F86F3}.AppStore|iPhoneSimulator.Deploy.0 = Release|Any CPU
		{1FD03FDF-829C-4FAC-9B28-2B74975F86F3}.AppStore|x64.ActiveCfg = Release|Any CPU
		{1FD03FDF-829C-4FAC-9B28-2B74975F86F3}.AppStore|x64.Build.0 = Release|Any CPU
		{1FD03FDF-829C-4FAC-9B28-2B74975F86F3}.AppStore|x64.Deploy.0 = Release|Any CPU
		{1FD03FDF-829C-4FAC-9B28-2B74975F86F3}.AppStore|x86.ActiveCfg = Release|Any CPU
		{1FD03FDF-829C-4FAC-9B28-2B74975F86F3}.AppStore|x86.Build.0 = Release|Any CPU
		{1FD03FDF-829C-4FAC-9B28-2B74975F86F3}.AppStore|x86.Deploy.0 = Release|Any CPU
		{1FD03FDF-829C-4FAC-9B28-2B74975F86F3}.Debug|Any CPU.ActiveCfg = Debug|Any CPU
		{1FD03FDF-829C-4FAC-9B28-2B74975F86F3}.Debug|Any CPU.Build.0 = Debug|Any CPU
		{1FD03FDF-829C-4FAC-9B28-2B74975F86F3}.Debug|Any CPU.Deploy.0 = Debug|Any CPU
		{1FD03FDF-829C-4FAC-9B28-2B74975F86F3}.Debug|ARM.ActiveCfg = Debug|Any CPU
		{1FD03FDF-829C-4FAC-9B28-2B74975F86F3}.Debug|ARM.Build.0 = Debug|Any CPU
		{1FD03FDF-829C-4FAC-9B28-2B74975F86F3}.Debug|ARM.Deploy.0 = Debug|Any CPU
		{1FD03FDF-829C-4FAC-9B28-2B74975F86F3}.Debug|iPhone.ActiveCfg = Debug|Any CPU
		{1FD03FDF-829C-4FAC-9B28-2B74975F86F3}.Debug|iPhone.Build.0 = Debug|Any CPU
		{1FD03FDF-829C-4FAC-9B28-2B74975F86F3}.Debug|iPhone.Deploy.0 = Debug|Any CPU
		{1FD03FDF-829C-4FAC-9B28-2B74975F86F3}.Debug|iPhoneSimulator.ActiveCfg = Debug|Any CPU
		{1FD03FDF-829C-4FAC-9B28-2B74975F86F3}.Debug|iPhoneSimulator.Build.0 = Debug|Any CPU
		{1FD03FDF-829C-4FAC-9B28-2B74975F86F3}.Debug|iPhoneSimulator.Deploy.0 = Debug|Any CPU
		{1FD03FDF-829C-4FAC-9B28-2B74975F86F3}.Debug|x64.ActiveCfg = Debug|Any CPU
		{1FD03FDF-829C-4FAC-9B28-2B74975F86F3}.Debug|x64.Build.0 = Debug|Any CPU
		{1FD03FDF-829C-4FAC-9B28-2B74975F86F3}.Debug|x64.Deploy.0 = Debug|Any CPU
		{1FD03FDF-829C-4FAC-9B28-2B74975F86F3}.Debug|x86.ActiveCfg = Debug|Any CPU
		{1FD03FDF-829C-4FAC-9B28-2B74975F86F3}.Debug|x86.Build.0 = Debug|Any CPU
		{1FD03FDF-829C-4FAC-9B28-2B74975F86F3}.Debug|x86.Deploy.0 = Debug|Any CPU
		{1FD03FDF-829C-4FAC-9B28-2B74975F86F3}.Release|Any CPU.ActiveCfg = Release|Any CPU
		{1FD03FDF-829C-4FAC-9B28-2B74975F86F3}.Release|Any CPU.Build.0 = Release|Any CPU
		{1FD03FDF-829C-4FAC-9B28-2B74975F86F3}.Release|Any CPU.Deploy.0 = Release|Any CPU
		{1FD03FDF-829C-4FAC-9B28-2B74975F86F3}.Release|ARM.ActiveCfg = Release|Any CPU
		{1FD03FDF-829C-4FAC-9B28-2B74975F86F3}.Release|ARM.Build.0 = Release|Any CPU
		{1FD03FDF-829C-4FAC-9B28-2B74975F86F3}.Release|ARM.Deploy.0 = Release|Any CPU
		{1FD03FDF-829C-4FAC-9B28-2B74975F86F3}.Release|iPhone.ActiveCfg = Release|Any CPU
		{1FD03FDF-829C-4FAC-9B28-2B74975F86F3}.Release|iPhone.Build.0 = Release|Any CPU
		{1FD03FDF-829C-4FAC-9B28-2B74975F86F3}.Release|iPhone.Deploy.0 = Release|Any CPU
		{1FD03FDF-829C-4FAC-9B28-2B74975F86F3}.Release|iPhoneSimulator.ActiveCfg = Release|Any CPU
		{1FD03FDF-829C-4FAC-9B28-2B74975F86F3}.Release|iPhoneSimulator.Build.0 = Release|Any CPU
		{1FD03FDF-829C-4FAC-9B28-2B74975F86F3}.Release|iPhoneSimulator.Deploy.0 = Release|Any CPU
		{1FD03FDF-829C-4FAC-9B28-2B74975F86F3}.Release|x64.ActiveCfg = Release|Any CPU
		{1FD03FDF-829C-4FAC-9B28-2B74975F86F3}.Release|x64.Build.0 = Release|Any CPU
		{1FD03FDF-829C-4FAC-9B28-2B74975F86F3}.Release|x64.Deploy.0 = Release|Any CPU
		{1FD03FDF-829C-4FAC-9B28-2B74975F86F3}.Release|x86.ActiveCfg = Release|Any CPU
		{1FD03FDF-829C-4FAC-9B28-2B74975F86F3}.Release|x86.Build.0 = Release|Any CPU
		{1FD03FDF-829C-4FAC-9B28-2B74975F86F3}.Release|x86.Deploy.0 = Release|Any CPU
		{39DB2B0D-494F-4ECC-BA7B-AABC65877762}.Ad-Hoc|Any CPU.ActiveCfg = Ad-Hoc|iPhone
		{39DB2B0D-494F-4ECC-BA7B-AABC65877762}.Ad-Hoc|ARM.ActiveCfg = Ad-Hoc|iPhone
		{39DB2B0D-494F-4ECC-BA7B-AABC65877762}.Ad-Hoc|iPhone.ActiveCfg = Ad-Hoc|iPhone
		{39DB2B0D-494F-4ECC-BA7B-AABC65877762}.Ad-Hoc|iPhone.Build.0 = Ad-Hoc|iPhone
		{39DB2B0D-494F-4ECC-BA7B-AABC65877762}.Ad-Hoc|iPhoneSimulator.ActiveCfg = Ad-Hoc|iPhoneSimulator
		{39DB2B0D-494F-4ECC-BA7B-AABC65877762}.Ad-Hoc|iPhoneSimulator.Build.0 = Ad-Hoc|iPhoneSimulator
		{39DB2B0D-494F-4ECC-BA7B-AABC65877762}.Ad-Hoc|x64.ActiveCfg = Ad-Hoc|iPhone
		{39DB2B0D-494F-4ECC-BA7B-AABC65877762}.Ad-Hoc|x86.ActiveCfg = Ad-Hoc|iPhone
		{39DB2B0D-494F-4ECC-BA7B-AABC65877762}.AppStore|Any CPU.ActiveCfg = AppStore|iPhone
		{39DB2B0D-494F-4ECC-BA7B-AABC65877762}.AppStore|ARM.ActiveCfg = AppStore|iPhone
		{39DB2B0D-494F-4ECC-BA7B-AABC65877762}.AppStore|iPhone.ActiveCfg = AppStore|iPhone
		{39DB2B0D-494F-4ECC-BA7B-AABC65877762}.AppStore|iPhone.Build.0 = AppStore|iPhone
		{39DB2B0D-494F-4ECC-BA7B-AABC65877762}.AppStore|iPhoneSimulator.ActiveCfg = AppStore|iPhoneSimulator
		{39DB2B0D-494F-4ECC-BA7B-AABC65877762}.AppStore|iPhoneSimulator.Build.0 = AppStore|iPhoneSimulator
		{39DB2B0D-494F-4ECC-BA7B-AABC65877762}.AppStore|x64.ActiveCfg = AppStore|iPhone
		{39DB2B0D-494F-4ECC-BA7B-AABC65877762}.AppStore|x86.ActiveCfg = AppStore|iPhone
		{39DB2B0D-494F-4ECC-BA7B-AABC65877762}.Debug|Any CPU.ActiveCfg = Debug|iPhone
		{39DB2B0D-494F-4ECC-BA7B-AABC65877762}.Debug|ARM.ActiveCfg = Debug|iPhone
		{39DB2B0D-494F-4ECC-BA7B-AABC65877762}.Debug|iPhone.ActiveCfg = Debug|iPhone
		{39DB2B0D-494F-4ECC-BA7B-AABC65877762}.Debug|iPhone.Build.0 = Debug|iPhone
		{39DB2B0D-494F-4ECC-BA7B-AABC65877762}.Debug|iPhoneSimulator.ActiveCfg = Debug|iPhoneSimulator
		{39DB2B0D-494F-4ECC-BA7B-AABC65877762}.Debug|iPhoneSimulator.Build.0 = Debug|iPhoneSimulator
		{39DB2B0D-494F-4ECC-BA7B-AABC65877762}.Debug|x64.ActiveCfg = Debug|iPhone
		{39DB2B0D-494F-4ECC-BA7B-AABC65877762}.Debug|x86.ActiveCfg = Debug|iPhone
		{39DB2B0D-494F-4ECC-BA7B-AABC65877762}.Release|Any CPU.ActiveCfg = Release|iPhone
		{39DB2B0D-494F-4ECC-BA7B-AABC65877762}.Release|ARM.ActiveCfg = Release|iPhone
		{39DB2B0D-494F-4ECC-BA7B-AABC65877762}.Release|iPhone.ActiveCfg = Release|iPhone
		{39DB2B0D-494F-4ECC-BA7B-AABC65877762}.Release|iPhone.Build.0 = Release|iPhone
		{39DB2B0D-494F-4ECC-BA7B-AABC65877762}.Release|iPhoneSimulator.ActiveCfg = Release|iPhoneSimulator
		{39DB2B0D-494F-4ECC-BA7B-AABC65877762}.Release|iPhoneSimulator.Build.0 = Release|iPhoneSimulator
		{39DB2B0D-494F-4ECC-BA7B-AABC65877762}.Release|x64.ActiveCfg = Release|iPhone
		{39DB2B0D-494F-4ECC-BA7B-AABC65877762}.Release|x86.ActiveCfg = Release|iPhone
		{747E1C63-BA89-4659-9000-FABA28F591FC}.Ad-Hoc|Any CPU.ActiveCfg = Release|x86
		{747E1C63-BA89-4659-9000-FABA28F591FC}.Ad-Hoc|Any CPU.Build.0 = Release|x86
		{747E1C63-BA89-4659-9000-FABA28F591FC}.Ad-Hoc|Any CPU.Deploy.0 = Release|x86
		{747E1C63-BA89-4659-9000-FABA28F591FC}.Ad-Hoc|ARM.ActiveCfg = Release|ARM
		{747E1C63-BA89-4659-9000-FABA28F591FC}.Ad-Hoc|ARM.Build.0 = Release|ARM
		{747E1C63-BA89-4659-9000-FABA28F591FC}.Ad-Hoc|ARM.Deploy.0 = Release|ARM
		{747E1C63-BA89-4659-9000-FABA28F591FC}.Ad-Hoc|iPhone.ActiveCfg = Release|x86
		{747E1C63-BA89-4659-9000-FABA28F591FC}.Ad-Hoc|iPhone.Build.0 = Release|x86
		{747E1C63-BA89-4659-9000-FABA28F591FC}.Ad-Hoc|iPhone.Deploy.0 = Release|x86
		{747E1C63-BA89-4659-9000-FABA28F591FC}.Ad-Hoc|iPhoneSimulator.ActiveCfg = Release|x86
		{747E1C63-BA89-4659-9000-FABA28F591FC}.Ad-Hoc|iPhoneSimulator.Build.0 = Release|x86
		{747E1C63-BA89-4659-9000-FABA28F591FC}.Ad-Hoc|iPhoneSimulator.Deploy.0 = Release|x86
		{747E1C63-BA89-4659-9000-FABA28F591FC}.Ad-Hoc|x64.ActiveCfg = Release|x64
		{747E1C63-BA89-4659-9000-FABA28F591FC}.Ad-Hoc|x64.Build.0 = Release|x64
		{747E1C63-BA89-4659-9000-FABA28F591FC}.Ad-Hoc|x64.Deploy.0 = Release|x64
		{747E1C63-BA89-4659-9000-FABA28F591FC}.Ad-Hoc|x86.ActiveCfg = Release|x86
		{747E1C63-BA89-4659-9000-FABA28F591FC}.Ad-Hoc|x86.Build.0 = Release|x86
		{747E1C63-BA89-4659-9000-FABA28F591FC}.Ad-Hoc|x86.Deploy.0 = Release|x86
		{747E1C63-BA89-4659-9000-FABA28F591FC}.AppStore|Any CPU.ActiveCfg = Release|x86
		{747E1C63-BA89-4659-9000-FABA28F591FC}.AppStore|Any CPU.Build.0 = Release|x86
		{747E1C63-BA89-4659-9000-FABA28F591FC}.AppStore|Any CPU.Deploy.0 = Release|x86
		{747E1C63-BA89-4659-9000-FABA28F591FC}.AppStore|ARM.ActiveCfg = Release|ARM
		{747E1C63-BA89-4659-9000-FABA28F591FC}.AppStore|ARM.Build.0 = Release|ARM
		{747E1C63-BA89-4659-9000-FABA28F591FC}.AppStore|ARM.Deploy.0 = Release|ARM
		{747E1C63-BA89-4659-9000-FABA28F591FC}.AppStore|iPhone.ActiveCfg = Release|x86
		{747E1C63-BA89-4659-9000-FABA28F591FC}.AppStore|iPhone.Build.0 = Release|x86
		{747E1C63-BA89-4659-9000-FABA28F591FC}.AppStore|iPhone.Deploy.0 = Release|x86
		{747E1C63-BA89-4659-9000-FABA28F591FC}.AppStore|iPhoneSimulator.ActiveCfg = Release|x86
		{747E1C63-BA89-4659-9000-FABA28F591FC}.AppStore|iPhoneSimulator.Build.0 = Release|x86
		{747E1C63-BA89-4659-9000-FABA28F591FC}.AppStore|iPhoneSimulator.Deploy.0 = Release|x86
		{747E1C63-BA89-4659-9000-FABA28F591FC}.AppStore|x64.ActiveCfg = Release|x64
		{747E1C63-BA89-4659-9000-FABA28F591FC}.AppStore|x64.Build.0 = Release|x64
		{747E1C63-BA89-4659-9000-FABA28F591FC}.AppStore|x64.Deploy.0 = Release|x64
		{747E1C63-BA89-4659-9000-FABA28F591FC}.AppStore|x86.ActiveCfg = Release|x86
		{747E1C63-BA89-4659-9000-FABA28F591FC}.AppStore|x86.Build.0 = Release|x86
		{747E1C63-BA89-4659-9000-FABA28F591FC}.AppStore|x86.Deploy.0 = Release|x86
		{747E1C63-BA89-4659-9000-FABA28F591FC}.Debug|Any CPU.ActiveCfg = Debug|x86
		{747E1C63-BA89-4659-9000-FABA28F591FC}.Debug|Any CPU.Build.0 = Debug|x86
		{747E1C63-BA89-4659-9000-FABA28F591FC}.Debug|Any CPU.Deploy.0 = Debug|x86
		{747E1C63-BA89-4659-9000-FABA28F591FC}.Debug|ARM.ActiveCfg = Debug|ARM
		{747E1C63-BA89-4659-9000-FABA28F591FC}.Debug|ARM.Build.0 = Debug|ARM
		{747E1C63-BA89-4659-9000-FABA28F591FC}.Debug|ARM.Deploy.0 = Debug|ARM
		{747E1C63-BA89-4659-9000-FABA28F591FC}.Debug|iPhone.ActiveCfg = Debug|x86
		{747E1C63-BA89-4659-9000-FABA28F591FC}.Debug|iPhoneSimulator.ActiveCfg = Debug|x86
		{747E1C63-BA89-4659-9000-FABA28F591FC}.Debug|x64.ActiveCfg = Debug|x64
		{747E1C63-BA89-4659-9000-FABA28F591FC}.Debug|x64.Build.0 = Debug|x64
		{747E1C63-BA89-4659-9000-FABA28F591FC}.Debug|x64.Deploy.0 = Debug|x64
		{747E1C63-BA89-4659-9000-FABA28F591FC}.Debug|x86.ActiveCfg = Debug|x86
		{747E1C63-BA89-4659-9000-FABA28F591FC}.Debug|x86.Build.0 = Debug|x86
		{747E1C63-BA89-4659-9000-FABA28F591FC}.Debug|x86.Deploy.0 = Debug|x86
		{747E1C63-BA89-4659-9000-FABA28F591FC}.Release|Any CPU.ActiveCfg = Release|x86
		{747E1C63-BA89-4659-9000-FABA28F591FC}.Release|ARM.ActiveCfg = Release|ARM
		{747E1C63-BA89-4659-9000-FABA28F591FC}.Release|ARM.Build.0 = Release|ARM
		{747E1C63-BA89-4659-9000-FABA28F591FC}.Release|ARM.Deploy.0 = Release|ARM
		{747E1C63-BA89-4659-9000-FABA28F591FC}.Release|iPhone.ActiveCfg = Release|x86
		{747E1C63-BA89-4659-9000-FABA28F591FC}.Release|iPhoneSimulator.ActiveCfg = Release|x86
		{747E1C63-BA89-4659-9000-FABA28F591FC}.Release|x64.ActiveCfg = Release|x64
		{747E1C63-BA89-4659-9000-FABA28F591FC}.Release|x64.Build.0 = Release|x64
		{747E1C63-BA89-4659-9000-FABA28F591FC}.Release|x64.Deploy.0 = Release|x64
		{747E1C63-BA89-4659-9000-FABA28F591FC}.Release|x86.ActiveCfg = Release|x86
		{747E1C63-BA89-4659-9000-FABA28F591FC}.Release|x86.Build.0 = Release|x86
		{747E1C63-BA89-4659-9000-FABA28F591FC}.Release|x86.Deploy.0 = Release|x86
		{601A5990-454E-4EFF-9527-4A69EC1A6932}.Ad-Hoc|Any CPU.ActiveCfg = Release|Any CPU
		{601A5990-454E-4EFF-9527-4A69EC1A6932}.Ad-Hoc|Any CPU.Build.0 = Release|Any CPU
		{601A5990-454E-4EFF-9527-4A69EC1A6932}.Ad-Hoc|ARM.ActiveCfg = Release|Any CPU
		{601A5990-454E-4EFF-9527-4A69EC1A6932}.Ad-Hoc|ARM.Build.0 = Release|Any CPU
		{601A5990-454E-4EFF-9527-4A69EC1A6932}.Ad-Hoc|iPhone.ActiveCfg = Release|Any CPU
		{601A5990-454E-4EFF-9527-4A69EC1A6932}.Ad-Hoc|iPhone.Build.0 = Release|Any CPU
		{601A5990-454E-4EFF-9527-4A69EC1A6932}.Ad-Hoc|iPhoneSimulator.ActiveCfg = Release|Any CPU
		{601A5990-454E-4EFF-9527-4A69EC1A6932}.Ad-Hoc|iPhoneSimulator.Build.0 = Release|Any CPU
		{601A5990-454E-4EFF-9527-4A69EC1A6932}.Ad-Hoc|x64.ActiveCfg = Release|Any CPU
		{601A5990-454E-4EFF-9527-4A69EC1A6932}.Ad-Hoc|x64.Build.0 = Release|Any CPU
		{601A5990-454E-4EFF-9527-4A69EC1A6932}.Ad-Hoc|x86.ActiveCfg = Release|Any CPU
		{601A5990-454E-4EFF-9527-4A69EC1A6932}.Ad-Hoc|x86.Build.0 = Release|Any CPU
		{601A5990-454E-4EFF-9527-4A69EC1A6932}.AppStore|Any CPU.ActiveCfg = Release|Any CPU
		{601A5990-454E-4EFF-9527-4A69EC1A6932}.AppStore|Any CPU.Build.0 = Release|Any CPU
		{601A5990-454E-4EFF-9527-4A69EC1A6932}.AppStore|ARM.ActiveCfg = Release|Any CPU
		{601A5990-454E-4EFF-9527-4A69EC1A6932}.AppStore|ARM.Build.0 = Release|Any CPU
		{601A5990-454E-4EFF-9527-4A69EC1A6932}.AppStore|iPhone.ActiveCfg = Release|Any CPU
		{601A5990-454E-4EFF-9527-4A69EC1A6932}.AppStore|iPhone.Build.0 = Release|Any CPU
		{601A5990-454E-4EFF-9527-4A69EC1A6932}.AppStore|iPhoneSimulator.ActiveCfg = Release|Any CPU
		{601A5990-454E-4EFF-9527-4A69EC1A6932}.AppStore|iPhoneSimulator.Build.0 = Release|Any CPU
		{601A5990-454E-4EFF-9527-4A69EC1A6932}.AppStore|x64.ActiveCfg = Release|Any CPU
		{601A5990-454E-4EFF-9527-4A69EC1A6932}.AppStore|x64.Build.0 = Release|Any CPU
		{601A5990-454E-4EFF-9527-4A69EC1A6932}.AppStore|x86.ActiveCfg = Release|Any CPU
		{601A5990-454E-4EFF-9527-4A69EC1A6932}.AppStore|x86.Build.0 = Release|Any CPU
		{601A5990-454E-4EFF-9527-4A69EC1A6932}.Debug|Any CPU.ActiveCfg = Debug|Any CPU
		{601A5990-454E-4EFF-9527-4A69EC1A6932}.Debug|Any CPU.Build.0 = Debug|Any CPU
		{601A5990-454E-4EFF-9527-4A69EC1A6932}.Debug|ARM.ActiveCfg = Debug|Any CPU
		{601A5990-454E-4EFF-9527-4A69EC1A6932}.Debug|ARM.Build.0 = Debug|Any CPU
		{601A5990-454E-4EFF-9527-4A69EC1A6932}.Debug|iPhone.ActiveCfg = Debug|Any CPU
		{601A5990-454E-4EFF-9527-4A69EC1A6932}.Debug|iPhone.Build.0 = Debug|Any CPU
		{601A5990-454E-4EFF-9527-4A69EC1A6932}.Debug|iPhoneSimulator.ActiveCfg = Debug|Any CPU
		{601A5990-454E-4EFF-9527-4A69EC1A6932}.Debug|iPhoneSimulator.Build.0 = Debug|Any CPU
		{601A5990-454E-4EFF-9527-4A69EC1A6932}.Debug|x64.ActiveCfg = Debug|Any CPU
		{601A5990-454E-4EFF-9527-4A69EC1A6932}.Debug|x64.Build.0 = Debug|Any CPU
		{601A5990-454E-4EFF-9527-4A69EC1A6932}.Debug|x86.ActiveCfg = Debug|Any CPU
		{601A5990-454E-4EFF-9527-4A69EC1A6932}.Debug|x86.Build.0 = Debug|Any CPU
		{601A5990-454E-4EFF-9527-4A69EC1A6932}.Release|Any CPU.ActiveCfg = Release|Any CPU
		{601A5990-454E-4EFF-9527-4A69EC1A6932}.Release|Any CPU.Build.0 = Release|Any CPU
		{601A5990-454E-4EFF-9527-4A69EC1A6932}.Release|ARM.ActiveCfg = Release|Any CPU
		{601A5990-454E-4EFF-9527-4A69EC1A6932}.Release|ARM.Build.0 = Release|Any CPU
		{601A5990-454E-4EFF-9527-4A69EC1A6932}.Release|iPhone.ActiveCfg = Release|Any CPU
		{601A5990-454E-4EFF-9527-4A69EC1A6932}.Release|iPhone.Build.0 = Release|Any CPU
		{601A5990-454E-4EFF-9527-4A69EC1A6932}.Release|iPhoneSimulator.ActiveCfg = Release|Any CPU
		{601A5990-454E-4EFF-9527-4A69EC1A6932}.Release|iPhoneSimulator.Build.0 = Release|Any CPU
		{601A5990-454E-4EFF-9527-4A69EC1A6932}.Release|x64.ActiveCfg = Release|Any CPU
		{601A5990-454E-4EFF-9527-4A69EC1A6932}.Release|x64.Build.0 = Release|Any CPU
		{601A5990-454E-4EFF-9527-4A69EC1A6932}.Release|x86.ActiveCfg = Release|Any CPU
		{601A5990-454E-4EFF-9527-4A69EC1A6932}.Release|x86.Build.0 = Release|Any CPU
	EndGlobalSection
	GlobalSection(SolutionProperties) = preSolution
		HideSolutionNode = FALSE
	EndGlobalSection
EndGlobal
