
Microsoft Visual Studio Solution File, Format Version 12.00
# Visual Studio 14
VisualStudioVersion = 14.0.25123.0
MinimumVisualStudioVersion = 10.0.40219.1
Project("{FAE04EC0-301F-11D3-BF4B-00C04F79EFBC}") = "JxugcMvvm", "JxugcMvvm\JxugcMvvm\JxugcMvvm.csproj", "{D8BA3CC1-2CEC-4AC0-916E-090C27F068AB}"
EndProject
Project("{FAE04EC0-301F-11D3-BF4B-00C04F79EFBC}") = "JxugcMvvm.Droid", "JxugcMvvm\JxugcMvvm.Droid\JxugcMvvm.Droid.csproj", "{C75D9E0B-563C-476F-B561-FAB835CC3C35}"
EndProject
Project("{FAE04EC0-301F-11D3-BF4B-00C04F79EFBC}") = "JxugcMvvm.iOS", "JxugcMvvm\JxugcMvvm.iOS\JxugcMvvm.iOS.csproj", "{CE424BFE-654C-435D-BCC7-8C763D90F84A}"
EndProject
Project("{FAE04EC0-301F-11D3-BF4B-00C04F79EFBC}") = "JxugcMvvm.UWP", "JxugcMvvm\JxugcMvvm.UWP\JxugcMvvm.UWP.csproj", "{2F349FF6-0BB6-4ADE-AF0C-1E3EB7C2D16A}"
EndProject
Global
	GlobalSection(SolutionConfigurationPlatforms) = preSolution
		Ad-Hoc|Any CPU = Ad-Hoc|Any CPU
		Ad-Hoc|ARM = Ad-Hoc|ARM
		Ad-Hoc|iPhone = Ad-Hoc|iPhone
		Ad-Hoc|iPhoneSimulator = Ad-Hoc|iPhoneSimulator
		Ad-Hoc|x64 = Ad-Hoc|x64
		Ad-Hoc|x86 = Ad-Hoc|x86
		AppStore|Any CPU = AppStore|Any CPU
		AppStore|ARM = AppStore|ARM
		AppStore|iPhone = AppStore|iPhone
		AppStore|iPhoneSimulator = AppStore|iPhoneSimulator
		AppStore|x64 = AppStore|x64
		AppStore|x86 = AppStore|x86
		Debug|Any CPU = Debug|Any CPU
		Debug|ARM = Debug|ARM
		Debug|iPhone = Debug|iPhone
		Debug|iPhoneSimulator = Debug|iPhoneSimulator
		Debug|x64 = Debug|x64
		Debug|x86 = Debug|x86
		Release|Any CPU = Release|Any CPU
		Release|ARM = Release|ARM
		Release|iPhone = Release|iPhone
		Release|iPhoneSimulator = Release|iPhoneSimulator
		Release|x64 = Release|x64
		Release|x86 = Release|x86
	EndGlobalSection
	GlobalSection(ProjectConfigurationPlatforms) = postSolution
		{D8BA3CC1-2CEC-4AC0-916E-090C27F068AB}.Ad-Hoc|Any CPU.ActiveCfg = Release|Any CPU
		{D8BA3CC1-2CEC-4AC0-916E-090C27F068AB}.Ad-Hoc|Any CPU.Build.0 = Release|Any CPU
		{D8BA3CC1-2CEC-4AC0-916E-090C27F068AB}.Ad-Hoc|ARM.ActiveCfg = Release|Any CPU
		{D8BA3CC1-2CEC-4AC0-916E-090C27F068AB}.Ad-Hoc|ARM.Build.0 = Release|Any CPU
		{D8BA3CC1-2CEC-4AC0-916E-090C27F068AB}.Ad-Hoc|iPhone.ActiveCfg = Release|Any CPU
		{D8BA3CC1-2CEC-4AC0-916E-090C27F068AB}.Ad-Hoc|iPhone.Build.0 = Release|Any CPU
		{D8BA3CC1-2CEC-4AC0-916E-090C27F068AB}.Ad-Hoc|iPhoneSimulator.ActiveCfg = Release|Any CPU
		{D8BA3CC1-2CEC-4AC0-916E-090C27F068AB}.Ad-Hoc|iPhoneSimulator.Build.0 = Release|Any CPU
		{D8BA3CC1-2CEC-4AC0-916E-090C27F068AB}.Ad-Hoc|x64.ActiveCfg = Release|Any CPU
		{D8BA3CC1-2CEC-4AC0-916E-090C27F068AB}.Ad-Hoc|x64.Build.0 = Release|Any CPU
		{D8BA3CC1-2CEC-4AC0-916E-090C27F068AB}.Ad-Hoc|x86.ActiveCfg = Release|Any CPU
		{D8BA3CC1-2CEC-4AC0-916E-090C27F068AB}.Ad-Hoc|x86.Build.0 = Release|Any CPU
		{D8BA3CC1-2CEC-4AC0-916E-090C27F068AB}.AppStore|Any CPU.ActiveCfg = Release|Any CPU
		{D8BA3CC1-2CEC-4AC0-916E-090C27F068AB}.AppStore|Any CPU.Build.0 = Release|Any CPU
		{D8BA3CC1-2CEC-4AC0-916E-090C27F068AB}.AppStore|ARM.ActiveCfg = Release|Any CPU
		{D8BA3CC1-2CEC-4AC0-916E-090C27F068AB}.AppStore|ARM.Build.0 = Release|Any CPU
		{D8BA3CC1-2CEC-4AC0-916E-090C27F068AB}.AppStore|iPhone.ActiveCfg = Release|Any CPU
		{D8BA3CC1-2CEC-4AC0-916E-090C27F068AB}.AppStore|iPhone.Build.0 = Release|Any CPU
		{D8BA3CC1-2CEC-4AC0-916E-090C27F068AB}.AppStore|iPhoneSimulator.ActiveCfg = Release|Any CPU
		{D8BA3CC1-2CEC-4AC0-916E-090C27F068AB}.AppStore|iPhoneSimulator.Build.0 = Release|Any CPU
		{D8BA3CC1-2CEC-4AC0-916E-090C27F068AB}.AppStore|x64.ActiveCfg = Release|Any CPU
		{D8BA3CC1-2CEC-4AC0-916E-090C27F068AB}.AppStore|x64.Build.0 = Release|Any CPU
		{D8BA3CC1-2CEC-4AC0-916E-090C27F068AB}.AppStore|x86.ActiveCfg = Release|Any CPU
		{D8BA3CC1-2CEC-4AC0-916E-090C27F068AB}.AppStore|x86.Build.0 = Release|Any CPU
		{D8BA3CC1-2CEC-4AC0-916E-090C27F068AB}.Debug|Any CPU.ActiveCfg = Debug|Any CPU
		{D8BA3CC1-2CEC-4AC0-916E-090C27F068AB}.Debug|Any CPU.Build.0 = Debug|Any CPU
		{D8BA3CC1-2CEC-4AC0-916E-090C27F068AB}.Debug|ARM.ActiveCfg = Debug|Any CPU
		{D8BA3CC1-2CEC-4AC0-916E-090C27F068AB}.Debug|ARM.Build.0 = Debug|Any CPU
		{D8BA3CC1-2CEC-4AC0-916E-090C27F068AB}.Debug|iPhone.ActiveCfg = Debug|Any CPU
		{D8BA3CC1-2CEC-4AC0-916E-090C27F068AB}.Debug|iPhone.Build.0 = Debug|Any CPU
		{D8BA3CC1-2CEC-4AC0-916E-090C27F068AB}.Debug|iPhoneSimulator.ActiveCfg = Debug|Any CPU
		{D8BA3CC1-2CEC-4AC0-916E-090C27F068AB}.Debug|iPhoneSimulator.Build.0 = Debug|Any CPU
		{D8BA3CC1-2CEC-4AC0-916E-090C27F068AB}.Debug|x64.ActiveCfg = Debug|Any CPU
		{D8BA3CC1-2CEC-4AC0-916E-090C27F068AB}.Debug|x64.Build.0 = Debug|Any CPU
		{D8BA3CC1-2CEC-4AC0-916E-090C27F068AB}.Debug|x86.ActiveCfg = Debug|Any CPU
		{D8BA3CC1-2CEC-4AC0-916E-090C27F068AB}.Debug|x86.Build.0 = Debug|Any CPU
		{D8BA3CC1-2CEC-4AC0-916E-090C27F068AB}.Release|Any CPU.ActiveCfg = Release|Any CPU
		{D8BA3CC1-2CEC-4AC0-916E-090C27F068AB}.Release|Any CPU.Build.0 = Release|Any CPU
		{D8BA3CC1-2CEC-4AC0-916E-090C27F068AB}.Release|ARM.ActiveCfg = Release|Any CPU
		{D8BA3CC1-2CEC-4AC0-916E-090C27F068AB}.Release|ARM.Build.0 = Release|Any CPU
		{D8BA3CC1-2CEC-4AC0-916E-090C27F068AB}.Release|iPhone.ActiveCfg = Release|Any CPU
		{D8BA3CC1-2CEC-4AC0-916E-090C27F068AB}.Release|iPhone.Build.0 = Release|Any CPU
		{D8BA3CC1-2CEC-4AC0-916E-090C27F068AB}.Release|iPhoneSimulator.ActiveCfg = Release|Any CPU
		{D8BA3CC1-2CEC-4AC0-916E-090C27F068AB}.Release|iPhoneSimulator.Build.0 = Release|Any CPU
		{D8BA3CC1-2CEC-4AC0-916E-090C27F068AB}.Release|x64.ActiveCfg = Release|Any CPU
		{D8BA3CC1-2CEC-4AC0-916E-090C27F068AB}.Release|x64.Build.0 = Release|Any CPU
		{D8BA3CC1-2CEC-4AC0-916E-090C27F068AB}.Release|x86.ActiveCfg = Release|Any CPU
		{D8BA3CC1-2CEC-4AC0-916E-090C27F068AB}.Release|x86.Build.0 = Release|Any CPU
		{C75D9E0B-563C-476F-B561-FAB835CC3C35}.Ad-Hoc|Any CPU.ActiveCfg = Release|Any CPU
		{C75D9E0B-563C-476F-B561-FAB835CC3C35}.Ad-Hoc|Any CPU.Build.0 = Release|Any CPU
		{C75D9E0B-563C-476F-B561-FAB835CC3C35}.Ad-Hoc|Any CPU.Deploy.0 = Release|Any CPU
		{C75D9E0B-563C-476F-B561-FAB835CC3C35}.Ad-Hoc|ARM.ActiveCfg = Release|Any CPU
		{C75D9E0B-563C-476F-B561-FAB835CC3C35}.Ad-Hoc|ARM.Build.0 = Release|Any CPU
		{C75D9E0B-563C-476F-B561-FAB835CC3C35}.Ad-Hoc|ARM.Deploy.0 = Release|Any CPU
		{C75D9E0B-563C-476F-B561-FAB835CC3C35}.Ad-Hoc|iPhone.ActiveCfg = Release|Any CPU
		{C75D9E0B-563C-476F-B561-FAB835CC3C35}.Ad-Hoc|iPhone.Build.0 = Release|Any CPU
		{C75D9E0B-563C-476F-B561-FAB835CC3C35}.Ad-Hoc|iPhone.Deploy.0 = Release|Any CPU
		{C75D9E0B-563C-476F-B561-FAB835CC3C35}.Ad-Hoc|iPhoneSimulator.ActiveCfg = Release|Any CPU
		{C75D9E0B-563C-476F-B561-FAB835CC3C35}.Ad-Hoc|iPhoneSimulator.Build.0 = Release|Any CPU
		{C75D9E0B-563C-476F-B561-FAB835CC3C35}.Ad-Hoc|iPhoneSimulator.Deploy.0 = Release|Any CPU
		{C75D9E0B-563C-476F-B561-FAB835CC3C35}.Ad-Hoc|x64.ActiveCfg = Release|Any CPU
		{C75D9E0B-563C-476F-B561-FAB835CC3C35}.Ad-Hoc|x64.Build.0 = Release|Any CPU
		{C75D9E0B-563C-476F-B561-FAB835CC3C35}.Ad-Hoc|x64.Deploy.0 = Release|Any CPU
		{C75D9E0B-563C-476F-B561-FAB835CC3C35}.Ad-Hoc|x86.ActiveCfg = Release|Any CPU
		{C75D9E0B-563C-476F-B561-FAB835CC3C35}.Ad-Hoc|x86.Build.0 = Release|Any CPU
		{C75D9E0B-563C-476F-B561-FAB835CC3C35}.Ad-Hoc|x86.Deploy.0 = Release|Any CPU
		{C75D9E0B-563C-476F-B561-FAB835CC3C35}.AppStore|Any CPU.ActiveCfg = Release|Any CPU
		{C75D9E0B-563C-476F-B561-FAB835CC3C35}.AppStore|Any CPU.Build.0 = Release|Any CPU
		{C75D9E0B-563C-476F-B561-FAB835CC3C35}.AppStore|Any CPU.Deploy.0 = Release|Any CPU
		{C75D9E0B-563C-476F-B561-FAB835CC3C35}.AppStore|ARM.ActiveCfg = Release|Any CPU
		{C75D9E0B-563C-476F-B561-FAB835CC3C35}.AppStore|ARM.Build.0 = Release|Any CPU
		{C75D9E0B-563C-476F-B561-FAB835CC3C35}.AppStore|ARM.Deploy.0 = Release|Any CPU
		{C75D9E0B-563C-476F-B561-FAB835CC3C35}.AppStore|iPhone.ActiveCfg = Release|Any CPU
		{C75D9E0B-563C-476F-B561-FAB835CC3C35}.AppStore|iPhone.Build.0 = Release|Any CPU
		{C75D9E0B-563C-476F-B561-FAB835CC3C35}.AppStore|iPhone.Deploy.0 = Release|Any CPU
		{C75D9E0B-563C-476F-B561-FAB835CC3C35}.AppStore|iPhoneSimulator.ActiveCfg = Release|Any CPU
		{C75D9E0B-563C-476F-B561-FAB835CC3C35}.AppStore|iPhoneSimulator.Build.0 = Release|Any CPU
		{C75D9E0B-563C-476F-B561-FAB835CC3C35}.AppStore|iPhoneSimulator.Deploy.0 = Release|Any CPU
		{C75D9E0B-563C-476F-B561-FAB835CC3C35}.AppStore|x64.ActiveCfg = Release|Any CPU
		{C75D9E0B-563C-476F-B561-FAB835CC3C35}.AppStore|x64.Build.0 = Release|Any CPU
		{C75D9E0B-563C-476F-B561-FAB835CC3C35}.AppStore|x64.Deploy.0 = Release|Any CPU
		{C75D9E0B-563C-476F-B561-FAB835CC3C35}.AppStore|x86.ActiveCfg = Release|Any CPU
		{C75D9E0B-563C-476F-B561-FAB835CC3C35}.AppStore|x86.Build.0 = Release|Any CPU
		{C75D9E0B-563C-476F-B561-FAB835CC3C35}.AppStore|x86.Deploy.0 = Release|Any CPU
		{C75D9E0B-563C-476F-B561-FAB835CC3C35}.Debug|Any CPU.ActiveCfg = Debug|Any CPU
		{C75D9E0B-563C-476F-B561-FAB835CC3C35}.Debug|Any CPU.Build.0 = Debug|Any CPU
		{C75D9E0B-563C-476F-B561-FAB835CC3C35}.Debug|Any CPU.Deploy.0 = Debug|Any CPU
		{C75D9E0B-563C-476F-B561-FAB835CC3C35}.Debug|ARM.ActiveCfg = Debug|Any CPU
		{C75D9E0B-563C-476F-B561-FAB835CC3C35}.Debug|ARM.Build.0 = Debug|Any CPU
		{C75D9E0B-563C-476F-B561-FAB835CC3C35}.Debug|ARM.Deploy.0 = Debug|Any CPU
		{C75D9E0B-563C-476F-B561-FAB835CC3C35}.Debug|iPhone.ActiveCfg = Debug|Any CPU
		{C75D9E0B-563C-476F-B561-FAB835CC3C35}.Debug|iPhone.Build.0 = Debug|Any CPU
		{C75D9E0B-563C-476F-B561-FAB835CC3C35}.Debug|iPhone.Deploy.0 = Debug|Any CPU
		{C75D9E0B-563C-476F-B561-FAB835CC3C35}.Debug|iPhoneSimulator.ActiveCfg = Debug|Any CPU
		{C75D9E0B-563C-476F-B561-FAB835CC3C35}.Debug|iPhoneSimulator.Build.0 = Debug|Any CPU
		{C75D9E0B-563C-476F-B561-FAB835CC3C35}.Debug|iPhoneSimulator.Deploy.0 = Debug|Any CPU
		{C75D9E0B-563C-476F-B561-FAB835CC3C35}.Debug|x64.ActiveCfg = Debug|Any CPU
		{C75D9E0B-563C-476F-B561-FAB835CC3C35}.Debug|x64.Build.0 = Debug|Any CPU
		{C75D9E0B-563C-476F-B561-FAB835CC3C35}.Debug|x64.Deploy.0 = Debug|Any CPU
		{C75D9E0B-563C-476F-B561-FAB835CC3C35}.Debug|x86.ActiveCfg = Debug|Any CPU
		{C75D9E0B-563C-476F-B561-FAB835CC3C35}.Debug|x86.Build.0 = Debug|Any CPU
		{C75D9E0B-563C-476F-B561-FAB835CC3C35}.Debug|x86.Deploy.0 = Debug|Any CPU
		{C75D9E0B-563C-476F-B561-FAB835CC3C35}.Release|Any CPU.ActiveCfg = Release|Any CPU
		{C75D9E0B-563C-476F-B561-FAB835CC3C35}.Release|Any CPU.Build.0 = Release|Any CPU
		{C75D9E0B-563C-476F-B561-FAB835CC3C35}.Release|Any CPU.Deploy.0 = Release|Any CPU
		{C75D9E0B-563C-476F-B561-FAB835CC3C35}.Release|ARM.ActiveCfg = Release|Any CPU
		{C75D9E0B-563C-476F-B561-FAB835CC3C35}.Release|ARM.Build.0 = Release|Any CPU
		{C75D9E0B-563C-476F-B561-FAB835CC3C35}.Release|ARM.Deploy.0 = Release|Any CPU
		{C75D9E0B-563C-476F-B561-FAB835CC3C35}.Release|iPhone.ActiveCfg = Release|Any CPU
		{C75D9E0B-563C-476F-B561-FAB835CC3C35}.Release|iPhone.Build.0 = Release|Any CPU
		{C75D9E0B-563C-476F-B561-FAB835CC3C35}.Release|iPhone.Deploy.0 = Release|Any CPU
		{C75D9E0B-563C-476F-B561-FAB835CC3C35}.Release|iPhoneSimulator.ActiveCfg = Release|Any CPU
		{C75D9E0B-563C-476F-B561-FAB835CC3C35}.Release|iPhoneSimulator.Build.0 = Release|Any CPU
		{C75D9E0B-563C-476F-B561-FAB835CC3C35}.Release|iPhoneSimulator.Deploy.0 = Release|Any CPU
		{C75D9E0B-563C-476F-B561-FAB835CC3C35}.Release|x64.ActiveCfg = Release|Any CPU
		{C75D9E0B-563C-476F-B561-FAB835CC3C35}.Release|x64.Build.0 = Release|Any CPU
		{C75D9E0B-563C-476F-B561-FAB835CC3C35}.Release|x64.Deploy.0 = Release|Any CPU
		{C75D9E0B-563C-476F-B561-FAB835CC3C35}.Release|x86.ActiveCfg = Release|Any CPU
		{C75D9E0B-563C-476F-B561-FAB835CC3C35}.Release|x86.Build.0 = Release|Any CPU
		{C75D9E0B-563C-476F-B561-FAB835CC3C35}.Release|x86.Deploy.0 = Release|Any CPU
		{CE424BFE-654C-435D-BCC7-8C763D90F84A}.Ad-Hoc|Any CPU.ActiveCfg = Ad-Hoc|iPhone
		{CE424BFE-654C-435D-BCC7-8C763D90F84A}.Ad-Hoc|ARM.ActiveCfg = Ad-Hoc|iPhone
		{CE424BFE-654C-435D-BCC7-8C763D90F84A}.Ad-Hoc|iPhone.ActiveCfg = Ad-Hoc|iPhone
		{CE424BFE-654C-435D-BCC7-8C763D90F84A}.Ad-Hoc|iPhone.Build.0 = Ad-Hoc|iPhone
		{CE424BFE-654C-435D-BCC7-8C763D90F84A}.Ad-Hoc|iPhoneSimulator.ActiveCfg = Ad-Hoc|iPhoneSimulator
		{CE424BFE-654C-435D-BCC7-8C763D90F84A}.Ad-Hoc|iPhoneSimulator.Build.0 = Ad-Hoc|iPhoneSimulator
		{CE424BFE-654C-435D-BCC7-8C763D90F84A}.Ad-Hoc|x64.ActiveCfg = Ad-Hoc|iPhone
		{CE424BFE-654C-435D-BCC7-8C763D90F84A}.Ad-Hoc|x86.ActiveCfg = Ad-Hoc|iPhone
		{CE424BFE-654C-435D-BCC7-8C763D90F84A}.AppStore|Any CPU.ActiveCfg = AppStore|iPhone
		{CE424BFE-654C-435D-BCC7-8C763D90F84A}.AppStore|ARM.ActiveCfg = AppStore|iPhone
		{CE424BFE-654C-435D-BCC7-8C763D90F84A}.AppStore|iPhone.ActiveCfg = AppStore|iPhone
		{CE424BFE-654C-435D-BCC7-8C763D90F84A}.AppStore|iPhone.Build.0 = AppStore|iPhone
		{CE424BFE-654C-435D-BCC7-8C763D90F84A}.AppStore|iPhoneSimulator.ActiveCfg = AppStore|iPhoneSimulator
		{CE424BFE-654C-435D-BCC7-8C763D90F84A}.AppStore|iPhoneSimulator.Build.0 = AppStore|iPhoneSimulator
		{CE424BFE-654C-435D-BCC7-8C763D90F84A}.AppStore|x64.ActiveCfg = AppStore|iPhone
		{CE424BFE-654C-435D-BCC7-8C763D90F84A}.AppStore|x86.ActiveCfg = AppStore|iPhone
		{CE424BFE-654C-435D-BCC7-8C763D90F84A}.Debug|Any CPU.ActiveCfg = Debug|iPhone
		{CE424BFE-654C-435D-BCC7-8C763D90F84A}.Debug|ARM.ActiveCfg = Debug|iPhone
		{CE424BFE-654C-435D-BCC7-8C763D90F84A}.Debug|iPhone.ActiveCfg = Debug|iPhone
		{CE424BFE-654C-435D-BCC7-8C763D90F84A}.Debug|iPhone.Build.0 = Debug|iPhone
		{CE424BFE-654C-435D-BCC7-8C763D90F84A}.Debug|iPhoneSimulator.ActiveCfg = Debug|iPhoneSimulator
		{CE424BFE-654C-435D-BCC7-8C763D90F84A}.Debug|iPhoneSimulator.Build.0 = Debug|iPhoneSimulator
		{CE424BFE-654C-435D-BCC7-8C763D90F84A}.Debug|x64.ActiveCfg = Debug|iPhone
		{CE424BFE-654C-435D-BCC7-8C763D90F84A}.Debug|x86.ActiveCfg = Debug|iPhone
		{CE424BFE-654C-435D-BCC7-8C763D90F84A}.Release|Any CPU.ActiveCfg = Release|iPhone
		{CE424BFE-654C-435D-BCC7-8C763D90F84A}.Release|ARM.ActiveCfg = Release|iPhone
		{CE424BFE-654C-435D-BCC7-8C763D90F84A}.Release|iPhone.ActiveCfg = Release|iPhone
		{CE424BFE-654C-435D-BCC7-8C763D90F84A}.Release|iPhone.Build.0 = Release|iPhone
		{CE424BFE-654C-435D-BCC7-8C763D90F84A}.Release|iPhoneSimulator.ActiveCfg = Release|iPhoneSimulator
		{CE424BFE-654C-435D-BCC7-8C763D90F84A}.Release|iPhoneSimulator.Build.0 = Release|iPhoneSimulator
		{CE424BFE-654C-435D-BCC7-8C763D90F84A}.Release|x64.ActiveCfg = Release|iPhone
		{CE424BFE-654C-435D-BCC7-8C763D90F84A}.Release|x86.ActiveCfg = Release|iPhone
		{2F349FF6-0BB6-4ADE-AF0C-1E3EB7C2D16A}.Ad-Hoc|Any CPU.ActiveCfg = Release|x86
		{2F349FF6-0BB6-4ADE-AF0C-1E3EB7C2D16A}.Ad-Hoc|Any CPU.Build.0 = Release|x86
		{2F349FF6-0BB6-4ADE-AF0C-1E3EB7C2D16A}.Ad-Hoc|Any CPU.Deploy.0 = Release|x86
		{2F349FF6-0BB6-4ADE-AF0C-1E3EB7C2D16A}.Ad-Hoc|ARM.ActiveCfg = Release|ARM
		{2F349FF6-0BB6-4ADE-AF0C-1E3EB7C2D16A}.Ad-Hoc|ARM.Build.0 = Release|ARM
		{2F349FF6-0BB6-4ADE-AF0C-1E3EB7C2D16A}.Ad-Hoc|ARM.Deploy.0 = Release|ARM
		{2F349FF6-0BB6-4ADE-AF0C-1E3EB7C2D16A}.Ad-Hoc|iPhone.ActiveCfg = Release|x86
		{2F349FF6-0BB6-4ADE-AF0C-1E3EB7C2D16A}.Ad-Hoc|iPhone.Build.0 = Release|x86
		{2F349FF6-0BB6-4ADE-AF0C-1E3EB7C2D16A}.Ad-Hoc|iPhone.Deploy.0 = Release|x86
		{2F349FF6-0BB6-4ADE-AF0C-1E3EB7C2D16A}.Ad-Hoc|iPhoneSimulator.ActiveCfg = Release|x86
		{2F349FF6-0BB6-4ADE-AF0C-1E3EB7C2D16A}.Ad-Hoc|iPhoneSimulator.Build.0 = Release|x86
		{2F349FF6-0BB6-4ADE-AF0C-1E3EB7C2D16A}.Ad-Hoc|iPhoneSimulator.Deploy.0 = Release|x86
		{2F349FF6-0BB6-4ADE-AF0C-1E3EB7C2D16A}.Ad-Hoc|x64.ActiveCfg = Release|x64
		{2F349FF6-0BB6-4ADE-AF0C-1E3EB7C2D16A}.Ad-Hoc|x64.Build.0 = Release|x64
		{2F349FF6-0BB6-4ADE-AF0C-1E3EB7C2D16A}.Ad-Hoc|x64.Deploy.0 = Release|x64
		{2F349FF6-0BB6-4ADE-AF0C-1E3EB7C2D16A}.Ad-Hoc|x86.ActiveCfg = Release|x86
		{2F349FF6-0BB6-4ADE-AF0C-1E3EB7C2D16A}.Ad-Hoc|x86.Build.0 = Release|x86
		{2F349FF6-0BB6-4ADE-AF0C-1E3EB7C2D16A}.Ad-Hoc|x86.Deploy.0 = Release|x86
		{2F349FF6-0BB6-4ADE-AF0C-1E3EB7C2D16A}.AppStore|Any CPU.ActiveCfg = Release|x86
		{2F349FF6-0BB6-4ADE-AF0C-1E3EB7C2D16A}.AppStore|Any CPU.Build.0 = Release|x86
		{2F349FF6-0BB6-4ADE-AF0C-1E3EB7C2D16A}.AppStore|Any CPU.Deploy.0 = Release|x86
		{2F349FF6-0BB6-4ADE-AF0C-1E3EB7C2D16A}.AppStore|ARM.ActiveCfg = Release|ARM
		{2F349FF6-0BB6-4ADE-AF0C-1E3EB7C2D16A}.AppStore|ARM.Build.0 = Release|ARM
		{2F349FF6-0BB6-4ADE-AF0C-1E3EB7C2D16A}.AppStore|ARM.Deploy.0 = Release|ARM
		{2F349FF6-0BB6-4ADE-AF0C-1E3EB7C2D16A}.AppStore|iPhone.ActiveCfg = Release|x86
		{2F349FF6-0BB6-4ADE-AF0C-1E3EB7C2D16A}.AppStore|iPhone.Build.0 = Release|x86
		{2F349FF6-0BB6-4ADE-AF0C-1E3EB7C2D16A}.AppStore|iPhone.Deploy.0 = Release|x86
		{2F349FF6-0BB6-4ADE-AF0C-1E3EB7C2D16A}.AppStore|iPhoneSimulator.ActiveCfg = Release|x86
		{2F349FF6-0BB6-4ADE-AF0C-1E3EB7C2D16A}.AppStore|iPhoneSimulator.Build.0 = Release|x86
		{2F349FF6-0BB6-4ADE-AF0C-1E3EB7C2D16A}.AppStore|iPhoneSimulator.Deploy.0 = Release|x86
		{2F349FF6-0BB6-4ADE-AF0C-1E3EB7C2D16A}.AppStore|x64.ActiveCfg = Release|x64
		{2F349FF6-0BB6-4ADE-AF0C-1E3EB7C2D16A}.AppStore|x64.Build.0 = Release|x64
		{2F349FF6-0BB6-4ADE-AF0C-1E3EB7C2D16A}.AppStore|x64.Deploy.0 = Release|x64
		{2F349FF6-0BB6-4ADE-AF0C-1E3EB7C2D16A}.AppStore|x86.ActiveCfg = Release|x86
		{2F349FF6-0BB6-4ADE-AF0C-1E3EB7C2D16A}.AppStore|x86.Build.0 = Release|x86
		{2F349FF6-0BB6-4ADE-AF0C-1E3EB7C2D16A}.AppStore|x86.Deploy.0 = Release|x86
		{2F349FF6-0BB6-4ADE-AF0C-1E3EB7C2D16A}.Debug|Any CPU.ActiveCfg = Debug|x86
		{2F349FF6-0BB6-4ADE-AF0C-1E3EB7C2D16A}.Debug|Any CPU.Build.0 = Debug|x86
		{2F349FF6-0BB6-4ADE-AF0C-1E3EB7C2D16A}.Debug|Any CPU.Deploy.0 = Debug|x86
		{2F349FF6-0BB6-4ADE-AF0C-1E3EB7C2D16A}.Debug|ARM.ActiveCfg = Debug|ARM
		{2F349FF6-0BB6-4ADE-AF0C-1E3EB7C2D16A}.Debug|ARM.Build.0 = Debug|ARM
		{2F349FF6-0BB6-4ADE-AF0C-1E3EB7C2D16A}.Debug|ARM.Deploy.0 = Debug|ARM
		{2F349FF6-0BB6-4ADE-AF0C-1E3EB7C2D16A}.Debug|iPhone.ActiveCfg = Debug|x86
		{2F349FF6-0BB6-4ADE-AF0C-1E3EB7C2D16A}.Debug|iPhoneSimulator.ActiveCfg = Debug|x86
		{2F349FF6-0BB6-4ADE-AF0C-1E3EB7C2D16A}.Debug|x64.ActiveCfg = Debug|x64
		{2F349FF6-0BB6-4ADE-AF0C-1E3EB7C2D16A}.Debug|x64.Build.0 = Debug|x64
		{2F349FF6-0BB6-4ADE-AF0C-1E3EB7C2D16A}.Debug|x64.Deploy.0 = Debug|x64
		{2F349FF6-0BB6-4ADE-AF0C-1E3EB7C2D16A}.Debug|x86.ActiveCfg = Debug|x86
		{2F349FF6-0BB6-4ADE-AF0C-1E3EB7C2D16A}.Debug|x86.Build.0 = Debug|x86
		{2F349FF6-0BB6-4ADE-AF0C-1E3EB7C2D16A}.Debug|x86.Deploy.0 = Debug|x86
		{2F349FF6-0BB6-4ADE-AF0C-1E3EB7C2D16A}.Release|Any CPU.ActiveCfg = Release|x86
		{2F349FF6-0BB6-4ADE-AF0C-1E3EB7C2D16A}.Release|ARM.ActiveCfg = Release|ARM
		{2F349FF6-0BB6-4ADE-AF0C-1E3EB7C2D16A}.Release|ARM.Build.0 = Release|ARM
		{2F349FF6-0BB6-4ADE-AF0C-1E3EB7C2D16A}.Release|ARM.Deploy.0 = Release|ARM
		{2F349FF6-0BB6-4ADE-AF0C-1E3EB7C2D16A}.Release|iPhone.ActiveCfg = Release|x86
		{2F349FF6-0BB6-4ADE-AF0C-1E3EB7C2D16A}.Release|iPhoneSimulator.ActiveCfg = Release|x86
		{2F349FF6-0BB6-4ADE-AF0C-1E3EB7C2D16A}.Release|x64.ActiveCfg = Release|x64
		{2F349FF6-0BB6-4ADE-AF0C-1E3EB7C2D16A}.Release|x64.Build.0 = Release|x64
		{2F349FF6-0BB6-4ADE-AF0C-1E3EB7C2D16A}.Release|x64.Deploy.0 = Release|x64
		{2F349FF6-0BB6-4ADE-AF0C-1E3EB7C2D16A}.Release|x86.ActiveCfg = Release|x86
		{2F349FF6-0BB6-4ADE-AF0C-1E3EB7C2D16A}.Release|x86.Build.0 = Release|x86
		{2F349FF6-0BB6-4ADE-AF0C-1E3EB7C2D16A}.Release|x86.Deploy.0 = Release|x86
	EndGlobalSection
	GlobalSection(SolutionProperties) = preSolution
		HideSolutionNode = FALSE
	EndGlobalSection
EndGlobal
