
Microsoft Visual Studio Solution File, Format Version 12.00
# Visual Studio 14
VisualStudioVersion = 14.0.23107.0
MinimumVisualStudioVersion = 10.0.40219.1
Project("{FAE04EC0-301F-11D3-BF4B-00C04F79EFBC}") = "XF_VisualBasic.iOS", "XF_VisualBasic\XF_VisualBasic.iOS\XF_VisualBasic.iOS.csproj", "{4FB70180-B68D-4D0A-AA76-88C7725B1B70}"
EndProject
Project("{FAE04EC0-301F-11D3-BF4B-00C04F79EFBC}") = "XF_VisualBasic.Droid", "XF_VisualBasic\XF_VisualBasic.Droid\XF_VisualBasic.Droid.csproj", "{0246A689-B9FF-4871-8973-0069C28211B1}"
EndProject
Project("{FAE04EC0-301F-11D3-BF4B-00C04F79EFBC}") = "XF_VisualBasic.WinPhone", "XF_VisualBasic\XF_VisualBasic.WinPhone\XF_VisualBasic.WinPhone.csproj", "{EBC6A218-801F-418E-AB44-FE0E38DB7842}"
EndProject
Project("{F184B08F-C81C-45F6-A57F-5ABD9991F28F}") = "XF_VisualBasic", "XF_VisualBasic\XF_VisualBasic\XF_VisualBasic.vbproj", "{341F6200-3E4B-45C4-93F7-8560D053D4FD}"
EndProject
Global
	GlobalSection(SolutionConfigurationPlatforms) = preSolution
		Ad-Hoc|Any CPU = Ad-Hoc|Any CPU
		Ad-Hoc|ARM = Ad-Hoc|ARM
		Ad-Hoc|iPhone = Ad-Hoc|iPhone
		Ad-Hoc|iPhoneSimulator = Ad-Hoc|iPhoneSimulator
		Ad-Hoc|x86 = Ad-Hoc|x86
		AppStore|Any CPU = AppStore|Any CPU
		AppStore|ARM = AppStore|ARM
		AppStore|iPhone = AppStore|iPhone
		AppStore|iPhoneSimulator = AppStore|iPhoneSimulator
		AppStore|x86 = AppStore|x86
		Debug|Any CPU = Debug|Any CPU
		Debug|ARM = Debug|ARM
		Debug|iPhone = Debug|iPhone
		Debug|iPhoneSimulator = Debug|iPhoneSimulator
		Debug|x86 = Debug|x86
		Release|Any CPU = Release|Any CPU
		Release|ARM = Release|ARM
		Release|iPhone = Release|iPhone
		Release|iPhoneSimulator = Release|iPhoneSimulator
		Release|x86 = Release|x86
	EndGlobalSection
	GlobalSection(ProjectConfigurationPlatforms) = postSolution
		{4FB70180-B68D-4D0A-AA76-88C7725B1B70}.Ad-Hoc|Any CPU.ActiveCfg = Ad-Hoc|iPhone
		{4FB70180-B68D-4D0A-AA76-88C7725B1B70}.Ad-Hoc|ARM.ActiveCfg = Ad-Hoc|iPhone
		{4FB70180-B68D-4D0A-AA76-88C7725B1B70}.Ad-Hoc|iPhone.ActiveCfg = Ad-Hoc|iPhone
		{4FB70180-B68D-4D0A-AA76-88C7725B1B70}.Ad-Hoc|iPhone.Build.0 = Ad-Hoc|iPhone
		{4FB70180-B68D-4D0A-AA76-88C7725B1B70}.Ad-Hoc|iPhoneSimulator.ActiveCfg = Ad-Hoc|iPhoneSimulator
		{4FB70180-B68D-4D0A-AA76-88C7725B1B70}.Ad-Hoc|iPhoneSimulator.Build.0 = Ad-Hoc|iPhoneSimulator
		{4FB70180-B68D-4D0A-AA76-88C7725B1B70}.Ad-Hoc|x86.ActiveCfg = Ad-Hoc|iPhone
		{4FB70180-B68D-4D0A-AA76-88C7725B1B70}.AppStore|Any CPU.ActiveCfg = AppStore|iPhone
		{4FB70180-B68D-4D0A-AA76-88C7725B1B70}.AppStore|ARM.ActiveCfg = AppStore|iPhone
		{4FB70180-B68D-4D0A-AA76-88C7725B1B70}.AppStore|iPhone.ActiveCfg = AppStore|iPhone
		{4FB70180-B68D-4D0A-AA76-88C7725B1B70}.AppStore|iPhone.Build.0 = AppStore|iPhone
		{4FB70180-B68D-4D0A-AA76-88C7725B1B70}.AppStore|iPhoneSimulator.ActiveCfg = AppStore|iPhoneSimulator
		{4FB70180-B68D-4D0A-AA76-88C7725B1B70}.AppStore|iPhoneSimulator.Build.0 = AppStore|iPhoneSimulator
		{4FB70180-B68D-4D0A-AA76-88C7725B1B70}.AppStore|x86.ActiveCfg = AppStore|iPhone
		{4FB70180-B68D-4D0A-AA76-88C7725B1B70}.Debug|Any CPU.ActiveCfg = Debug|iPhone
		{4FB70180-B68D-4D0A-AA76-88C7725B1B70}.Debug|ARM.ActiveCfg = Debug|iPhone
		{4FB70180-B68D-4D0A-AA76-88C7725B1B70}.Debug|iPhone.ActiveCfg = Debug|iPhone
		{4FB70180-B68D-4D0A-AA76-88C7725B1B70}.Debug|iPhone.Build.0 = Debug|iPhone
		{4FB70180-B68D-4D0A-AA76-88C7725B1B70}.Debug|iPhoneSimulator.ActiveCfg = Debug|iPhoneSimulator
		{4FB70180-B68D-4D0A-AA76-88C7725B1B70}.Debug|iPhoneSimulator.Build.0 = Debug|iPhoneSimulator
		{4FB70180-B68D-4D0A-AA76-88C7725B1B70}.Debug|x86.ActiveCfg = Debug|iPhone
		{4FB70180-B68D-4D0A-AA76-88C7725B1B70}.Release|Any CPU.ActiveCfg = Release|iPhone
		{4FB70180-B68D-4D0A-AA76-88C7725B1B70}.Release|ARM.ActiveCfg = Release|iPhone
		{4FB70180-B68D-4D0A-AA76-88C7725B1B70}.Release|iPhone.ActiveCfg = Release|iPhone
		{4FB70180-B68D-4D0A-AA76-88C7725B1B70}.Release|iPhone.Build.0 = Release|iPhone
		{4FB70180-B68D-4D0A-AA76-88C7725B1B70}.Release|iPhoneSimulator.ActiveCfg = Release|iPhoneSimulator
		{4FB70180-B68D-4D0A-AA76-88C7725B1B70}.Release|iPhoneSimulator.Build.0 = Release|iPhoneSimulator
		{4FB70180-B68D-4D0A-AA76-88C7725B1B70}.Release|x86.ActiveCfg = Release|iPhone
		{0246A689-B9FF-4871-8973-0069C28211B1}.Ad-Hoc|Any CPU.ActiveCfg = Release|Any CPU
		{0246A689-B9FF-4871-8973-0069C28211B1}.Ad-Hoc|Any CPU.Build.0 = Release|Any CPU
		{0246A689-B9FF-4871-8973-0069C28211B1}.Ad-Hoc|Any CPU.Deploy.0 = Release|Any CPU
		{0246A689-B9FF-4871-8973-0069C28211B1}.Ad-Hoc|ARM.ActiveCfg = Release|Any CPU
		{0246A689-B9FF-4871-8973-0069C28211B1}.Ad-Hoc|ARM.Build.0 = Release|Any CPU
		{0246A689-B9FF-4871-8973-0069C28211B1}.Ad-Hoc|ARM.Deploy.0 = Release|Any CPU
		{0246A689-B9FF-4871-8973-0069C28211B1}.Ad-Hoc|iPhone.ActiveCfg = Release|Any CPU
		{0246A689-B9FF-4871-8973-0069C28211B1}.Ad-Hoc|iPhone.Build.0 = Release|Any CPU
		{0246A689-B9FF-4871-8973-0069C28211B1}.Ad-Hoc|iPhone.Deploy.0 = Release|Any CPU
		{0246A689-B9FF-4871-8973-0069C28211B1}.Ad-Hoc|iPhoneSimulator.ActiveCfg = Release|Any CPU
		{0246A689-B9FF-4871-8973-0069C28211B1}.Ad-Hoc|iPhoneSimulator.Build.0 = Release|Any CPU
		{0246A689-B9FF-4871-8973-0069C28211B1}.Ad-Hoc|iPhoneSimulator.Deploy.0 = Release|Any CPU
		{0246A689-B9FF-4871-8973-0069C28211B1}.Ad-Hoc|x86.ActiveCfg = Release|Any CPU
		{0246A689-B9FF-4871-8973-0069C28211B1}.Ad-Hoc|x86.Build.0 = Release|Any CPU
		{0246A689-B9FF-4871-8973-0069C28211B1}.Ad-Hoc|x86.Deploy.0 = Release|Any CPU
		{0246A689-B9FF-4871-8973-0069C28211B1}.AppStore|Any CPU.ActiveCfg = Release|Any CPU
		{0246A689-B9FF-4871-8973-0069C28211B1}.AppStore|Any CPU.Build.0 = Release|Any CPU
		{0246A689-B9FF-4871-8973-0069C28211B1}.AppStore|Any CPU.Deploy.0 = Release|Any CPU
		{0246A689-B9FF-4871-8973-0069C28211B1}.AppStore|ARM.ActiveCfg = Release|Any CPU
		{0246A689-B9FF-4871-8973-0069C28211B1}.AppStore|ARM.Build.0 = Release|Any CPU
		{0246A689-B9FF-4871-8973-0069C28211B1}.AppStore|ARM.Deploy.0 = Release|Any CPU
		{0246A689-B9FF-4871-8973-0069C28211B1}.AppStore|iPhone.ActiveCfg = Release|Any CPU
		{0246A689-B9FF-4871-8973-0069C28211B1}.AppStore|iPhone.Build.0 = Release|Any CPU
		{0246A689-B9FF-4871-8973-0069C28211B1}.AppStore|iPhone.Deploy.0 = Release|Any CPU
		{0246A689-B9FF-4871-8973-0069C28211B1}.AppStore|iPhoneSimulator.ActiveCfg = Release|Any CPU
		{0246A689-B9FF-4871-8973-0069C28211B1}.AppStore|iPhoneSimulator.Build.0 = Release|Any CPU
		{0246A689-B9FF-4871-8973-0069C28211B1}.AppStore|iPhoneSimulator.Deploy.0 = Release|Any CPU
		{0246A689-B9FF-4871-8973-0069C28211B1}.AppStore|x86.ActiveCfg = Release|Any CPU
		{0246A689-B9FF-4871-8973-0069C28211B1}.AppStore|x86.Build.0 = Release|Any CPU
		{0246A689-B9FF-4871-8973-0069C28211B1}.AppStore|x86.Deploy.0 = Release|Any CPU
		{0246A689-B9FF-4871-8973-0069C28211B1}.Debug|Any CPU.ActiveCfg = Debug|Any CPU
		{0246A689-B9FF-4871-8973-0069C28211B1}.Debug|Any CPU.Build.0 = Debug|Any CPU
		{0246A689-B9FF-4871-8973-0069C28211B1}.Debug|Any CPU.Deploy.0 = Debug|Any CPU
		{0246A689-B9FF-4871-8973-0069C28211B1}.Debug|ARM.ActiveCfg = Debug|Any CPU
		{0246A689-B9FF-4871-8973-0069C28211B1}.Debug|ARM.Build.0 = Debug|Any CPU
		{0246A689-B9FF-4871-8973-0069C28211B1}.Debug|ARM.Deploy.0 = Debug|Any CPU
		{0246A689-B9FF-4871-8973-0069C28211B1}.Debug|iPhone.ActiveCfg = Debug|Any CPU
		{0246A689-B9FF-4871-8973-0069C28211B1}.Debug|iPhone.Build.0 = Debug|Any CPU
		{0246A689-B9FF-4871-8973-0069C28211B1}.Debug|iPhone.Deploy.0 = Debug|Any CPU
		{0246A689-B9FF-4871-8973-0069C28211B1}.Debug|iPhoneSimulator.ActiveCfg = Debug|Any CPU
		{0246A689-B9FF-4871-8973-0069C28211B1}.Debug|iPhoneSimulator.Build.0 = Debug|Any CPU
		{0246A689-B9FF-4871-8973-0069C28211B1}.Debug|iPhoneSimulator.Deploy.0 = Debug|Any CPU
		{0246A689-B9FF-4871-8973-0069C28211B1}.Debug|x86.ActiveCfg = Debug|Any CPU
		{0246A689-B9FF-4871-8973-0069C28211B1}.Debug|x86.Build.0 = Debug|Any CPU
		{0246A689-B9FF-4871-8973-0069C28211B1}.Debug|x86.Deploy.0 = Debug|Any CPU
		{0246A689-B9FF-4871-8973-0069C28211B1}.Release|Any CPU.ActiveCfg = Release|Any CPU
		{0246A689-B9FF-4871-8973-0069C28211B1}.Release|Any CPU.Build.0 = Release|Any CPU
		{0246A689-B9FF-4871-8973-0069C28211B1}.Release|Any CPU.Deploy.0 = Release|Any CPU
		{0246A689-B9FF-4871-8973-0069C28211B1}.Release|ARM.ActiveCfg = Release|Any CPU
		{0246A689-B9FF-4871-8973-0069C28211B1}.Release|ARM.Build.0 = Release|Any CPU
		{0246A689-B9FF-4871-8973-0069C28211B1}.Release|ARM.Deploy.0 = Release|Any CPU
		{0246A689-B9FF-4871-8973-0069C28211B1}.Release|iPhone.ActiveCfg = Release|Any CPU
		{0246A689-B9FF-4871-8973-0069C28211B1}.Release|iPhone.Build.0 = Release|Any CPU
		{0246A689-B9FF-4871-8973-0069C28211B1}.Release|iPhone.Deploy.0 = Release|Any CPU
		{0246A689-B9FF-4871-8973-0069C28211B1}.Release|iPhoneSimulator.ActiveCfg = Release|Any CPU
		{0246A689-B9FF-4871-8973-0069C28211B1}.Release|iPhoneSimulator.Build.0 = Release|Any CPU
		{0246A689-B9FF-4871-8973-0069C28211B1}.Release|iPhoneSimulator.Deploy.0 = Release|Any CPU
		{0246A689-B9FF-4871-8973-0069C28211B1}.Release|x86.ActiveCfg = Release|Any CPU
		{0246A689-B9FF-4871-8973-0069C28211B1}.Release|x86.Build.0 = Release|Any CPU
		{0246A689-B9FF-4871-8973-0069C28211B1}.Release|x86.Deploy.0 = Release|Any CPU
		{EBC6A218-801F-418E-AB44-FE0E38DB7842}.Ad-Hoc|Any CPU.ActiveCfg = Release|Any CPU
		{EBC6A218-801F-418E-AB44-FE0E38DB7842}.Ad-Hoc|Any CPU.Build.0 = Release|Any CPU
		{EBC6A218-801F-418E-AB44-FE0E38DB7842}.Ad-Hoc|Any CPU.Deploy.0 = Release|Any CPU
		{EBC6A218-801F-418E-AB44-FE0E38DB7842}.Ad-Hoc|ARM.ActiveCfg = Release|ARM
		{EBC6A218-801F-418E-AB44-FE0E38DB7842}.Ad-Hoc|ARM.Build.0 = Release|ARM
		{EBC6A218-801F-418E-AB44-FE0E38DB7842}.Ad-Hoc|ARM.Deploy.0 = Release|ARM
		{EBC6A218-801F-418E-AB44-FE0E38DB7842}.Ad-Hoc|iPhone.ActiveCfg = Release|Any CPU
		{EBC6A218-801F-418E-AB44-FE0E38DB7842}.Ad-Hoc|iPhone.Build.0 = Release|Any CPU
		{EBC6A218-801F-418E-AB44-FE0E38DB7842}.Ad-Hoc|iPhone.Deploy.0 = Release|Any CPU
		{EBC6A218-801F-418E-AB44-FE0E38DB7842}.Ad-Hoc|iPhoneSimulator.ActiveCfg = Release|Any CPU
		{EBC6A218-801F-418E-AB44-FE0E38DB7842}.Ad-Hoc|iPhoneSimulator.Build.0 = Release|Any CPU
		{EBC6A218-801F-418E-AB44-FE0E38DB7842}.Ad-Hoc|iPhoneSimulator.Deploy.0 = Release|Any CPU
		{EBC6A218-801F-418E-AB44-FE0E38DB7842}.Ad-Hoc|x86.ActiveCfg = Release|x86
		{EBC6A218-801F-418E-AB44-FE0E38DB7842}.Ad-Hoc|x86.Build.0 = Release|x86
		{EBC6A218-801F-418E-AB44-FE0E38DB7842}.Ad-Hoc|x86.Deploy.0 = Release|x86
		{EBC6A218-801F-418E-AB44-FE0E38DB7842}.AppStore|Any CPU.ActiveCfg = Release|Any CPU
		{EBC6A218-801F-418E-AB44-FE0E38DB7842}.AppStore|Any CPU.Build.0 = Release|Any CPU
		{EBC6A218-801F-418E-AB44-FE0E38DB7842}.AppStore|Any CPU.Deploy.0 = Release|Any CPU
		{EBC6A218-801F-418E-AB44-FE0E38DB7842}.AppStore|ARM.ActiveCfg = Release|ARM
		{EBC6A218-801F-418E-AB44-FE0E38DB7842}.AppStore|ARM.Build.0 = Release|ARM
		{EBC6A218-801F-418E-AB44-FE0E38DB7842}.AppStore|ARM.Deploy.0 = Release|ARM
		{EBC6A218-801F-418E-AB44-FE0E38DB7842}.AppStore|iPhone.ActiveCfg = Release|Any CPU
		{EBC6A218-801F-418E-AB44-FE0E38DB7842}.AppStore|iPhone.Build.0 = Release|Any CPU
		{EBC6A218-801F-418E-AB44-FE0E38DB7842}.AppStore|iPhone.Deploy.0 = Release|Any CPU
		{EBC6A218-801F-418E-AB44-FE0E38DB7842}.AppStore|iPhoneSimulator.ActiveCfg = Release|Any CPU
		{EBC6A218-801F-418E-AB44-FE0E38DB7842}.AppStore|iPhoneSimulator.Build.0 = Release|Any CPU
		{EBC6A218-801F-418E-AB44-FE0E38DB7842}.AppStore|iPhoneSimulator.Deploy.0 = Release|Any CPU
		{EBC6A218-801F-418E-AB44-FE0E38DB7842}.AppStore|x86.ActiveCfg = Release|x86
		{EBC6A218-801F-418E-AB44-FE0E38DB7842}.AppStore|x86.Build.0 = Release|x86
		{EBC6A218-801F-418E-AB44-FE0E38DB7842}.AppStore|x86.Deploy.0 = Release|x86
		{EBC6A218-801F-418E-AB44-FE0E38DB7842}.Debug|Any CPU.ActiveCfg = Debug|Any CPU
		{EBC6A218-801F-418E-AB44-FE0E38DB7842}.Debug|Any CPU.Build.0 = Debug|Any CPU
		{EBC6A218-801F-418E-AB44-FE0E38DB7842}.Debug|Any CPU.Deploy.0 = Debug|Any CPU
		{EBC6A218-801F-418E-AB44-FE0E38DB7842}.Debug|ARM.ActiveCfg = Debug|ARM
		{EBC6A218-801F-418E-AB44-FE0E38DB7842}.Debug|ARM.Build.0 = Debug|ARM
		{EBC6A218-801F-418E-AB44-FE0E38DB7842}.Debug|ARM.Deploy.0 = Debug|ARM
		{EBC6A218-801F-418E-AB44-FE0E38DB7842}.Debug|iPhone.ActiveCfg = Debug|Any CPU
		{EBC6A218-801F-418E-AB44-FE0E38DB7842}.Debug|iPhone.Build.0 = Debug|Any CPU
		{EBC6A218-801F-418E-AB44-FE0E38DB7842}.Debug|iPhone.Deploy.0 = Debug|Any CPU
		{EBC6A218-801F-418E-AB44-FE0E38DB7842}.Debug|iPhoneSimulator.ActiveCfg = Debug|Any CPU
		{EBC6A218-801F-418E-AB44-FE0E38DB7842}.Debug|iPhoneSimulator.Build.0 = Debug|Any CPU
		{EBC6A218-801F-418E-AB44-FE0E38DB7842}.Debug|iPhoneSimulator.Deploy.0 = Debug|Any CPU
		{EBC6A218-801F-418E-AB44-FE0E38DB7842}.Debug|x86.ActiveCfg = Debug|x86
		{EBC6A218-801F-418E-AB44-FE0E38DB7842}.Debug|x86.Build.0 = Debug|x86
		{EBC6A218-801F-418E-AB44-FE0E38DB7842}.Debug|x86.Deploy.0 = Debug|x86
		{EBC6A218-801F-418E-AB44-FE0E38DB7842}.Release|Any CPU.ActiveCfg = Release|Any CPU
		{EBC6A218-801F-418E-AB44-FE0E38DB7842}.Release|Any CPU.Build.0 = Release|Any CPU
		{EBC6A218-801F-418E-AB44-FE0E38DB7842}.Release|Any CPU.Deploy.0 = Release|Any CPU
		{EBC6A218-801F-418E-AB44-FE0E38DB7842}.Release|ARM.ActiveCfg = Release|ARM
		{EBC6A218-801F-418E-AB44-FE0E38DB7842}.Release|ARM.Build.0 = Release|ARM
		{EBC6A218-801F-418E-AB44-FE0E38DB7842}.Release|ARM.Deploy.0 = Release|ARM
		{EBC6A218-801F-418E-AB44-FE0E38DB7842}.Release|iPhone.ActiveCfg = Release|Any CPU
		{EBC6A218-801F-418E-AB44-FE0E38DB7842}.Release|iPhone.Build.0 = Release|Any CPU
		{EBC6A218-801F-418E-AB44-FE0E38DB7842}.Release|iPhone.Deploy.0 = Release|Any CPU
		{EBC6A218-801F-418E-AB44-FE0E38DB7842}.Release|iPhoneSimulator.ActiveCfg = Release|Any CPU
		{EBC6A218-801F-418E-AB44-FE0E38DB7842}.Release|iPhoneSimulator.Build.0 = Release|Any CPU
		{EBC6A218-801F-418E-AB44-FE0E38DB7842}.Release|iPhoneSimulator.Deploy.0 = Release|Any CPU
		{EBC6A218-801F-418E-AB44-FE0E38DB7842}.Release|x86.ActiveCfg = Release|x86
		{EBC6A218-801F-418E-AB44-FE0E38DB7842}.Release|x86.Build.0 = Release|x86
		{EBC6A218-801F-418E-AB44-FE0E38DB7842}.Release|x86.Deploy.0 = Release|x86
		{341F6200-3E4B-45C4-93F7-8560D053D4FD}.Ad-Hoc|Any CPU.ActiveCfg = Release|Any CPU
		{341F6200-3E4B-45C4-93F7-8560D053D4FD}.Ad-Hoc|Any CPU.Build.0 = Release|Any CPU
		{341F6200-3E4B-45C4-93F7-8560D053D4FD}.Ad-Hoc|ARM.ActiveCfg = Release|Any CPU
		{341F6200-3E4B-45C4-93F7-8560D053D4FD}.Ad-Hoc|ARM.Build.0 = Release|Any CPU
		{341F6200-3E4B-45C4-93F7-8560D053D4FD}.Ad-Hoc|iPhone.ActiveCfg = Release|Any CPU
		{341F6200-3E4B-45C4-93F7-8560D053D4FD}.Ad-Hoc|iPhone.Build.0 = Release|Any CPU
		{341F6200-3E4B-45C4-93F7-8560D053D4FD}.Ad-Hoc|iPhoneSimulator.ActiveCfg = Release|Any CPU
		{341F6200-3E4B-45C4-93F7-8560D053D4FD}.Ad-Hoc|iPhoneSimulator.Build.0 = Release|Any CPU
		{341F6200-3E4B-45C4-93F7-8560D053D4FD}.Ad-Hoc|x86.ActiveCfg = Release|Any CPU
		{341F6200-3E4B-45C4-93F7-8560D053D4FD}.Ad-Hoc|x86.Build.0 = Release|Any CPU
		{341F6200-3E4B-45C4-93F7-8560D053D4FD}.AppStore|Any CPU.ActiveCfg = Release|Any CPU
		{341F6200-3E4B-45C4-93F7-8560D053D4FD}.AppStore|Any CPU.Build.0 = Release|Any CPU
		{341F6200-3E4B-45C4-93F7-8560D053D4FD}.AppStore|ARM.ActiveCfg = Release|Any CPU
		{341F6200-3E4B-45C4-93F7-8560D053D4FD}.AppStore|ARM.Build.0 = Release|Any CPU
		{341F6200-3E4B-45C4-93F7-8560D053D4FD}.AppStore|iPhone.ActiveCfg = Release|Any CPU
		{341F6200-3E4B-45C4-93F7-8560D053D4FD}.AppStore|iPhone.Build.0 = Release|Any CPU
		{341F6200-3E4B-45C4-93F7-8560D053D4FD}.AppStore|iPhoneSimulator.ActiveCfg = Release|Any CPU
		{341F6200-3E4B-45C4-93F7-8560D053D4FD}.AppStore|iPhoneSimulator.Build.0 = Release|Any CPU
		{341F6200-3E4B-45C4-93F7-8560D053D4FD}.AppStore|x86.ActiveCfg = Release|Any CPU
		{341F6200-3E4B-45C4-93F7-8560D053D4FD}.AppStore|x86.Build.0 = Release|Any CPU
		{341F6200-3E4B-45C4-93F7-8560D053D4FD}.Debug|Any CPU.ActiveCfg = Debug|Any CPU
		{341F6200-3E4B-45C4-93F7-8560D053D4FD}.Debug|Any CPU.Build.0 = Debug|Any CPU
		{341F6200-3E4B-45C4-93F7-8560D053D4FD}.Debug|ARM.ActiveCfg = Debug|Any CPU
		{341F6200-3E4B-45C4-93F7-8560D053D4FD}.Debug|ARM.Build.0 = Debug|Any CPU
		{341F6200-3E4B-45C4-93F7-8560D053D4FD}.Debug|iPhone.ActiveCfg = Debug|Any CPU
		{341F6200-3E4B-45C4-93F7-8560D053D4FD}.Debug|iPhone.Build.0 = Debug|Any CPU
		{341F6200-3E4B-45C4-93F7-8560D053D4FD}.Debug|iPhoneSimulator.ActiveCfg = Debug|Any CPU
		{341F6200-3E4B-45C4-93F7-8560D053D4FD}.Debug|iPhoneSimulator.Build.0 = Debug|Any CPU
		{341F6200-3E4B-45C4-93F7-8560D053D4FD}.Debug|x86.ActiveCfg = Debug|Any CPU
		{341F6200-3E4B-45C4-93F7-8560D053D4FD}.Debug|x86.Build.0 = Debug|Any CPU
		{341F6200-3E4B-45C4-93F7-8560D053D4FD}.Release|Any CPU.ActiveCfg = Release|Any CPU
		{341F6200-3E4B-45C4-93F7-8560D053D4FD}.Release|Any CPU.Build.0 = Release|Any CPU
		{341F6200-3E4B-45C4-93F7-8560D053D4FD}.Release|ARM.ActiveCfg = Release|Any CPU
		{341F6200-3E4B-45C4-93F7-8560D053D4FD}.Release|ARM.Build.0 = Release|Any CPU
		{341F6200-3E4B-45C4-93F7-8560D053D4FD}.Release|iPhone.ActiveCfg = Release|Any CPU
		{341F6200-3E4B-45C4-93F7-8560D053D4FD}.Release|iPhone.Build.0 = Release|Any CPU
		{341F6200-3E4B-45C4-93F7-8560D053D4FD}.Release|iPhoneSimulator.ActiveCfg = Release|Any CPU
		{341F6200-3E4B-45C4-93F7-8560D053D4FD}.Release|iPhoneSimulator.Build.0 = Release|Any CPU
		{341F6200-3E4B-45C4-93F7-8560D053D4FD}.Release|x86.ActiveCfg = Release|Any CPU
		{341F6200-3E4B-45C4-93F7-8560D053D4FD}.Release|x86.Build.0 = Release|Any CPU
	EndGlobalSection
	GlobalSection(SolutionProperties) = preSolution
		HideSolutionNode = FALSE
	EndGlobalSection
EndGlobal
